
Microsoft Visual Studio Solution File, Format Version 12.00
# Visual Studio Version 17
VisualStudioVersion = 17.5.33516.290
MinimumVisualStudioVersion = 10.0.40219.1
Project("{8BC9CEB8-8B4A-11D0-8D11-00A0C91BC942}") = "Bai001", "Bai001\Bai001.vcxproj", "{AE891D3A-5FB8-4F75-AF20-97812D7C208A}"
EndProject
Project("{8BC9CEB8-8B4A-11D0-8D11-00A0C91BC942}") = "Bai002", "Bai002\Bai002.vcxproj", "{62D999D1-12AD-451A-9A9D-5B65CC25B809}"
EndProject
Project("{8BC9CEB8-8B4A-11D0-8D11-00A0C91BC942}") = "Bai003", "Bai003\Bai003.vcxproj", "{E727A96D-045C-46E0-B99B-16FE1D0CBD81}"
EndProject
Project("{8BC9CEB8-8B4A-11D0-8D11-00A0C91BC942}") = "Bai004", "Bai004\Bai004.vcxproj", "{E17843D0-5DF0-405B-AD8B-9B9DE1E7A159}"
EndProject
Project("{8BC9CEB8-8B4A-11D0-8D11-00A0C91BC942}") = "Bai005-Tien", "Bai005-Tien\Bai005-Tien.vcxproj", "{F2B16DF3-D448-4C5B-969C-95CA4F2C9AA8}"
EndProject
Project("{8BC9CEB8-8B4A-11D0-8D11-00A0C91BC942}") = "Bai011-Tien", "Bai011-Tien\Bai011-Tien.vcxproj", "{F8D6D6B5-3206-490F-88FC-2A672BE1A016}"
EndProject
Project("{8BC9CEB8-8B4A-11D0-8D11-00A0C91BC942}") = "Bai017-Tien", "Bai017-Tien\Bai017-Tien.vcxproj", "{0E94CA12-619A-4511-A413-A8C94886BA00}"
EndProject
Project("{8BC9CEB8-8B4A-11D0-8D11-00A0C91BC942}") = "Bai023-Tien", "Bai023-Tien\Bai023-Tien.vcxproj", "{074D3B0A-4328-41D2-987D-03626A9081BE}"
EndProject
Project("{8BC9CEB8-8B4A-11D0-8D11-00A0C91BC942}") = "Bai029-Tien", "Bai029-Tien\Bai029-Tien.vcxproj", "{12CFCE32-599D-4CB9-8DE9-03CCB6B5543A}"
EndProject
Project("{8BC9CEB8-8B4A-11D0-8D11-00A0C91BC942}") = "Bai035-Tien", "Bai035-Tien\Bai035-Tien.vcxproj", "{AA271FD2-1FFB-4665-8D0B-48DFA5880D20}"
EndProject
Project("{8BC9CEB8-8B4A-11D0-8D11-00A0C91BC942}") = "Bai041-Tien", "Bai041-Tien\Bai041-Tien.vcxproj", "{AA77CEE0-FF07-46CA-AEFB-003DFAA4B85D}"
EndProject
Project("{8BC9CEB8-8B4A-11D0-8D11-00A0C91BC942}") = "Bai050-Tien", "Bai050-Tien\Bai050-Tien.vcxproj", "{B91B1A87-4617-4FC1-9AD8-3B7B9236B9C4}"
EndProject
Project("{8BC9CEB8-8B4A-11D0-8D11-00A0C91BC942}") = "Bai056-Tien", "Bai056-Tien\Bai056-Tien.vcxproj", "{E4DB4D07-57A0-4E9A-AB61-6ECD75F82097}"
EndProject
Project("{8BC9CEB8-8B4A-11D0-8D11-00A0C91BC942}") = "Bai062-Tien", "Bai062-Tien\Bai062-Tien.vcxproj", "{AD74A58B-6008-4625-B005-6651CE703F41}"
EndProject
Project("{8BC9CEB8-8B4A-11D0-8D11-00A0C91BC942}") = "Bai004-Bao", "Bai004-Bao\Bai004-Bao.vcxproj", "{07D16AEE-C667-4422-B7F2-0709838711A3}"
EndProject
Project("{8BC9CEB8-8B4A-11D0-8D11-00A0C91BC942}") = "Bai010-Bao", "Bai010-Bao\Bai010-Bao.vcxproj", "{0E26C12C-BD09-4D10-BBFF-F3BDE26BDB7A}"
EndProject
Project("{8BC9CEB8-8B4A-11D0-8D11-00A0C91BC942}") = "Bai016-Bao", "Bai016-Bao\Bai016-Bao.vcxproj", "{63450675-F382-4A54-AC10-4ECB23730379}"
EndProject
Project("{8BC9CEB8-8B4A-11D0-8D11-00A0C91BC942}") = "Bai002-Ngoc", "Bai002-Ngoc\Bai002-Ngoc.vcxproj", "{AC801FAB-158E-4B6B-8BCE-1BFCDF5C200D}"
EndProject
Project("{8BC9CEB8-8B4A-11D0-8D11-00A0C91BC942}") = "Bai008-Ngoc", "Bai008-Ngoc\Bai008-Ngoc.vcxproj", "{A7589A7E-E62B-4388-A48F-15B44ACC448C}"
EndProject
Project("{8BC9CEB8-8B4A-11D0-8D11-00A0C91BC942}") = "Bai014-Ngoc", "Bai014-Ngoc\Bai014-Ngoc.vcxproj", "{71772D07-E428-47D0-BA95-987B159CB55D}"
EndProject
Project("{8BC9CEB8-8B4A-11D0-8D11-00A0C91BC942}") = "Bai020-Ngoc", "Bai020-Ngoc\Bai020-Ngoc.vcxproj", "{59C2D5D6-41B2-4E27-B090-7B3F6ECF533F}"
EndProject
Project("{8BC9CEB8-8B4A-11D0-8D11-00A0C91BC942}") = "Bai026-Ngoc", "Bai026-Ngoc\Bai026-Ngoc.vcxproj", "{9B7F1B55-34EC-448E-981F-1DF5BAD615E7}"
EndProject
Project("{8BC9CEB8-8B4A-11D0-8D11-00A0C91BC942}") = "Bai032-Ngoc", "Bai032-Ngoc\Bai032-Ngoc.vcxproj", "{EA0AA2E7-7EE4-49D7-A279-3ECD1389F380}"
EndProject
Project("{8BC9CEB8-8B4A-11D0-8D11-00A0C91BC942}") = "Bai038-Ngoc", "Bai038-Ngoc\Bai038-Ngoc.vcxproj", "{7D9CF459-5CAE-4C25-A3E1-F82BE7E6818D}"
EndProject
Project("{8BC9CEB8-8B4A-11D0-8D11-00A0C91BC942}") = "Bai044-Ngoc", "Bai044-Ngoc\Bai044-Ngoc.vcxproj", "{606BFECB-F088-41A3-B669-1C74C310DDB0}"
EndProject
Project("{8BC9CEB8-8B4A-11D0-8D11-00A0C91BC942}") = "Bai053-Ngoc", "Bai053-Ngoc\Bai053-Ngoc.vcxproj", "{1A3BAAF2-86EC-4BEE-A4C2-993ECFA49DAF}"
EndProject
Project("{8BC9CEB8-8B4A-11D0-8D11-00A0C91BC942}") = "Bai059-Ngoc", "Bai059-Ngoc\Bai059-Ngoc.vcxproj", "{977AEA45-2A88-4815-AF9D-A6ED6F447487}"
EndProject
Project("{8BC9CEB8-8B4A-11D0-8D11-00A0C91BC942}") = "Bai046-Ngoc", "Bai046-Ngoc\Bai046-Ngoc.vcxproj", "{679273AF-EA8C-429C-BEF6-5BE48B86804C}"
EndProject
Global
	GlobalSection(SolutionConfigurationPlatforms) = preSolution
		Debug|x64 = Debug|x64
		Debug|x86 = Debug|x86
		Release|x64 = Release|x64
		Release|x86 = Release|x86
	EndGlobalSection
	GlobalSection(ProjectConfigurationPlatforms) = postSolution
		{AE891D3A-5FB8-4F75-AF20-97812D7C208A}.Debug|x64.ActiveCfg = Debug|x64
		{AE891D3A-5FB8-4F75-AF20-97812D7C208A}.Debug|x64.Build.0 = Debug|x64
		{AE891D3A-5FB8-4F75-AF20-97812D7C208A}.Debug|x86.ActiveCfg = Debug|Win32
		{AE891D3A-5FB8-4F75-AF20-97812D7C208A}.Debug|x86.Build.0 = Debug|Win32
		{AE891D3A-5FB8-4F75-AF20-97812D7C208A}.Release|x64.ActiveCfg = Release|x64
		{AE891D3A-5FB8-4F75-AF20-97812D7C208A}.Release|x64.Build.0 = Release|x64
		{AE891D3A-5FB8-4F75-AF20-97812D7C208A}.Release|x86.ActiveCfg = Release|Win32
		{AE891D3A-5FB8-4F75-AF20-97812D7C208A}.Release|x86.Build.0 = Release|Win32
		{62D999D1-12AD-451A-9A9D-5B65CC25B809}.Debug|x64.ActiveCfg = Debug|x64
		{62D999D1-12AD-451A-9A9D-5B65CC25B809}.Debug|x64.Build.0 = Debug|x64
		{62D999D1-12AD-451A-9A9D-5B65CC25B809}.Debug|x86.ActiveCfg = Debug|Win32
		{62D999D1-12AD-451A-9A9D-5B65CC25B809}.Debug|x86.Build.0 = Debug|Win32
		{62D999D1-12AD-451A-9A9D-5B65CC25B809}.Release|x64.ActiveCfg = Release|x64
		{62D999D1-12AD-451A-9A9D-5B65CC25B809}.Release|x64.Build.0 = Release|x64
		{62D999D1-12AD-451A-9A9D-5B65CC25B809}.Release|x86.ActiveCfg = Release|Win32
		{62D999D1-12AD-451A-9A9D-5B65CC25B809}.Release|x86.Build.0 = Release|Win32
		{E727A96D-045C-46E0-B99B-16FE1D0CBD81}.Debug|x64.ActiveCfg = Debug|x64
		{E727A96D-045C-46E0-B99B-16FE1D0CBD81}.Debug|x64.Build.0 = Debug|x64
		{E727A96D-045C-46E0-B99B-16FE1D0CBD81}.Debug|x86.ActiveCfg = Debug|Win32
		{E727A96D-045C-46E0-B99B-16FE1D0CBD81}.Debug|x86.Build.0 = Debug|Win32
		{E727A96D-045C-46E0-B99B-16FE1D0CBD81}.Release|x64.ActiveCfg = Release|x64
		{E727A96D-045C-46E0-B99B-16FE1D0CBD81}.Release|x64.Build.0 = Release|x64
		{E727A96D-045C-46E0-B99B-16FE1D0CBD81}.Release|x86.ActiveCfg = Release|Win32
		{E727A96D-045C-46E0-B99B-16FE1D0CBD81}.Release|x86.Build.0 = Release|Win32
		{E17843D0-5DF0-405B-AD8B-9B9DE1E7A159}.Debug|x64.ActiveCfg = Debug|x64
		{E17843D0-5DF0-405B-AD8B-9B9DE1E7A159}.Debug|x64.Build.0 = Debug|x64
		{E17843D0-5DF0-405B-AD8B-9B9DE1E7A159}.Debug|x86.ActiveCfg = Debug|Win32
		{E17843D0-5DF0-405B-AD8B-9B9DE1E7A159}.Debug|x86.Build.0 = Debug|Win32
		{E17843D0-5DF0-405B-AD8B-9B9DE1E7A159}.Release|x64.ActiveCfg = Release|x64
		{E17843D0-5DF0-405B-AD8B-9B9DE1E7A159}.Release|x64.Build.0 = Release|x64
		{E17843D0-5DF0-405B-AD8B-9B9DE1E7A159}.Release|x86.ActiveCfg = Release|Win32
		{E17843D0-5DF0-405B-AD8B-9B9DE1E7A159}.Release|x86.Build.0 = Release|Win32
		{F2B16DF3-D448-4C5B-969C-95CA4F2C9AA8}.Debug|x64.ActiveCfg = Debug|x64
		{F2B16DF3-D448-4C5B-969C-95CA4F2C9AA8}.Debug|x64.Build.0 = Debug|x64
		{F2B16DF3-D448-4C5B-969C-95CA4F2C9AA8}.Debug|x86.ActiveCfg = Debug|Win32
		{F2B16DF3-D448-4C5B-969C-95CA4F2C9AA8}.Debug|x86.Build.0 = Debug|Win32
		{F2B16DF3-D448-4C5B-969C-95CA4F2C9AA8}.Release|x64.ActiveCfg = Release|x64
		{F2B16DF3-D448-4C5B-969C-95CA4F2C9AA8}.Release|x64.Build.0 = Release|x64
		{F2B16DF3-D448-4C5B-969C-95CA4F2C9AA8}.Release|x86.ActiveCfg = Release|Win32
		{F2B16DF3-D448-4C5B-969C-95CA4F2C9AA8}.Release|x86.Build.0 = Release|Win32
		{F8D6D6B5-3206-490F-88FC-2A672BE1A016}.Debug|x64.ActiveCfg = Debug|x64
		{F8D6D6B5-3206-490F-88FC-2A672BE1A016}.Debug|x64.Build.0 = Debug|x64
		{F8D6D6B5-3206-490F-88FC-2A672BE1A016}.Debug|x86.ActiveCfg = Debug|Win32
		{F8D6D6B5-3206-490F-88FC-2A672BE1A016}.Debug|x86.Build.0 = Debug|Win32
		{F8D6D6B5-3206-490F-88FC-2A672BE1A016}.Release|x64.ActiveCfg = Release|x64
		{F8D6D6B5-3206-490F-88FC-2A672BE1A016}.Release|x64.Build.0 = Release|x64
		{F8D6D6B5-3206-490F-88FC-2A672BE1A016}.Release|x86.ActiveCfg = Release|Win32
		{F8D6D6B5-3206-490F-88FC-2A672BE1A016}.Release|x86.Build.0 = Release|Win32
		{0E94CA12-619A-4511-A413-A8C94886BA00}.Debug|x64.ActiveCfg = Debug|x64
		{0E94CA12-619A-4511-A413-A8C94886BA00}.Debug|x64.Build.0 = Debug|x64
		{0E94CA12-619A-4511-A413-A8C94886BA00}.Debug|x86.ActiveCfg = Debug|Win32
		{0E94CA12-619A-4511-A413-A8C94886BA00}.Debug|x86.Build.0 = Debug|Win32
		{0E94CA12-619A-4511-A413-A8C94886BA00}.Release|x64.ActiveCfg = Release|x64
		{0E94CA12-619A-4511-A413-A8C94886BA00}.Release|x64.Build.0 = Release|x64
		{0E94CA12-619A-4511-A413-A8C94886BA00}.Release|x86.ActiveCfg = Release|Win32
		{0E94CA12-619A-4511-A413-A8C94886BA00}.Release|x86.Build.0 = Release|Win32
		{074D3B0A-4328-41D2-987D-03626A9081BE}.Debug|x64.ActiveCfg = Debug|x64
		{074D3B0A-4328-41D2-987D-03626A9081BE}.Debug|x64.Build.0 = Debug|x64
		{074D3B0A-4328-41D2-987D-03626A9081BE}.Debug|x86.ActiveCfg = Debug|Win32
		{074D3B0A-4328-41D2-987D-03626A9081BE}.Debug|x86.Build.0 = Debug|Win32
		{074D3B0A-4328-41D2-987D-03626A9081BE}.Release|x64.ActiveCfg = Release|x64
		{074D3B0A-4328-41D2-987D-03626A9081BE}.Release|x64.Build.0 = Release|x64
		{074D3B0A-4328-41D2-987D-03626A9081BE}.Release|x86.ActiveCfg = Release|Win32
		{074D3B0A-4328-41D2-987D-03626A9081BE}.Release|x86.Build.0 = Release|Win32
		{12CFCE32-599D-4CB9-8DE9-03CCB6B5543A}.Debug|x64.ActiveCfg = Debug|x64
		{12CFCE32-599D-4CB9-8DE9-03CCB6B5543A}.Debug|x64.Build.0 = Debug|x64
		{12CFCE32-599D-4CB9-8DE9-03CCB6B5543A}.Debug|x86.ActiveCfg = Debug|Win32
		{12CFCE32-599D-4CB9-8DE9-03CCB6B5543A}.Debug|x86.Build.0 = Debug|Win32
		{12CFCE32-599D-4CB9-8DE9-03CCB6B5543A}.Release|x64.ActiveCfg = Release|x64
		{12CFCE32-599D-4CB9-8DE9-03CCB6B5543A}.Release|x64.Build.0 = Release|x64
		{12CFCE32-599D-4CB9-8DE9-03CCB6B5543A}.Release|x86.ActiveCfg = Release|Win32
		{12CFCE32-599D-4CB9-8DE9-03CCB6B5543A}.Release|x86.Build.0 = Release|Win32
		{AA271FD2-1FFB-4665-8D0B-48DFA5880D20}.Debug|x64.ActiveCfg = Debug|x64
		{AA271FD2-1FFB-4665-8D0B-48DFA5880D20}.Debug|x64.Build.0 = Debug|x64
		{AA271FD2-1FFB-4665-8D0B-48DFA5880D20}.Debug|x86.ActiveCfg = Debug|Win32
		{AA271FD2-1FFB-4665-8D0B-48DFA5880D20}.Debug|x86.Build.0 = Debug|Win32
		{AA271FD2-1FFB-4665-8D0B-48DFA5880D20}.Release|x64.ActiveCfg = Release|x64
		{AA271FD2-1FFB-4665-8D0B-48DFA5880D20}.Release|x64.Build.0 = Release|x64
		{AA271FD2-1FFB-4665-8D0B-48DFA5880D20}.Release|x86.ActiveCfg = Release|Win32
		{AA271FD2-1FFB-4665-8D0B-48DFA5880D20}.Release|x86.Build.0 = Release|Win32
		{AA77CEE0-FF07-46CA-AEFB-003DFAA4B85D}.Debug|x64.ActiveCfg = Debug|x64
		{AA77CEE0-FF07-46CA-AEFB-003DFAA4B85D}.Debug|x64.Build.0 = Debug|x64
		{AA77CEE0-FF07-46CA-AEFB-003DFAA4B85D}.Debug|x86.ActiveCfg = Debug|Win32
		{AA77CEE0-FF07-46CA-AEFB-003DFAA4B85D}.Debug|x86.Build.0 = Debug|Win32
		{AA77CEE0-FF07-46CA-AEFB-003DFAA4B85D}.Release|x64.ActiveCfg = Release|x64
		{AA77CEE0-FF07-46CA-AEFB-003DFAA4B85D}.Release|x64.Build.0 = Release|x64
		{AA77CEE0-FF07-46CA-AEFB-003DFAA4B85D}.Release|x86.ActiveCfg = Release|Win32
		{AA77CEE0-FF07-46CA-AEFB-003DFAA4B85D}.Release|x86.Build.0 = Release|Win32
		{B91B1A87-4617-4FC1-9AD8-3B7B9236B9C4}.Debug|x64.ActiveCfg = Debug|x64
		{B91B1A87-4617-4FC1-9AD8-3B7B9236B9C4}.Debug|x64.Build.0 = Debug|x64
		{B91B1A87-4617-4FC1-9AD8-3B7B9236B9C4}.Debug|x86.ActiveCfg = Debug|Win32
		{B91B1A87-4617-4FC1-9AD8-3B7B9236B9C4}.Debug|x86.Build.0 = Debug|Win32
		{B91B1A87-4617-4FC1-9AD8-3B7B9236B9C4}.Release|x64.ActiveCfg = Release|x64
		{B91B1A87-4617-4FC1-9AD8-3B7B9236B9C4}.Release|x64.Build.0 = Release|x64
		{B91B1A87-4617-4FC1-9AD8-3B7B9236B9C4}.Release|x86.ActiveCfg = Release|Win32
		{B91B1A87-4617-4FC1-9AD8-3B7B9236B9C4}.Release|x86.Build.0 = Release|Win32
		{E4DB4D07-57A0-4E9A-AB61-6ECD75F82097}.Debug|x64.ActiveCfg = Debug|x64
		{E4DB4D07-57A0-4E9A-AB61-6ECD75F82097}.Debug|x64.Build.0 = Debug|x64
		{E4DB4D07-57A0-4E9A-AB61-6ECD75F82097}.Debug|x86.ActiveCfg = Debug|Win32
		{E4DB4D07-57A0-4E9A-AB61-6ECD75F82097}.Debug|x86.Build.0 = Debug|Win32
		{E4DB4D07-57A0-4E9A-AB61-6ECD75F82097}.Release|x64.ActiveCfg = Release|x64
		{E4DB4D07-57A0-4E9A-AB61-6ECD75F82097}.Release|x64.Build.0 = Release|x64
		{E4DB4D07-57A0-4E9A-AB61-6ECD75F82097}.Release|x86.ActiveCfg = Release|Win32
		{E4DB4D07-57A0-4E9A-AB61-6ECD75F82097}.Release|x86.Build.0 = Release|Win32
		{AD74A58B-6008-4625-B005-6651CE703F41}.Debug|x64.ActiveCfg = Debug|x64
		{AD74A58B-6008-4625-B005-6651CE703F41}.Debug|x64.Build.0 = Debug|x64
		{AD74A58B-6008-4625-B005-6651CE703F41}.Debug|x86.ActiveCfg = Debug|Win32
		{AD74A58B-6008-4625-B005-6651CE703F41}.Debug|x86.Build.0 = Debug|Win32
		{AD74A58B-6008-4625-B005-6651CE703F41}.Release|x64.ActiveCfg = Release|x64
		{AD74A58B-6008-4625-B005-6651CE703F41}.Release|x64.Build.0 = Release|x64
		{AD74A58B-6008-4625-B005-6651CE703F41}.Release|x86.ActiveCfg = Release|Win32
		{AD74A58B-6008-4625-B005-6651CE703F41}.Release|x86.Build.0 = Release|Win32
		{07D16AEE-C667-4422-B7F2-0709838711A3}.Debug|x64.ActiveCfg = Debug|x64
		{07D16AEE-C667-4422-B7F2-0709838711A3}.Debug|x64.Build.0 = Debug|x64
		{07D16AEE-C667-4422-B7F2-0709838711A3}.Debug|x86.ActiveCfg = Debug|Win32
		{07D16AEE-C667-4422-B7F2-0709838711A3}.Debug|x86.Build.0 = Debug|Win32
		{07D16AEE-C667-4422-B7F2-0709838711A3}.Release|x64.ActiveCfg = Release|x64
		{07D16AEE-C667-4422-B7F2-0709838711A3}.Release|x64.Build.0 = Release|x64
		{07D16AEE-C667-4422-B7F2-0709838711A3}.Release|x86.ActiveCfg = Release|Win32
		{07D16AEE-C667-4422-B7F2-0709838711A3}.Release|x86.Build.0 = Release|Win32
		{0E26C12C-BD09-4D10-BBFF-F3BDE26BDB7A}.Debug|x64.ActiveCfg = Debug|x64
		{0E26C12C-BD09-4D10-BBFF-F3BDE26BDB7A}.Debug|x64.Build.0 = Debug|x64
		{0E26C12C-BD09-4D10-BBFF-F3BDE26BDB7A}.Debug|x86.ActiveCfg = Debug|Win32
		{0E26C12C-BD09-4D10-BBFF-F3BDE26BDB7A}.Debug|x86.Build.0 = Debug|Win32
		{0E26C12C-BD09-4D10-BBFF-F3BDE26BDB7A}.Release|x64.ActiveCfg = Release|x64
		{0E26C12C-BD09-4D10-BBFF-F3BDE26BDB7A}.Release|x64.Build.0 = Release|x64
		{0E26C12C-BD09-4D10-BBFF-F3BDE26BDB7A}.Release|x86.ActiveCfg = Release|Win32
		{0E26C12C-BD09-4D10-BBFF-F3BDE26BDB7A}.Release|x86.Build.0 = Release|Win32
		{63450675-F382-4A54-AC10-4ECB23730379}.Debug|x64.ActiveCfg = Debug|x64
		{63450675-F382-4A54-AC10-4ECB23730379}.Debug|x64.Build.0 = Debug|x64
		{63450675-F382-4A54-AC10-4ECB23730379}.Debug|x86.ActiveCfg = Debug|Win32
		{63450675-F382-4A54-AC10-4ECB23730379}.Debug|x86.Build.0 = Debug|Win32
		{63450675-F382-4A54-AC10-4ECB23730379}.Release|x64.ActiveCfg = Release|x64
		{63450675-F382-4A54-AC10-4ECB23730379}.Release|x64.Build.0 = Release|x64
		{63450675-F382-4A54-AC10-4ECB23730379}.Release|x86.ActiveCfg = Release|Win32
		{63450675-F382-4A54-AC10-4ECB23730379}.Release|x86.Build.0 = Release|Win32
		{AC801FAB-158E-4B6B-8BCE-1BFCDF5C200D}.Debug|x64.ActiveCfg = Debug|x64
		{AC801FAB-158E-4B6B-8BCE-1BFCDF5C200D}.Debug|x64.Build.0 = Debug|x64
		{AC801FAB-158E-4B6B-8BCE-1BFCDF5C200D}.Debug|x86.ActiveCfg = Debug|Win32
		{AC801FAB-158E-4B6B-8BCE-1BFCDF5C200D}.Debug|x86.Build.0 = Debug|Win32
		{AC801FAB-158E-4B6B-8BCE-1BFCDF5C200D}.Release|x64.ActiveCfg = Release|x64
		{AC801FAB-158E-4B6B-8BCE-1BFCDF5C200D}.Release|x64.Build.0 = Release|x64
		{AC801FAB-158E-4B6B-8BCE-1BFCDF5C200D}.Release|x86.ActiveCfg = Release|Win32
		{AC801FAB-158E-4B6B-8BCE-1BFCDF5C200D}.Release|x86.Build.0 = Release|Win32
		{A7589A7E-E62B-4388-A48F-15B44ACC448C}.Debug|x64.ActiveCfg = Debug|x64
		{A7589A7E-E62B-4388-A48F-15B44ACC448C}.Debug|x64.Build.0 = Debug|x64
		{A7589A7E-E62B-4388-A48F-15B44ACC448C}.Debug|x86.ActiveCfg = Debug|Win32
		{A7589A7E-E62B-4388-A48F-15B44ACC448C}.Debug|x86.Build.0 = Debug|Win32
		{A7589A7E-E62B-4388-A48F-15B44ACC448C}.Release|x64.ActiveCfg = Release|x64
		{A7589A7E-E62B-4388-A48F-15B44ACC448C}.Release|x64.Build.0 = Release|x64
		{A7589A7E-E62B-4388-A48F-15B44ACC448C}.Release|x86.ActiveCfg = Release|Win32
		{A7589A7E-E62B-4388-A48F-15B44ACC448C}.Release|x86.Build.0 = Release|Win32
		{71772D07-E428-47D0-BA95-987B159CB55D}.Debug|x64.ActiveCfg = Debug|x64
		{71772D07-E428-47D0-BA95-987B159CB55D}.Debug|x64.Build.0 = Debug|x64
		{71772D07-E428-47D0-BA95-987B159CB55D}.Debug|x86.ActiveCfg = Debug|Win32
		{71772D07-E428-47D0-BA95-987B159CB55D}.Debug|x86.Build.0 = Debug|Win32
		{71772D07-E428-47D0-BA95-987B159CB55D}.Release|x64.ActiveCfg = Release|x64
		{71772D07-E428-47D0-BA95-987B159CB55D}.Release|x64.Build.0 = Release|x64
		{71772D07-E428-47D0-BA95-987B159CB55D}.Release|x86.ActiveCfg = Release|Win32
		{71772D07-E428-47D0-BA95-987B159CB55D}.Release|x86.Build.0 = Release|Win32
		{59C2D5D6-41B2-4E27-B090-7B3F6ECF533F}.Debug|x64.ActiveCfg = Debug|x64
		{59C2D5D6-41B2-4E27-B090-7B3F6ECF533F}.Debug|x64.Build.0 = Debug|x64
		{59C2D5D6-41B2-4E27-B090-7B3F6ECF533F}.Debug|x86.ActiveCfg = Debug|Win32
		{59C2D5D6-41B2-4E27-B090-7B3F6ECF533F}.Debug|x86.Build.0 = Debug|Win32
		{59C2D5D6-41B2-4E27-B090-7B3F6ECF533F}.Release|x64.ActiveCfg = Release|x64
		{59C2D5D6-41B2-4E27-B090-7B3F6ECF533F}.Release|x64.Build.0 = Release|x64
		{59C2D5D6-41B2-4E27-B090-7B3F6ECF533F}.Release|x86.ActiveCfg = Release|Win32
		{59C2D5D6-41B2-4E27-B090-7B3F6ECF533F}.Release|x86.Build.0 = Release|Win32
		{9B7F1B55-34EC-448E-981F-1DF5BAD615E7}.Debug|x64.ActiveCfg = Debug|x64
		{9B7F1B55-34EC-448E-981F-1DF5BAD615E7}.Debug|x64.Build.0 = Debug|x64
		{9B7F1B55-34EC-448E-981F-1DF5BAD615E7}.Debug|x86.ActiveCfg = Debug|Win32
		{9B7F1B55-34EC-448E-981F-1DF5BAD615E7}.Debug|x86.Build.0 = Debug|Win32
		{9B7F1B55-34EC-448E-981F-1DF5BAD615E7}.Release|x64.ActiveCfg = Release|x64
		{9B7F1B55-34EC-448E-981F-1DF5BAD615E7}.Release|x64.Build.0 = Release|x64
		{9B7F1B55-34EC-448E-981F-1DF5BAD615E7}.Release|x86.ActiveCfg = Release|Win32
		{9B7F1B55-34EC-448E-981F-1DF5BAD615E7}.Release|x86.Build.0 = Release|Win32
		{EA0AA2E7-7EE4-49D7-A279-3ECD1389F380}.Debug|x64.ActiveCfg = Debug|x64
		{EA0AA2E7-7EE4-49D7-A279-3ECD1389F380}.Debug|x64.Build.0 = Debug|x64
		{EA0AA2E7-7EE4-49D7-A279-3ECD1389F380}.Debug|x86.ActiveCfg = Debug|Win32
		{EA0AA2E7-7EE4-49D7-A279-3ECD1389F380}.Debug|x86.Build.0 = Debug|Win32
		{EA0AA2E7-7EE4-49D7-A279-3ECD1389F380}.Release|x64.ActiveCfg = Release|x64
		{EA0AA2E7-7EE4-49D7-A279-3ECD1389F380}.Release|x64.Build.0 = Release|x64
		{EA0AA2E7-7EE4-49D7-A279-3ECD1389F380}.Release|x86.ActiveCfg = Release|Win32
		{EA0AA2E7-7EE4-49D7-A279-3ECD1389F380}.Release|x86.Build.0 = Release|Win32
		{7D9CF459-5CAE-4C25-A3E1-F82BE7E6818D}.Debug|x64.ActiveCfg = Debug|x64
		{7D9CF459-5CAE-4C25-A3E1-F82BE7E6818D}.Debug|x64.Build.0 = Debug|x64
		{7D9CF459-5CAE-4C25-A3E1-F82BE7E6818D}.Debug|x86.ActiveCfg = Debug|Win32
		{7D9CF459-5CAE-4C25-A3E1-F82BE7E6818D}.Debug|x86.Build.0 = Debug|Win32
		{7D9CF459-5CAE-4C25-A3E1-F82BE7E6818D}.Release|x64.ActiveCfg = Release|x64
		{7D9CF459-5CAE-4C25-A3E1-F82BE7E6818D}.Release|x64.Build.0 = Release|x64
		{7D9CF459-5CAE-4C25-A3E1-F82BE7E6818D}.Release|x86.ActiveCfg = Release|Win32
		{7D9CF459-5CAE-4C25-A3E1-F82BE7E6818D}.Release|x86.Build.0 = Release|Win32
		{606BFECB-F088-41A3-B669-1C74C310DDB0}.Debug|x64.ActiveCfg = Debug|x64
		{606BFECB-F088-41A3-B669-1C74C310DDB0}.Debug|x64.Build.0 = Debug|x64
		{606BFECB-F088-41A3-B669-1C74C310DDB0}.Debug|x86.ActiveCfg = Debug|Win32
		{606BFECB-F088-41A3-B669-1C74C310DDB0}.Debug|x86.Build.0 = Debug|Win32
		{606BFECB-F088-41A3-B669-1C74C310DDB0}.Release|x64.ActiveCfg = Release|x64
		{606BFECB-F088-41A3-B669-1C74C310DDB0}.Release|x64.Build.0 = Release|x64
		{606BFECB-F088-41A3-B669-1C74C310DDB0}.Release|x86.ActiveCfg = Release|Win32
		{606BFECB-F088-41A3-B669-1C74C310DDB0}.Release|x86.Build.0 = Release|Win32
		{1A3BAAF2-86EC-4BEE-A4C2-993ECFA49DAF}.Debug|x64.ActiveCfg = Debug|x64
		{1A3BAAF2-86EC-4BEE-A4C2-993ECFA49DAF}.Debug|x64.Build.0 = Debug|x64
		{1A3BAAF2-86EC-4BEE-A4C2-993ECFA49DAF}.Debug|x86.ActiveCfg = Debug|Win32
		{1A3BAAF2-86EC-4BEE-A4C2-993ECFA49DAF}.Debug|x86.Build.0 = Debug|Win32
		{1A3BAAF2-86EC-4BEE-A4C2-993ECFA49DAF}.Release|x64.ActiveCfg = Release|x64
		{1A3BAAF2-86EC-4BEE-A4C2-993ECFA49DAF}.Release|x64.Build.0 = Release|x64
		{1A3BAAF2-86EC-4BEE-A4C2-993ECFA49DAF}.Release|x86.ActiveCfg = Release|Win32
		{1A3BAAF2-86EC-4BEE-A4C2-993ECFA49DAF}.Release|x86.Build.0 = Release|Win32
		{977AEA45-2A88-4815-AF9D-A6ED6F447487}.Debug|x64.ActiveCfg = Debug|x64
		{977AEA45-2A88-4815-AF9D-A6ED6F447487}.Debug|x64.Build.0 = Debug|x64
		{977AEA45-2A88-4815-AF9D-A6ED6F447487}.Debug|x86.ActiveCfg = Debug|Win32
		{977AEA45-2A88-4815-AF9D-A6ED6F447487}.Debug|x86.Build.0 = Debug|Win32
		{977AEA45-2A88-4815-AF9D-A6ED6F447487}.Release|x64.ActiveCfg = Release|x64
		{977AEA45-2A88-4815-AF9D-A6ED6F447487}.Release|x64.Build.0 = Release|x64
		{977AEA45-2A88-4815-AF9D-A6ED6F447487}.Release|x86.ActiveCfg = Release|Win32
		{977AEA45-2A88-4815-AF9D-A6ED6F447487}.Release|x86.Build.0 = Release|Win32
		{679273AF-EA8C-429C-BEF6-5BE48B86804C}.Debug|x64.ActiveCfg = Debug|x64
		{679273AF-EA8C-429C-BEF6-5BE48B86804C}.Debug|x64.Build.0 = Debug|x64
		{679273AF-EA8C-429C-BEF6-5BE48B86804C}.Debug|x86.ActiveCfg = Debug|Win32
		{679273AF-EA8C-429C-BEF6-5BE48B86804C}.Debug|x86.Build.0 = Debug|Win32
		{679273AF-EA8C-429C-BEF6-5BE48B86804C}.Release|x64.ActiveCfg = Release|x64
		{679273AF-EA8C-429C-BEF6-5BE48B86804C}.Release|x64.Build.0 = Release|x64
		{679273AF-EA8C-429C-BEF6-5BE48B86804C}.Release|x86.ActiveCfg = Release|Win32
		{679273AF-EA8C-429C-BEF6-5BE48B86804C}.Release|x86.Build.0 = Release|Win32
	EndGlobalSection
	GlobalSection(SolutionProperties) = preSolution
		HideSolutionNode = FALSE
	EndGlobalSection
	GlobalSection(ExtensibilityGlobals) = postSolution
		SolutionGuid = {D2D1C223-D7E2-485B-9172-7EC619428206}
	EndGlobalSection
EndGlobal
