
Microsoft Visual Studio Solution File, Format Version 12.00
# Visual Studio Version 17
VisualStudioVersion = 17.5.33516.290
MinimumVisualStudioVersion = 10.0.40219.1
Project("{8BC9CEB8-8B4A-11D0-8D11-00A0C91BC942}") = "Bai001", "Bai001\Bai001.vcxproj", "{AE891D3A-5FB8-4F75-AF20-97812D7C208A}"
EndProject
Project("{8BC9CEB8-8B4A-11D0-8D11-00A0C91BC942}") = "Bai002", "Bai002\Bai002.vcxproj", "{62D999D1-12AD-451A-9A9D-5B65CC25B809}"
EndProject
Project("{8BC9CEB8-8B4A-11D0-8D11-00A0C91BC942}") = "Bai003", "Bai003\Bai003.vcxproj", "{E727A96D-045C-46E0-B99B-16FE1D0CBD81}"
EndProject
Project("{8BC9CEB8-8B4A-11D0-8D11-00A0C91BC942}") = "Bai004", "Bai004\Bai004.vcxproj", "{E17843D0-5DF0-405B-AD8B-9B9DE1E7A159}"
EndProject
Project("{8BC9CEB8-8B4A-11D0-8D11-00A0C91BC942}") = "Bai005-Tien", "Bai005-Tien\Bai005-Tien.vcxproj", "{F2B16DF3-D448-4C5B-969C-95CA4F2C9AA8}"
EndProject
Project("{8BC9CEB8-8B4A-11D0-8D11-00A0C91BC942}") = "Bai011-Tien", "Bai011-Tien\Bai011-Tien.vcxproj", "{F8D6D6B5-3206-490F-88FC-2A672BE1A016}"
EndProject
Project("{8BC9CEB8-8B4A-11D0-8D11-00A0C91BC942}") = "Bai017-Tien", "Bai017-Tien\Bai017-Tien.vcxproj", "{0E94CA12-619A-4511-A413-A8C94886BA00}"
EndProject
Project("{8BC9CEB8-8B4A-11D0-8D11-00A0C91BC942}") = "Bai023-Tien", "Bai023-Tien\Bai023-Tien.vcxproj", "{074D3B0A-4328-41D2-987D-03626A9081BE}"
EndProject
Project("{8BC9CEB8-8B4A-11D0-8D11-00A0C91BC942}") = "Bai029-Tien", "Bai029-Tien\Bai029-Tien.vcxproj", "{12CFCE32-599D-4CB9-8DE9-03CCB6B5543A}"
EndProject
Project("{8BC9CEB8-8B4A-11D0-8D11-00A0C91BC942}") = "Bai035-Tien", "Bai035-Tien\Bai035-Tien.vcxproj", "{AA271FD2-1FFB-4665-8D0B-48DFA5880D20}"
EndProject
Project("{8BC9CEB8-8B4A-11D0-8D11-00A0C91BC942}") = "Bai041-Tien", "Bai041-Tien\Bai041-Tien.vcxproj", "{AA77CEE0-FF07-46CA-AEFB-003DFAA4B85D}"
EndProject
Project("{8BC9CEB8-8B4A-11D0-8D11-00A0C91BC942}") = "Bai050-Tien", "Bai050-Tien\Bai050-Tien.vcxproj", "{B91B1A87-4617-4FC1-9AD8-3B7B9236B9C4}"
EndProject
Project("{8BC9CEB8-8B4A-11D0-8D11-00A0C91BC942}") = "Bai056-Tien", "Bai056-Tien\Bai056-Tien.vcxproj", "{E4DB4D07-57A0-4E9A-AB61-6ECD75F82097}"
EndProject
Project("{8BC9CEB8-8B4A-11D0-8D11-00A0C91BC942}") = "Bai062-Tien", "Bai062-Tien\Bai062-Tien.vcxproj", "{AD74A58B-6008-4625-B005-6651CE703F41}"
EndProject
Project("{8BC9CEB8-8B4A-11D0-8D11-00A0C91BC942}") = "Bai004-Bao", "Bai004-Bao\Bai004-Bao.vcxproj", "{07D16AEE-C667-4422-B7F2-0709838711A3}"
EndProject
Project("{8BC9CEB8-8B4A-11D0-8D11-00A0C91BC942}") = "Bai010-Bao", "Bai010-Bao\Bai010-Bao.vcxproj", "{0E26C12C-BD09-4D10-BBFF-F3BDE26BDB7A}"
EndProject
Project("{8BC9CEB8-8B4A-11D0-8D11-00A0C91BC942}") = "Bai016-Bao", "Bai016-Bao\Bai016-Bao.vcxproj", "{63450675-F382-4A54-AC10-4ECB23730379}"
EndProject
Project("{8BC9CEB8-8B4A-11D0-8D11-00A0C91BC942}") = "Bai009-Quang", "Bai009-Quang\Bai009-Quang.vcxproj", "{BACE9D13-EFAA-4132-BD59-1C3EE61FC83B}"
EndProject
Project("{8BC9CEB8-8B4A-11D0-8D11-00A0C91BC942}") = "Bai015-Quang", "Bai015-Quang\Bai015-Quang.vcxproj", "{712A6C52-0CAB-4A66-B2A7-90584158AEA1}"
EndProject
Project("{8BC9CEB8-8B4A-11D0-8D11-00A0C91BC942}") = "Bai021-Quang", "Bai021-Quang\Bai021-Quang.vcxproj", "{1FAC25BE-35EB-43AC-863B-2D003486D810}"
EndProject
Project("{8BC9CEB8-8B4A-11D0-8D11-00A0C91BC942}") = "Bai027-Quang", "Bai027-Quang\Bai027-Quang.vcxproj", "{FDC54CBD-646D-4F0E-A879-844D83D4313F}"
EndProject
Project("{8BC9CEB8-8B4A-11D0-8D11-00A0C91BC942}") = "Bai033-Quang", "Bai033-Quang\Bai033-Quang.vcxproj", "{64281ABC-6C9C-45CE-A394-EFC44D1157FB}"
EndProject
Project("{8BC9CEB8-8B4A-11D0-8D11-00A0C91BC942}") = "Bai039-Quang", "Bai039-Quang\Bai039-Quang.vcxproj", "{82539906-BA6C-43C5-A494-F3611866D20A}"
EndProject
Project("{8BC9CEB8-8B4A-11D0-8D11-00A0C91BC942}") = "Bai048-Quang", "Bai048-Quang\Bai048-Quang.vcxproj", "{1443DE03-8F00-4AEB-B01B-1DA87DC0D137}"
EndProject
Project("{8BC9CEB8-8B4A-11D0-8D11-00A0C91BC942}") = "Bai054-Quang", "Bai054-Quang\Bai054-Quang.vcxproj", "{5299BB3A-C456-400D-8800-24DEE88FAEF5}"
EndProject
Project("{8BC9CEB8-8B4A-11D0-8D11-00A0C91BC942}") = "Bai060-Quang", "Bai060-Quang\Bai060-Quang.vcxproj", "{97419163-2174-452C-AB33-507BE07C6A5E}"
EndProject
Project("{8BC9CEB8-8B4A-11D0-8D11-00A0C91BC942}") = "Bai028-Bao", "Bai028-Bao\Bai028-Bao.vcxproj", "{6043577C-E039-4E21-AD8F-7BF48C8DB194}"
EndProject
Project("{8BC9CEB8-8B4A-11D0-8D11-00A0C91BC942}") = "Bai034-Bao", "Bai034-Bao\Bai034-Bao.vcxproj", "{0B311395-C4A5-4C28-9EED-AD1CA9452F6E}"
EndProject
Project("{8BC9CEB8-8B4A-11D0-8D11-00A0C91BC942}") = "Bai040-Bao", "Bai040-Bao\Bai040-Bao.vcxproj", "{6D853A1E-95C0-43AF-9680-B71A1D8F2A6F}"
EndProject
Project("{8BC9CEB8-8B4A-11D0-8D11-00A0C91BC942}") = "Bai049-Bao", "Bai049-Bao\Bai049-Bao.vcxproj", "{26811726-A38B-4CD3-91CB-AECDA4E9760B}"
EndProject
Project("{8BC9CEB8-8B4A-11D0-8D11-00A0C91BC942}") = "Bai055-Bao", "Bai055-Bao\Bai055-Bao.vcxproj", "{955A045F-A195-43C0-BD1F-EDD98313B596}"
EndProject
Project("{8BC9CEB8-8B4A-11D0-8D11-00A0C91BC942}") = "Bai061-Bao", "Bai061-Bao\Bai061-Bao.vcxproj", "{85DBE437-C618-41C7-AA9F-1D04E2609BDF}"
EndProject
Project("{8BC9CEB8-8B4A-11D0-8D11-00A0C91BC942}") = "Bai003-Quang", "Bai003-Quang\Bai003-Quang.vcxproj", "{E17BCE97-08BE-4E1A-8E31-BCE7D71E6DA8}"
EndProject
Project("{8BC9CEB8-8B4A-11D0-8D11-00A0C91BC942}") = "Bai022-Bao", "Bai022-Bao\Bai022-Bao.vcxproj", "{ED71A521-D37F-47E7-8124-D3B7294D1233}"
EndProject
Project("{8BC9CEB8-8B4A-11D0-8D11-00A0C91BC942}") = "Bai064-Bao", "Bai064-Bao\Bai064-Bao.vcxproj", "{2BDB2FF9-8272-4CDC-9884-BE85852EB74A}"
EndProject
Project("{8BC9CEB8-8B4A-11D0-8D11-00A0C91BC942}") = "Bai070-Bao", "Bai070-Bao\Bai070-Bao.vcxproj", "{DA471495-68FC-451B-8825-106C10566B28}"
EndProject
Project("{8BC9CEB8-8B4A-11D0-8D11-00A0C91BC942}") = "Bai076-Bao", "Bai076-Bao\Bai076-Bao.vcxproj", "{D36BEE6B-6DBB-4BCB-901F-28072F71DDE9}"
EndProject
Project("{8BC9CEB8-8B4A-11D0-8D11-00A0C91BC942}") = "Bai082-Bao", "Bai082-Bao\Bai082-Bao.vcxproj", "{F7A375C3-7F2F-4A39-B883-534BA6AADBFD}"
EndProject
Project("{8BC9CEB8-8B4A-11D0-8D11-00A0C91BC942}") = "Bai088-Bao", "Bai088-Bao\Bai088-Bao.vcxproj", "{9938A0F0-76E3-4ADB-B1A4-47AB81CB3450}"
EndProject
Project("{8BC9CEB8-8B4A-11D0-8D11-00A0C91BC942}") = "Bai094-Bao", "Bai094-Bao\Bai094-Bao.vcxproj", "{9CEB925F-9D15-4B52-A87F-1277386477F3}"
EndProject
Project("{8BC9CEB8-8B4A-11D0-8D11-00A0C91BC942}") = "Bai100-Bao", "Bai100-Bao\Bai100-Bao.vcxproj", "{5ECBA8E4-4716-406A-A1FF-C82179A4D3CB}"
EndProject
Project("{8BC9CEB8-8B4A-11D0-8D11-00A0C91BC942}") = "Bai106-Bao", "Bai106-Bao\Bai106-Bao.vcxproj", "{A0C9CEF7-417E-451A-94EB-2C254B10B4A0}"
EndProject
Project("{8BC9CEB8-8B4A-11D0-8D11-00A0C91BC942}") = "Bai112-Bao", "Bai112-Bao\Bai112-Bao.vcxproj", "{96EF4BF5-908F-4158-AF29-583C4703B961}"
EndProject
Project("{8BC9CEB8-8B4A-11D0-8D11-00A0C91BC942}") = "Bai118-Bao", "Bai118-Bao\Bai118-Bao.vcxproj", "{F838F9F0-32E5-4AE2-8A14-4D6FBD40BBC7}"
EndProject
Project("{8BC9CEB8-8B4A-11D0-8D11-00A0C91BC942}") = "Bai124-Bao", "Bai124-Bao\Bai124-Bao.vcxproj", "{A6D98554-03BE-4FC8-AE79-130B03084DBA}"
EndProject
Project("{8BC9CEB8-8B4A-11D0-8D11-00A0C91BC942}") = "Bai130-Bao", "Bai130-Bao\Bai130-Bao.vcxproj", "{2D2BB3EA-1660-4D75-B2E4-CB4126438CC0}"
EndProject
Project("{8BC9CEB8-8B4A-11D0-8D11-00A0C91BC942}") = "Bai136-Bao", "Bai136-Bao\Bai136-Bao.vcxproj", "{CD5413D4-D059-40C4-819D-1EE33F89D631}"
EndProject
Project("{8BC9CEB8-8B4A-11D0-8D11-00A0C91BC942}") = "Bai142-Bao", "Bai142-Bao\Bai142-Bao.vcxproj", "{5BAA75B5-B401-4E9B-A504-E6C3CA1FDA05}"
EndProject
Project("{8BC9CEB8-8B4A-11D0-8D11-00A0C91BC942}") = "Bai148-Bao", "Bai148-Bao\Bai148-Bao.vcxproj", "{02EA9AF3-A3D5-40B1-81AD-F92E3CBDA12E}"
EndProject
Project("{8BC9CEB8-8B4A-11D0-8D11-00A0C91BC942}") = "Bai154-Bao", "Bai154-Bao\Bai154-Bao.vcxproj", "{21B07811-E1CF-4C33-BF95-EAF220DA24C2}"
EndProject
Project("{8BC9CEB8-8B4A-11D0-8D11-00A0C91BC942}") = "Bai160-Bao", "Bai160-Bao\Bai160-Bao.vcxproj", "{D4D73CDF-2876-4359-8EA9-756FA558D462}"
EndProject
Project("{8BC9CEB8-8B4A-11D0-8D11-00A0C91BC942}") = "Bai166-Bao", "Bai166-Bao\Bai166-Bao.vcxproj", "{33C23D7C-20E9-4A56-A407-23AC85E36BFD}"
EndProject
Project("{8BC9CEB8-8B4A-11D0-8D11-00A0C91BC942}") = "Bai178-Bao", "Bai178-Bao\Bai178-Bao.vcxproj", "{3892F7B3-A5FB-483F-98B4-6279A74A27CF}"
EndProject
Project("{8BC9CEB8-8B4A-11D0-8D11-00A0C91BC942}") = "Bai184-Bao", "Bai184-Bao\Bai184-Bao.vcxproj", "{B2C88B96-E4B8-439F-95E9-B70E1DF10A23}"
EndProject
Project("{8BC9CEB8-8B4A-11D0-8D11-00A0C91BC942}") = "Bai190-Bao", "Bai190-Bao\Bai190-Bao.vcxproj", "{22078368-D5CE-42A8-AD63-D824A111E13C}"
EndProject
Project("{8BC9CEB8-8B4A-11D0-8D11-00A0C91BC942}") = "Bai172-Bao", "Bai172-Bao\Bai172-Bao.vcxproj", "{8F25964C-8E67-4C10-A92B-5873EC687A1B}"
EndProject
Global
	GlobalSection(SolutionConfigurationPlatforms) = preSolution
		Debug|x64 = Debug|x64
		Debug|x86 = Debug|x86
		Release|x64 = Release|x64
		Release|x86 = Release|x86
	EndGlobalSection
	GlobalSection(ProjectConfigurationPlatforms) = postSolution
		{AE891D3A-5FB8-4F75-AF20-97812D7C208A}.Debug|x64.ActiveCfg = Debug|x64
		{AE891D3A-5FB8-4F75-AF20-97812D7C208A}.Debug|x64.Build.0 = Debug|x64
		{AE891D3A-5FB8-4F75-AF20-97812D7C208A}.Debug|x86.ActiveCfg = Debug|Win32
		{AE891D3A-5FB8-4F75-AF20-97812D7C208A}.Debug|x86.Build.0 = Debug|Win32
		{AE891D3A-5FB8-4F75-AF20-97812D7C208A}.Release|x64.ActiveCfg = Release|x64
		{AE891D3A-5FB8-4F75-AF20-97812D7C208A}.Release|x64.Build.0 = Release|x64
		{AE891D3A-5FB8-4F75-AF20-97812D7C208A}.Release|x86.ActiveCfg = Release|Win32
		{AE891D3A-5FB8-4F75-AF20-97812D7C208A}.Release|x86.Build.0 = Release|Win32
		{62D999D1-12AD-451A-9A9D-5B65CC25B809}.Debug|x64.ActiveCfg = Debug|x64
		{62D999D1-12AD-451A-9A9D-5B65CC25B809}.Debug|x64.Build.0 = Debug|x64
		{62D999D1-12AD-451A-9A9D-5B65CC25B809}.Debug|x86.ActiveCfg = Debug|Win32
		{62D999D1-12AD-451A-9A9D-5B65CC25B809}.Debug|x86.Build.0 = Debug|Win32
		{62D999D1-12AD-451A-9A9D-5B65CC25B809}.Release|x64.ActiveCfg = Release|x64
		{62D999D1-12AD-451A-9A9D-5B65CC25B809}.Release|x64.Build.0 = Release|x64
		{62D999D1-12AD-451A-9A9D-5B65CC25B809}.Release|x86.ActiveCfg = Release|Win32
		{62D999D1-12AD-451A-9A9D-5B65CC25B809}.Release|x86.Build.0 = Release|Win32
		{E727A96D-045C-46E0-B99B-16FE1D0CBD81}.Debug|x64.ActiveCfg = Debug|x64
		{E727A96D-045C-46E0-B99B-16FE1D0CBD81}.Debug|x64.Build.0 = Debug|x64
		{E727A96D-045C-46E0-B99B-16FE1D0CBD81}.Debug|x86.ActiveCfg = Debug|Win32
		{E727A96D-045C-46E0-B99B-16FE1D0CBD81}.Debug|x86.Build.0 = Debug|Win32
		{E727A96D-045C-46E0-B99B-16FE1D0CBD81}.Release|x64.ActiveCfg = Release|x64
		{E727A96D-045C-46E0-B99B-16FE1D0CBD81}.Release|x64.Build.0 = Release|x64
		{E727A96D-045C-46E0-B99B-16FE1D0CBD81}.Release|x86.ActiveCfg = Release|Win32
		{E727A96D-045C-46E0-B99B-16FE1D0CBD81}.Release|x86.Build.0 = Release|Win32
		{E17843D0-5DF0-405B-AD8B-9B9DE1E7A159}.Debug|x64.ActiveCfg = Debug|x64
		{E17843D0-5DF0-405B-AD8B-9B9DE1E7A159}.Debug|x64.Build.0 = Debug|x64
		{E17843D0-5DF0-405B-AD8B-9B9DE1E7A159}.Debug|x86.ActiveCfg = Debug|Win32
		{E17843D0-5DF0-405B-AD8B-9B9DE1E7A159}.Debug|x86.Build.0 = Debug|Win32
		{E17843D0-5DF0-405B-AD8B-9B9DE1E7A159}.Release|x64.ActiveCfg = Release|x64
		{E17843D0-5DF0-405B-AD8B-9B9DE1E7A159}.Release|x64.Build.0 = Release|x64
		{E17843D0-5DF0-405B-AD8B-9B9DE1E7A159}.Release|x86.ActiveCfg = Release|Win32
		{E17843D0-5DF0-405B-AD8B-9B9DE1E7A159}.Release|x86.Build.0 = Release|Win32
		{F2B16DF3-D448-4C5B-969C-95CA4F2C9AA8}.Debug|x64.ActiveCfg = Debug|x64
		{F2B16DF3-D448-4C5B-969C-95CA4F2C9AA8}.Debug|x64.Build.0 = Debug|x64
		{F2B16DF3-D448-4C5B-969C-95CA4F2C9AA8}.Debug|x86.ActiveCfg = Debug|Win32
		{F2B16DF3-D448-4C5B-969C-95CA4F2C9AA8}.Debug|x86.Build.0 = Debug|Win32
		{F2B16DF3-D448-4C5B-969C-95CA4F2C9AA8}.Release|x64.ActiveCfg = Release|x64
		{F2B16DF3-D448-4C5B-969C-95CA4F2C9AA8}.Release|x64.Build.0 = Release|x64
		{F2B16DF3-D448-4C5B-969C-95CA4F2C9AA8}.Release|x86.ActiveCfg = Release|Win32
		{F2B16DF3-D448-4C5B-969C-95CA4F2C9AA8}.Release|x86.Build.0 = Release|Win32
		{F8D6D6B5-3206-490F-88FC-2A672BE1A016}.Debug|x64.ActiveCfg = Debug|x64
		{F8D6D6B5-3206-490F-88FC-2A672BE1A016}.Debug|x64.Build.0 = Debug|x64
		{F8D6D6B5-3206-490F-88FC-2A672BE1A016}.Debug|x86.ActiveCfg = Debug|Win32
		{F8D6D6B5-3206-490F-88FC-2A672BE1A016}.Debug|x86.Build.0 = Debug|Win32
		{F8D6D6B5-3206-490F-88FC-2A672BE1A016}.Release|x64.ActiveCfg = Release|x64
		{F8D6D6B5-3206-490F-88FC-2A672BE1A016}.Release|x64.Build.0 = Release|x64
		{F8D6D6B5-3206-490F-88FC-2A672BE1A016}.Release|x86.ActiveCfg = Release|Win32
		{F8D6D6B5-3206-490F-88FC-2A672BE1A016}.Release|x86.Build.0 = Release|Win32
		{0E94CA12-619A-4511-A413-A8C94886BA00}.Debug|x64.ActiveCfg = Debug|x64
		{0E94CA12-619A-4511-A413-A8C94886BA00}.Debug|x64.Build.0 = Debug|x64
		{0E94CA12-619A-4511-A413-A8C94886BA00}.Debug|x86.ActiveCfg = Debug|Win32
		{0E94CA12-619A-4511-A413-A8C94886BA00}.Debug|x86.Build.0 = Debug|Win32
		{0E94CA12-619A-4511-A413-A8C94886BA00}.Release|x64.ActiveCfg = Release|x64
		{0E94CA12-619A-4511-A413-A8C94886BA00}.Release|x64.Build.0 = Release|x64
		{0E94CA12-619A-4511-A413-A8C94886BA00}.Release|x86.ActiveCfg = Release|Win32
		{0E94CA12-619A-4511-A413-A8C94886BA00}.Release|x86.Build.0 = Release|Win32
		{074D3B0A-4328-41D2-987D-03626A9081BE}.Debug|x64.ActiveCfg = Debug|x64
		{074D3B0A-4328-41D2-987D-03626A9081BE}.Debug|x64.Build.0 = Debug|x64
		{074D3B0A-4328-41D2-987D-03626A9081BE}.Debug|x86.ActiveCfg = Debug|Win32
		{074D3B0A-4328-41D2-987D-03626A9081BE}.Debug|x86.Build.0 = Debug|Win32
		{074D3B0A-4328-41D2-987D-03626A9081BE}.Release|x64.ActiveCfg = Release|x64
		{074D3B0A-4328-41D2-987D-03626A9081BE}.Release|x64.Build.0 = Release|x64
		{074D3B0A-4328-41D2-987D-03626A9081BE}.Release|x86.ActiveCfg = Release|Win32
		{074D3B0A-4328-41D2-987D-03626A9081BE}.Release|x86.Build.0 = Release|Win32
		{12CFCE32-599D-4CB9-8DE9-03CCB6B5543A}.Debug|x64.ActiveCfg = Debug|x64
		{12CFCE32-599D-4CB9-8DE9-03CCB6B5543A}.Debug|x64.Build.0 = Debug|x64
		{12CFCE32-599D-4CB9-8DE9-03CCB6B5543A}.Debug|x86.ActiveCfg = Debug|Win32
		{12CFCE32-599D-4CB9-8DE9-03CCB6B5543A}.Debug|x86.Build.0 = Debug|Win32
		{12CFCE32-599D-4CB9-8DE9-03CCB6B5543A}.Release|x64.ActiveCfg = Release|x64
		{12CFCE32-599D-4CB9-8DE9-03CCB6B5543A}.Release|x64.Build.0 = Release|x64
		{12CFCE32-599D-4CB9-8DE9-03CCB6B5543A}.Release|x86.ActiveCfg = Release|Win32
		{12CFCE32-599D-4CB9-8DE9-03CCB6B5543A}.Release|x86.Build.0 = Release|Win32
		{AA271FD2-1FFB-4665-8D0B-48DFA5880D20}.Debug|x64.ActiveCfg = Debug|x64
		{AA271FD2-1FFB-4665-8D0B-48DFA5880D20}.Debug|x64.Build.0 = Debug|x64
		{AA271FD2-1FFB-4665-8D0B-48DFA5880D20}.Debug|x86.ActiveCfg = Debug|Win32
		{AA271FD2-1FFB-4665-8D0B-48DFA5880D20}.Debug|x86.Build.0 = Debug|Win32
		{AA271FD2-1FFB-4665-8D0B-48DFA5880D20}.Release|x64.ActiveCfg = Release|x64
		{AA271FD2-1FFB-4665-8D0B-48DFA5880D20}.Release|x64.Build.0 = Release|x64
		{AA271FD2-1FFB-4665-8D0B-48DFA5880D20}.Release|x86.ActiveCfg = Release|Win32
		{AA271FD2-1FFB-4665-8D0B-48DFA5880D20}.Release|x86.Build.0 = Release|Win32
		{AA77CEE0-FF07-46CA-AEFB-003DFAA4B85D}.Debug|x64.ActiveCfg = Debug|x64
		{AA77CEE0-FF07-46CA-AEFB-003DFAA4B85D}.Debug|x64.Build.0 = Debug|x64
		{AA77CEE0-FF07-46CA-AEFB-003DFAA4B85D}.Debug|x86.ActiveCfg = Debug|Win32
		{AA77CEE0-FF07-46CA-AEFB-003DFAA4B85D}.Debug|x86.Build.0 = Debug|Win32
		{AA77CEE0-FF07-46CA-AEFB-003DFAA4B85D}.Release|x64.ActiveCfg = Release|x64
		{AA77CEE0-FF07-46CA-AEFB-003DFAA4B85D}.Release|x64.Build.0 = Release|x64
		{AA77CEE0-FF07-46CA-AEFB-003DFAA4B85D}.Release|x86.ActiveCfg = Release|Win32
		{AA77CEE0-FF07-46CA-AEFB-003DFAA4B85D}.Release|x86.Build.0 = Release|Win32
		{B91B1A87-4617-4FC1-9AD8-3B7B9236B9C4}.Debug|x64.ActiveCfg = Debug|x64
		{B91B1A87-4617-4FC1-9AD8-3B7B9236B9C4}.Debug|x64.Build.0 = Debug|x64
		{B91B1A87-4617-4FC1-9AD8-3B7B9236B9C4}.Debug|x86.ActiveCfg = Debug|Win32
		{B91B1A87-4617-4FC1-9AD8-3B7B9236B9C4}.Debug|x86.Build.0 = Debug|Win32
		{B91B1A87-4617-4FC1-9AD8-3B7B9236B9C4}.Release|x64.ActiveCfg = Release|x64
		{B91B1A87-4617-4FC1-9AD8-3B7B9236B9C4}.Release|x64.Build.0 = Release|x64
		{B91B1A87-4617-4FC1-9AD8-3B7B9236B9C4}.Release|x86.ActiveCfg = Release|Win32
		{B91B1A87-4617-4FC1-9AD8-3B7B9236B9C4}.Release|x86.Build.0 = Release|Win32
		{E4DB4D07-57A0-4E9A-AB61-6ECD75F82097}.Debug|x64.ActiveCfg = Debug|x64
		{E4DB4D07-57A0-4E9A-AB61-6ECD75F82097}.Debug|x64.Build.0 = Debug|x64
		{E4DB4D07-57A0-4E9A-AB61-6ECD75F82097}.Debug|x86.ActiveCfg = Debug|Win32
		{E4DB4D07-57A0-4E9A-AB61-6ECD75F82097}.Debug|x86.Build.0 = Debug|Win32
		{E4DB4D07-57A0-4E9A-AB61-6ECD75F82097}.Release|x64.ActiveCfg = Release|x64
		{E4DB4D07-57A0-4E9A-AB61-6ECD75F82097}.Release|x64.Build.0 = Release|x64
		{E4DB4D07-57A0-4E9A-AB61-6ECD75F82097}.Release|x86.ActiveCfg = Release|Win32
		{E4DB4D07-57A0-4E9A-AB61-6ECD75F82097}.Release|x86.Build.0 = Release|Win32
		{AD74A58B-6008-4625-B005-6651CE703F41}.Debug|x64.ActiveCfg = Debug|x64
		{AD74A58B-6008-4625-B005-6651CE703F41}.Debug|x64.Build.0 = Debug|x64
		{AD74A58B-6008-4625-B005-6651CE703F41}.Debug|x86.ActiveCfg = Debug|Win32
		{AD74A58B-6008-4625-B005-6651CE703F41}.Debug|x86.Build.0 = Debug|Win32
		{AD74A58B-6008-4625-B005-6651CE703F41}.Release|x64.ActiveCfg = Release|x64
		{AD74A58B-6008-4625-B005-6651CE703F41}.Release|x64.Build.0 = Release|x64
		{AD74A58B-6008-4625-B005-6651CE703F41}.Release|x86.ActiveCfg = Release|Win32
		{AD74A58B-6008-4625-B005-6651CE703F41}.Release|x86.Build.0 = Release|Win32
		{07D16AEE-C667-4422-B7F2-0709838711A3}.Debug|x64.ActiveCfg = Debug|x64
		{07D16AEE-C667-4422-B7F2-0709838711A3}.Debug|x64.Build.0 = Debug|x64
		{07D16AEE-C667-4422-B7F2-0709838711A3}.Debug|x86.ActiveCfg = Debug|Win32
		{07D16AEE-C667-4422-B7F2-0709838711A3}.Debug|x86.Build.0 = Debug|Win32
		{07D16AEE-C667-4422-B7F2-0709838711A3}.Release|x64.ActiveCfg = Release|x64
		{07D16AEE-C667-4422-B7F2-0709838711A3}.Release|x64.Build.0 = Release|x64
		{07D16AEE-C667-4422-B7F2-0709838711A3}.Release|x86.ActiveCfg = Release|Win32
		{07D16AEE-C667-4422-B7F2-0709838711A3}.Release|x86.Build.0 = Release|Win32
		{0E26C12C-BD09-4D10-BBFF-F3BDE26BDB7A}.Debug|x64.ActiveCfg = Debug|x64
		{0E26C12C-BD09-4D10-BBFF-F3BDE26BDB7A}.Debug|x64.Build.0 = Debug|x64
		{0E26C12C-BD09-4D10-BBFF-F3BDE26BDB7A}.Debug|x86.ActiveCfg = Debug|Win32
		{0E26C12C-BD09-4D10-BBFF-F3BDE26BDB7A}.Debug|x86.Build.0 = Debug|Win32
		{0E26C12C-BD09-4D10-BBFF-F3BDE26BDB7A}.Release|x64.ActiveCfg = Release|x64
		{0E26C12C-BD09-4D10-BBFF-F3BDE26BDB7A}.Release|x64.Build.0 = Release|x64
		{0E26C12C-BD09-4D10-BBFF-F3BDE26BDB7A}.Release|x86.ActiveCfg = Release|Win32
		{0E26C12C-BD09-4D10-BBFF-F3BDE26BDB7A}.Release|x86.Build.0 = Release|Win32
		{63450675-F382-4A54-AC10-4ECB23730379}.Debug|x64.ActiveCfg = Debug|x64
		{63450675-F382-4A54-AC10-4ECB23730379}.Debug|x64.Build.0 = Debug|x64
		{63450675-F382-4A54-AC10-4ECB23730379}.Debug|x86.ActiveCfg = Debug|Win32
		{63450675-F382-4A54-AC10-4ECB23730379}.Debug|x86.Build.0 = Debug|Win32
		{63450675-F382-4A54-AC10-4ECB23730379}.Release|x64.ActiveCfg = Release|x64
		{63450675-F382-4A54-AC10-4ECB23730379}.Release|x64.Build.0 = Release|x64
		{63450675-F382-4A54-AC10-4ECB23730379}.Release|x86.ActiveCfg = Release|Win32
		{63450675-F382-4A54-AC10-4ECB23730379}.Release|x86.Build.0 = Release|Win32
		{BACE9D13-EFAA-4132-BD59-1C3EE61FC83B}.Debug|x64.ActiveCfg = Debug|x64
		{BACE9D13-EFAA-4132-BD59-1C3EE61FC83B}.Debug|x64.Build.0 = Debug|x64
		{BACE9D13-EFAA-4132-BD59-1C3EE61FC83B}.Debug|x86.ActiveCfg = Debug|Win32
		{BACE9D13-EFAA-4132-BD59-1C3EE61FC83B}.Debug|x86.Build.0 = Debug|Win32
		{BACE9D13-EFAA-4132-BD59-1C3EE61FC83B}.Release|x64.ActiveCfg = Release|x64
		{BACE9D13-EFAA-4132-BD59-1C3EE61FC83B}.Release|x64.Build.0 = Release|x64
		{BACE9D13-EFAA-4132-BD59-1C3EE61FC83B}.Release|x86.ActiveCfg = Release|Win32
		{BACE9D13-EFAA-4132-BD59-1C3EE61FC83B}.Release|x86.Build.0 = Release|Win32
		{712A6C52-0CAB-4A66-B2A7-90584158AEA1}.Debug|x64.ActiveCfg = Debug|x64
		{712A6C52-0CAB-4A66-B2A7-90584158AEA1}.Debug|x64.Build.0 = Debug|x64
		{712A6C52-0CAB-4A66-B2A7-90584158AEA1}.Debug|x86.ActiveCfg = Debug|Win32
		{712A6C52-0CAB-4A66-B2A7-90584158AEA1}.Debug|x86.Build.0 = Debug|Win32
		{712A6C52-0CAB-4A66-B2A7-90584158AEA1}.Release|x64.ActiveCfg = Release|x64
		{712A6C52-0CAB-4A66-B2A7-90584158AEA1}.Release|x64.Build.0 = Release|x64
		{712A6C52-0CAB-4A66-B2A7-90584158AEA1}.Release|x86.ActiveCfg = Release|Win32
		{712A6C52-0CAB-4A66-B2A7-90584158AEA1}.Release|x86.Build.0 = Release|Win32
		{1FAC25BE-35EB-43AC-863B-2D003486D810}.Debug|x64.ActiveCfg = Debug|x64
		{1FAC25BE-35EB-43AC-863B-2D003486D810}.Debug|x64.Build.0 = Debug|x64
		{1FAC25BE-35EB-43AC-863B-2D003486D810}.Debug|x86.ActiveCfg = Debug|Win32
		{1FAC25BE-35EB-43AC-863B-2D003486D810}.Debug|x86.Build.0 = Debug|Win32
		{1FAC25BE-35EB-43AC-863B-2D003486D810}.Release|x64.ActiveCfg = Release|x64
		{1FAC25BE-35EB-43AC-863B-2D003486D810}.Release|x64.Build.0 = Release|x64
		{1FAC25BE-35EB-43AC-863B-2D003486D810}.Release|x86.ActiveCfg = Release|Win32
		{1FAC25BE-35EB-43AC-863B-2D003486D810}.Release|x86.Build.0 = Release|Win32
		{FDC54CBD-646D-4F0E-A879-844D83D4313F}.Debug|x64.ActiveCfg = Debug|x64
		{FDC54CBD-646D-4F0E-A879-844D83D4313F}.Debug|x64.Build.0 = Debug|x64
		{FDC54CBD-646D-4F0E-A879-844D83D4313F}.Debug|x86.ActiveCfg = Debug|Win32
		{FDC54CBD-646D-4F0E-A879-844D83D4313F}.Debug|x86.Build.0 = Debug|Win32
		{FDC54CBD-646D-4F0E-A879-844D83D4313F}.Release|x64.ActiveCfg = Release|x64
		{FDC54CBD-646D-4F0E-A879-844D83D4313F}.Release|x64.Build.0 = Release|x64
		{FDC54CBD-646D-4F0E-A879-844D83D4313F}.Release|x86.ActiveCfg = Release|Win32
		{FDC54CBD-646D-4F0E-A879-844D83D4313F}.Release|x86.Build.0 = Release|Win32
		{64281ABC-6C9C-45CE-A394-EFC44D1157FB}.Debug|x64.ActiveCfg = Debug|x64
		{64281ABC-6C9C-45CE-A394-EFC44D1157FB}.Debug|x64.Build.0 = Debug|x64
		{64281ABC-6C9C-45CE-A394-EFC44D1157FB}.Debug|x86.ActiveCfg = Debug|Win32
		{64281ABC-6C9C-45CE-A394-EFC44D1157FB}.Debug|x86.Build.0 = Debug|Win32
		{64281ABC-6C9C-45CE-A394-EFC44D1157FB}.Release|x64.ActiveCfg = Release|x64
		{64281ABC-6C9C-45CE-A394-EFC44D1157FB}.Release|x64.Build.0 = Release|x64
		{64281ABC-6C9C-45CE-A394-EFC44D1157FB}.Release|x86.ActiveCfg = Release|Win32
		{64281ABC-6C9C-45CE-A394-EFC44D1157FB}.Release|x86.Build.0 = Release|Win32
		{82539906-BA6C-43C5-A494-F3611866D20A}.Debug|x64.ActiveCfg = Debug|x64
		{82539906-BA6C-43C5-A494-F3611866D20A}.Debug|x64.Build.0 = Debug|x64
		{82539906-BA6C-43C5-A494-F3611866D20A}.Debug|x86.ActiveCfg = Debug|Win32
		{82539906-BA6C-43C5-A494-F3611866D20A}.Debug|x86.Build.0 = Debug|Win32
		{82539906-BA6C-43C5-A494-F3611866D20A}.Release|x64.ActiveCfg = Release|x64
		{82539906-BA6C-43C5-A494-F3611866D20A}.Release|x64.Build.0 = Release|x64
		{82539906-BA6C-43C5-A494-F3611866D20A}.Release|x86.ActiveCfg = Release|Win32
		{82539906-BA6C-43C5-A494-F3611866D20A}.Release|x86.Build.0 = Release|Win32
		{1443DE03-8F00-4AEB-B01B-1DA87DC0D137}.Debug|x64.ActiveCfg = Debug|x64
		{1443DE03-8F00-4AEB-B01B-1DA87DC0D137}.Debug|x64.Build.0 = Debug|x64
		{1443DE03-8F00-4AEB-B01B-1DA87DC0D137}.Debug|x86.ActiveCfg = Debug|Win32
		{1443DE03-8F00-4AEB-B01B-1DA87DC0D137}.Debug|x86.Build.0 = Debug|Win32
		{1443DE03-8F00-4AEB-B01B-1DA87DC0D137}.Release|x64.ActiveCfg = Release|x64
		{1443DE03-8F00-4AEB-B01B-1DA87DC0D137}.Release|x64.Build.0 = Release|x64
		{1443DE03-8F00-4AEB-B01B-1DA87DC0D137}.Release|x86.ActiveCfg = Release|Win32
		{1443DE03-8F00-4AEB-B01B-1DA87DC0D137}.Release|x86.Build.0 = Release|Win32
		{5299BB3A-C456-400D-8800-24DEE88FAEF5}.Debug|x64.ActiveCfg = Debug|x64
		{5299BB3A-C456-400D-8800-24DEE88FAEF5}.Debug|x64.Build.0 = Debug|x64
		{5299BB3A-C456-400D-8800-24DEE88FAEF5}.Debug|x86.ActiveCfg = Debug|Win32
		{5299BB3A-C456-400D-8800-24DEE88FAEF5}.Debug|x86.Build.0 = Debug|Win32
		{5299BB3A-C456-400D-8800-24DEE88FAEF5}.Release|x64.ActiveCfg = Release|x64
		{5299BB3A-C456-400D-8800-24DEE88FAEF5}.Release|x64.Build.0 = Release|x64
		{5299BB3A-C456-400D-8800-24DEE88FAEF5}.Release|x86.ActiveCfg = Release|Win32
		{5299BB3A-C456-400D-8800-24DEE88FAEF5}.Release|x86.Build.0 = Release|Win32
		{97419163-2174-452C-AB33-507BE07C6A5E}.Debug|x64.ActiveCfg = Debug|x64
		{97419163-2174-452C-AB33-507BE07C6A5E}.Debug|x64.Build.0 = Debug|x64
		{97419163-2174-452C-AB33-507BE07C6A5E}.Debug|x86.ActiveCfg = Debug|Win32
		{97419163-2174-452C-AB33-507BE07C6A5E}.Debug|x86.Build.0 = Debug|Win32
		{97419163-2174-452C-AB33-507BE07C6A5E}.Release|x64.ActiveCfg = Release|x64
		{97419163-2174-452C-AB33-507BE07C6A5E}.Release|x64.Build.0 = Release|x64
		{97419163-2174-452C-AB33-507BE07C6A5E}.Release|x86.ActiveCfg = Release|Win32
		{97419163-2174-452C-AB33-507BE07C6A5E}.Release|x86.Build.0 = Release|Win32
		{6043577C-E039-4E21-AD8F-7BF48C8DB194}.Debug|x64.ActiveCfg = Debug|x64
		{6043577C-E039-4E21-AD8F-7BF48C8DB194}.Debug|x64.Build.0 = Debug|x64
		{6043577C-E039-4E21-AD8F-7BF48C8DB194}.Debug|x86.ActiveCfg = Debug|Win32
		{6043577C-E039-4E21-AD8F-7BF48C8DB194}.Debug|x86.Build.0 = Debug|Win32
		{6043577C-E039-4E21-AD8F-7BF48C8DB194}.Release|x64.ActiveCfg = Release|x64
		{6043577C-E039-4E21-AD8F-7BF48C8DB194}.Release|x64.Build.0 = Release|x64
		{6043577C-E039-4E21-AD8F-7BF48C8DB194}.Release|x86.ActiveCfg = Release|Win32
		{6043577C-E039-4E21-AD8F-7BF48C8DB194}.Release|x86.Build.0 = Release|Win32
		{0B311395-C4A5-4C28-9EED-AD1CA9452F6E}.Debug|x64.ActiveCfg = Debug|x64
		{0B311395-C4A5-4C28-9EED-AD1CA9452F6E}.Debug|x64.Build.0 = Debug|x64
		{0B311395-C4A5-4C28-9EED-AD1CA9452F6E}.Debug|x86.ActiveCfg = Debug|Win32
		{0B311395-C4A5-4C28-9EED-AD1CA9452F6E}.Debug|x86.Build.0 = Debug|Win32
		{0B311395-C4A5-4C28-9EED-AD1CA9452F6E}.Release|x64.ActiveCfg = Release|x64
		{0B311395-C4A5-4C28-9EED-AD1CA9452F6E}.Release|x64.Build.0 = Release|x64
		{0B311395-C4A5-4C28-9EED-AD1CA9452F6E}.Release|x86.ActiveCfg = Release|Win32
		{0B311395-C4A5-4C28-9EED-AD1CA9452F6E}.Release|x86.Build.0 = Release|Win32
		{6D853A1E-95C0-43AF-9680-B71A1D8F2A6F}.Debug|x64.ActiveCfg = Debug|x64
		{6D853A1E-95C0-43AF-9680-B71A1D8F2A6F}.Debug|x64.Build.0 = Debug|x64
		{6D853A1E-95C0-43AF-9680-B71A1D8F2A6F}.Debug|x86.ActiveCfg = Debug|Win32
		{6D853A1E-95C0-43AF-9680-B71A1D8F2A6F}.Debug|x86.Build.0 = Debug|Win32
		{6D853A1E-95C0-43AF-9680-B71A1D8F2A6F}.Release|x64.ActiveCfg = Release|x64
		{6D853A1E-95C0-43AF-9680-B71A1D8F2A6F}.Release|x64.Build.0 = Release|x64
		{6D853A1E-95C0-43AF-9680-B71A1D8F2A6F}.Release|x86.ActiveCfg = Release|Win32
		{6D853A1E-95C0-43AF-9680-B71A1D8F2A6F}.Release|x86.Build.0 = Release|Win32
		{26811726-A38B-4CD3-91CB-AECDA4E9760B}.Debug|x64.ActiveCfg = Debug|x64
		{26811726-A38B-4CD3-91CB-AECDA4E9760B}.Debug|x64.Build.0 = Debug|x64
		{26811726-A38B-4CD3-91CB-AECDA4E9760B}.Debug|x86.ActiveCfg = Debug|Win32
		{26811726-A38B-4CD3-91CB-AECDA4E9760B}.Debug|x86.Build.0 = Debug|Win32
		{26811726-A38B-4CD3-91CB-AECDA4E9760B}.Release|x64.ActiveCfg = Release|x64
		{26811726-A38B-4CD3-91CB-AECDA4E9760B}.Release|x64.Build.0 = Release|x64
		{26811726-A38B-4CD3-91CB-AECDA4E9760B}.Release|x86.ActiveCfg = Release|Win32
		{26811726-A38B-4CD3-91CB-AECDA4E9760B}.Release|x86.Build.0 = Release|Win32
		{955A045F-A195-43C0-BD1F-EDD98313B596}.Debug|x64.ActiveCfg = Debug|x64
		{955A045F-A195-43C0-BD1F-EDD98313B596}.Debug|x64.Build.0 = Debug|x64
		{955A045F-A195-43C0-BD1F-EDD98313B596}.Debug|x86.ActiveCfg = Debug|Win32
		{955A045F-A195-43C0-BD1F-EDD98313B596}.Debug|x86.Build.0 = Debug|Win32
		{955A045F-A195-43C0-BD1F-EDD98313B596}.Release|x64.ActiveCfg = Release|x64
		{955A045F-A195-43C0-BD1F-EDD98313B596}.Release|x64.Build.0 = Release|x64
		{955A045F-A195-43C0-BD1F-EDD98313B596}.Release|x86.ActiveCfg = Release|Win32
		{955A045F-A195-43C0-BD1F-EDD98313B596}.Release|x86.Build.0 = Release|Win32
		{85DBE437-C618-41C7-AA9F-1D04E2609BDF}.Debug|x64.ActiveCfg = Debug|x64
		{85DBE437-C618-41C7-AA9F-1D04E2609BDF}.Debug|x64.Build.0 = Debug|x64
		{85DBE437-C618-41C7-AA9F-1D04E2609BDF}.Debug|x86.ActiveCfg = Debug|Win32
		{85DBE437-C618-41C7-AA9F-1D04E2609BDF}.Debug|x86.Build.0 = Debug|Win32
		{85DBE437-C618-41C7-AA9F-1D04E2609BDF}.Release|x64.ActiveCfg = Release|x64
		{85DBE437-C618-41C7-AA9F-1D04E2609BDF}.Release|x64.Build.0 = Release|x64
		{85DBE437-C618-41C7-AA9F-1D04E2609BDF}.Release|x86.ActiveCfg = Release|Win32
		{85DBE437-C618-41C7-AA9F-1D04E2609BDF}.Release|x86.Build.0 = Release|Win32
		{E17BCE97-08BE-4E1A-8E31-BCE7D71E6DA8}.Debug|x64.ActiveCfg = Debug|x64
		{E17BCE97-08BE-4E1A-8E31-BCE7D71E6DA8}.Debug|x64.Build.0 = Debug|x64
		{E17BCE97-08BE-4E1A-8E31-BCE7D71E6DA8}.Debug|x86.ActiveCfg = Debug|Win32
		{E17BCE97-08BE-4E1A-8E31-BCE7D71E6DA8}.Debug|x86.Build.0 = Debug|Win32
		{E17BCE97-08BE-4E1A-8E31-BCE7D71E6DA8}.Release|x64.ActiveCfg = Release|x64
		{E17BCE97-08BE-4E1A-8E31-BCE7D71E6DA8}.Release|x64.Build.0 = Release|x64
		{E17BCE97-08BE-4E1A-8E31-BCE7D71E6DA8}.Release|x86.ActiveCfg = Release|Win32
		{E17BCE97-08BE-4E1A-8E31-BCE7D71E6DA8}.Release|x86.Build.0 = Release|Win32
		{ED71A521-D37F-47E7-8124-D3B7294D1233}.Debug|x64.ActiveCfg = Debug|x64
		{ED71A521-D37F-47E7-8124-D3B7294D1233}.Debug|x64.Build.0 = Debug|x64
		{ED71A521-D37F-47E7-8124-D3B7294D1233}.Debug|x86.ActiveCfg = Debug|Win32
		{ED71A521-D37F-47E7-8124-D3B7294D1233}.Debug|x86.Build.0 = Debug|Win32
		{ED71A521-D37F-47E7-8124-D3B7294D1233}.Release|x64.ActiveCfg = Release|x64
		{ED71A521-D37F-47E7-8124-D3B7294D1233}.Release|x64.Build.0 = Release|x64
		{ED71A521-D37F-47E7-8124-D3B7294D1233}.Release|x86.ActiveCfg = Release|Win32
		{ED71A521-D37F-47E7-8124-D3B7294D1233}.Release|x86.Build.0 = Release|Win32
		{2BDB2FF9-8272-4CDC-9884-BE85852EB74A}.Debug|x64.ActiveCfg = Debug|x64
		{2BDB2FF9-8272-4CDC-9884-BE85852EB74A}.Debug|x64.Build.0 = Debug|x64
		{2BDB2FF9-8272-4CDC-9884-BE85852EB74A}.Debug|x86.ActiveCfg = Debug|Win32
		{2BDB2FF9-8272-4CDC-9884-BE85852EB74A}.Debug|x86.Build.0 = Debug|Win32
		{2BDB2FF9-8272-4CDC-9884-BE85852EB74A}.Release|x64.ActiveCfg = Release|x64
		{2BDB2FF9-8272-4CDC-9884-BE85852EB74A}.Release|x64.Build.0 = Release|x64
		{2BDB2FF9-8272-4CDC-9884-BE85852EB74A}.Release|x86.ActiveCfg = Release|Win32
		{2BDB2FF9-8272-4CDC-9884-BE85852EB74A}.Release|x86.Build.0 = Release|Win32
		{DA471495-68FC-451B-8825-106C10566B28}.Debug|x64.ActiveCfg = Debug|x64
		{DA471495-68FC-451B-8825-106C10566B28}.Debug|x64.Build.0 = Debug|x64
		{DA471495-68FC-451B-8825-106C10566B28}.Debug|x86.ActiveCfg = Debug|Win32
		{DA471495-68FC-451B-8825-106C10566B28}.Debug|x86.Build.0 = Debug|Win32
		{DA471495-68FC-451B-8825-106C10566B28}.Release|x64.ActiveCfg = Release|x64
		{DA471495-68FC-451B-8825-106C10566B28}.Release|x64.Build.0 = Release|x64
		{DA471495-68FC-451B-8825-106C10566B28}.Release|x86.ActiveCfg = Release|Win32
		{DA471495-68FC-451B-8825-106C10566B28}.Release|x86.Build.0 = Release|Win32
		{D36BEE6B-6DBB-4BCB-901F-28072F71DDE9}.Debug|x64.ActiveCfg = Debug|x64
		{D36BEE6B-6DBB-4BCB-901F-28072F71DDE9}.Debug|x64.Build.0 = Debug|x64
		{D36BEE6B-6DBB-4BCB-901F-28072F71DDE9}.Debug|x86.ActiveCfg = Debug|Win32
		{D36BEE6B-6DBB-4BCB-901F-28072F71DDE9}.Debug|x86.Build.0 = Debug|Win32
		{D36BEE6B-6DBB-4BCB-901F-28072F71DDE9}.Release|x64.ActiveCfg = Release|x64
		{D36BEE6B-6DBB-4BCB-901F-28072F71DDE9}.Release|x64.Build.0 = Release|x64
		{D36BEE6B-6DBB-4BCB-901F-28072F71DDE9}.Release|x86.ActiveCfg = Release|Win32
		{D36BEE6B-6DBB-4BCB-901F-28072F71DDE9}.Release|x86.Build.0 = Release|Win32
		{F7A375C3-7F2F-4A39-B883-534BA6AADBFD}.Debug|x64.ActiveCfg = Debug|x64
		{F7A375C3-7F2F-4A39-B883-534BA6AADBFD}.Debug|x64.Build.0 = Debug|x64
		{F7A375C3-7F2F-4A39-B883-534BA6AADBFD}.Debug|x86.ActiveCfg = Debug|Win32
		{F7A375C3-7F2F-4A39-B883-534BA6AADBFD}.Debug|x86.Build.0 = Debug|Win32
		{F7A375C3-7F2F-4A39-B883-534BA6AADBFD}.Release|x64.ActiveCfg = Release|x64
		{F7A375C3-7F2F-4A39-B883-534BA6AADBFD}.Release|x64.Build.0 = Release|x64
		{F7A375C3-7F2F-4A39-B883-534BA6AADBFD}.Release|x86.ActiveCfg = Release|Win32
		{F7A375C3-7F2F-4A39-B883-534BA6AADBFD}.Release|x86.Build.0 = Release|Win32
		{9938A0F0-76E3-4ADB-B1A4-47AB81CB3450}.Debug|x64.ActiveCfg = Debug|x64
		{9938A0F0-76E3-4ADB-B1A4-47AB81CB3450}.Debug|x64.Build.0 = Debug|x64
		{9938A0F0-76E3-4ADB-B1A4-47AB81CB3450}.Debug|x86.ActiveCfg = Debug|Win32
		{9938A0F0-76E3-4ADB-B1A4-47AB81CB3450}.Debug|x86.Build.0 = Debug|Win32
		{9938A0F0-76E3-4ADB-B1A4-47AB81CB3450}.Release|x64.ActiveCfg = Release|x64
		{9938A0F0-76E3-4ADB-B1A4-47AB81CB3450}.Release|x64.Build.0 = Release|x64
		{9938A0F0-76E3-4ADB-B1A4-47AB81CB3450}.Release|x86.ActiveCfg = Release|Win32
		{9938A0F0-76E3-4ADB-B1A4-47AB81CB3450}.Release|x86.Build.0 = Release|Win32
		{9CEB925F-9D15-4B52-A87F-1277386477F3}.Debug|x64.ActiveCfg = Debug|x64
		{9CEB925F-9D15-4B52-A87F-1277386477F3}.Debug|x64.Build.0 = Debug|x64
		{9CEB925F-9D15-4B52-A87F-1277386477F3}.Debug|x86.ActiveCfg = Debug|Win32
		{9CEB925F-9D15-4B52-A87F-1277386477F3}.Debug|x86.Build.0 = Debug|Win32
		{9CEB925F-9D15-4B52-A87F-1277386477F3}.Release|x64.ActiveCfg = Release|x64
		{9CEB925F-9D15-4B52-A87F-1277386477F3}.Release|x64.Build.0 = Release|x64
		{9CEB925F-9D15-4B52-A87F-1277386477F3}.Release|x86.ActiveCfg = Release|Win32
		{9CEB925F-9D15-4B52-A87F-1277386477F3}.Release|x86.Build.0 = Release|Win32
		{5ECBA8E4-4716-406A-A1FF-C82179A4D3CB}.Debug|x64.ActiveCfg = Debug|x64
		{5ECBA8E4-4716-406A-A1FF-C82179A4D3CB}.Debug|x64.Build.0 = Debug|x64
		{5ECBA8E4-4716-406A-A1FF-C82179A4D3CB}.Debug|x86.ActiveCfg = Debug|Win32
		{5ECBA8E4-4716-406A-A1FF-C82179A4D3CB}.Debug|x86.Build.0 = Debug|Win32
		{5ECBA8E4-4716-406A-A1FF-C82179A4D3CB}.Release|x64.ActiveCfg = Release|x64
		{5ECBA8E4-4716-406A-A1FF-C82179A4D3CB}.Release|x64.Build.0 = Release|x64
		{5ECBA8E4-4716-406A-A1FF-C82179A4D3CB}.Release|x86.ActiveCfg = Release|Win32
		{5ECBA8E4-4716-406A-A1FF-C82179A4D3CB}.Release|x86.Build.0 = Release|Win32
		{A0C9CEF7-417E-451A-94EB-2C254B10B4A0}.Debug|x64.ActiveCfg = Debug|x64
		{A0C9CEF7-417E-451A-94EB-2C254B10B4A0}.Debug|x64.Build.0 = Debug|x64
		{A0C9CEF7-417E-451A-94EB-2C254B10B4A0}.Debug|x86.ActiveCfg = Debug|Win32
		{A0C9CEF7-417E-451A-94EB-2C254B10B4A0}.Debug|x86.Build.0 = Debug|Win32
		{A0C9CEF7-417E-451A-94EB-2C254B10B4A0}.Release|x64.ActiveCfg = Release|x64
		{A0C9CEF7-417E-451A-94EB-2C254B10B4A0}.Release|x64.Build.0 = Release|x64
		{A0C9CEF7-417E-451A-94EB-2C254B10B4A0}.Release|x86.ActiveCfg = Release|Win32
		{A0C9CEF7-417E-451A-94EB-2C254B10B4A0}.Release|x86.Build.0 = Release|Win32
		{96EF4BF5-908F-4158-AF29-583C4703B961}.Debug|x64.ActiveCfg = Debug|x64
		{96EF4BF5-908F-4158-AF29-583C4703B961}.Debug|x64.Build.0 = Debug|x64
		{96EF4BF5-908F-4158-AF29-583C4703B961}.Debug|x86.ActiveCfg = Debug|Win32
		{96EF4BF5-908F-4158-AF29-583C4703B961}.Debug|x86.Build.0 = Debug|Win32
		{96EF4BF5-908F-4158-AF29-583C4703B961}.Release|x64.ActiveCfg = Release|x64
		{96EF4BF5-908F-4158-AF29-583C4703B961}.Release|x64.Build.0 = Release|x64
		{96EF4BF5-908F-4158-AF29-583C4703B961}.Release|x86.ActiveCfg = Release|Win32
		{96EF4BF5-908F-4158-AF29-583C4703B961}.Release|x86.Build.0 = Release|Win32
		{F838F9F0-32E5-4AE2-8A14-4D6FBD40BBC7}.Debug|x64.ActiveCfg = Debug|x64
		{F838F9F0-32E5-4AE2-8A14-4D6FBD40BBC7}.Debug|x64.Build.0 = Debug|x64
		{F838F9F0-32E5-4AE2-8A14-4D6FBD40BBC7}.Debug|x86.ActiveCfg = Debug|Win32
		{F838F9F0-32E5-4AE2-8A14-4D6FBD40BBC7}.Debug|x86.Build.0 = Debug|Win32
		{F838F9F0-32E5-4AE2-8A14-4D6FBD40BBC7}.Release|x64.ActiveCfg = Release|x64
		{F838F9F0-32E5-4AE2-8A14-4D6FBD40BBC7}.Release|x64.Build.0 = Release|x64
		{F838F9F0-32E5-4AE2-8A14-4D6FBD40BBC7}.Release|x86.ActiveCfg = Release|Win32
		{F838F9F0-32E5-4AE2-8A14-4D6FBD40BBC7}.Release|x86.Build.0 = Release|Win32
		{A6D98554-03BE-4FC8-AE79-130B03084DBA}.Debug|x64.ActiveCfg = Debug|x64
		{A6D98554-03BE-4FC8-AE79-130B03084DBA}.Debug|x64.Build.0 = Debug|x64
		{A6D98554-03BE-4FC8-AE79-130B03084DBA}.Debug|x86.ActiveCfg = Debug|Win32
		{A6D98554-03BE-4FC8-AE79-130B03084DBA}.Debug|x86.Build.0 = Debug|Win32
		{A6D98554-03BE-4FC8-AE79-130B03084DBA}.Release|x64.ActiveCfg = Release|x64
		{A6D98554-03BE-4FC8-AE79-130B03084DBA}.Release|x64.Build.0 = Release|x64
		{A6D98554-03BE-4FC8-AE79-130B03084DBA}.Release|x86.ActiveCfg = Release|Win32
		{A6D98554-03BE-4FC8-AE79-130B03084DBA}.Release|x86.Build.0 = Release|Win32
		{2D2BB3EA-1660-4D75-B2E4-CB4126438CC0}.Debug|x64.ActiveCfg = Debug|x64
		{2D2BB3EA-1660-4D75-B2E4-CB4126438CC0}.Debug|x64.Build.0 = Debug|x64
		{2D2BB3EA-1660-4D75-B2E4-CB4126438CC0}.Debug|x86.ActiveCfg = Debug|Win32
		{2D2BB3EA-1660-4D75-B2E4-CB4126438CC0}.Debug|x86.Build.0 = Debug|Win32
		{2D2BB3EA-1660-4D75-B2E4-CB4126438CC0}.Release|x64.ActiveCfg = Release|x64
		{2D2BB3EA-1660-4D75-B2E4-CB4126438CC0}.Release|x64.Build.0 = Release|x64
		{2D2BB3EA-1660-4D75-B2E4-CB4126438CC0}.Release|x86.ActiveCfg = Release|Win32
		{2D2BB3EA-1660-4D75-B2E4-CB4126438CC0}.Release|x86.Build.0 = Release|Win32
		{CD5413D4-D059-40C4-819D-1EE33F89D631}.Debug|x64.ActiveCfg = Debug|x64
		{CD5413D4-D059-40C4-819D-1EE33F89D631}.Debug|x64.Build.0 = Debug|x64
		{CD5413D4-D059-40C4-819D-1EE33F89D631}.Debug|x86.ActiveCfg = Debug|Win32
		{CD5413D4-D059-40C4-819D-1EE33F89D631}.Debug|x86.Build.0 = Debug|Win32
		{CD5413D4-D059-40C4-819D-1EE33F89D631}.Release|x64.ActiveCfg = Release|x64
		{CD5413D4-D059-40C4-819D-1EE33F89D631}.Release|x64.Build.0 = Release|x64
		{CD5413D4-D059-40C4-819D-1EE33F89D631}.Release|x86.ActiveCfg = Release|Win32
		{CD5413D4-D059-40C4-819D-1EE33F89D631}.Release|x86.Build.0 = Release|Win32
		{5BAA75B5-B401-4E9B-A504-E6C3CA1FDA05}.Debug|x64.ActiveCfg = Debug|x64
		{5BAA75B5-B401-4E9B-A504-E6C3CA1FDA05}.Debug|x64.Build.0 = Debug|x64
		{5BAA75B5-B401-4E9B-A504-E6C3CA1FDA05}.Debug|x86.ActiveCfg = Debug|Win32
		{5BAA75B5-B401-4E9B-A504-E6C3CA1FDA05}.Debug|x86.Build.0 = Debug|Win32
		{5BAA75B5-B401-4E9B-A504-E6C3CA1FDA05}.Release|x64.ActiveCfg = Release|x64
		{5BAA75B5-B401-4E9B-A504-E6C3CA1FDA05}.Release|x64.Build.0 = Release|x64
		{5BAA75B5-B401-4E9B-A504-E6C3CA1FDA05}.Release|x86.ActiveCfg = Release|Win32
		{5BAA75B5-B401-4E9B-A504-E6C3CA1FDA05}.Release|x86.Build.0 = Release|Win32
		{02EA9AF3-A3D5-40B1-81AD-F92E3CBDA12E}.Debug|x64.ActiveCfg = Debug|x64
		{02EA9AF3-A3D5-40B1-81AD-F92E3CBDA12E}.Debug|x64.Build.0 = Debug|x64
		{02EA9AF3-A3D5-40B1-81AD-F92E3CBDA12E}.Debug|x86.ActiveCfg = Debug|Win32
		{02EA9AF3-A3D5-40B1-81AD-F92E3CBDA12E}.Debug|x86.Build.0 = Debug|Win32
		{02EA9AF3-A3D5-40B1-81AD-F92E3CBDA12E}.Release|x64.ActiveCfg = Release|x64
		{02EA9AF3-A3D5-40B1-81AD-F92E3CBDA12E}.Release|x64.Build.0 = Release|x64
		{02EA9AF3-A3D5-40B1-81AD-F92E3CBDA12E}.Release|x86.ActiveCfg = Release|Win32
		{02EA9AF3-A3D5-40B1-81AD-F92E3CBDA12E}.Release|x86.Build.0 = Release|Win32
		{21B07811-E1CF-4C33-BF95-EAF220DA24C2}.Debug|x64.ActiveCfg = Debug|x64
		{21B07811-E1CF-4C33-BF95-EAF220DA24C2}.Debug|x64.Build.0 = Debug|x64
		{21B07811-E1CF-4C33-BF95-EAF220DA24C2}.Debug|x86.ActiveCfg = Debug|Win32
		{21B07811-E1CF-4C33-BF95-EAF220DA24C2}.Debug|x86.Build.0 = Debug|Win32
		{21B07811-E1CF-4C33-BF95-EAF220DA24C2}.Release|x64.ActiveCfg = Release|x64
		{21B07811-E1CF-4C33-BF95-EAF220DA24C2}.Release|x64.Build.0 = Release|x64
		{21B07811-E1CF-4C33-BF95-EAF220DA24C2}.Release|x86.ActiveCfg = Release|Win32
		{21B07811-E1CF-4C33-BF95-EAF220DA24C2}.Release|x86.Build.0 = Release|Win32
		{D4D73CDF-2876-4359-8EA9-756FA558D462}.Debug|x64.ActiveCfg = Debug|x64
		{D4D73CDF-2876-4359-8EA9-756FA558D462}.Debug|x64.Build.0 = Debug|x64
		{D4D73CDF-2876-4359-8EA9-756FA558D462}.Debug|x86.ActiveCfg = Debug|Win32
		{D4D73CDF-2876-4359-8EA9-756FA558D462}.Debug|x86.Build.0 = Debug|Win32
		{D4D73CDF-2876-4359-8EA9-756FA558D462}.Release|x64.ActiveCfg = Release|x64
		{D4D73CDF-2876-4359-8EA9-756FA558D462}.Release|x64.Build.0 = Release|x64
		{D4D73CDF-2876-4359-8EA9-756FA558D462}.Release|x86.ActiveCfg = Release|Win32
		{D4D73CDF-2876-4359-8EA9-756FA558D462}.Release|x86.Build.0 = Release|Win32
		{33C23D7C-20E9-4A56-A407-23AC85E36BFD}.Debug|x64.ActiveCfg = Debug|x64
		{33C23D7C-20E9-4A56-A407-23AC85E36BFD}.Debug|x64.Build.0 = Debug|x64
		{33C23D7C-20E9-4A56-A407-23AC85E36BFD}.Debug|x86.ActiveCfg = Debug|Win32
		{33C23D7C-20E9-4A56-A407-23AC85E36BFD}.Debug|x86.Build.0 = Debug|Win32
		{33C23D7C-20E9-4A56-A407-23AC85E36BFD}.Release|x64.ActiveCfg = Release|x64
		{33C23D7C-20E9-4A56-A407-23AC85E36BFD}.Release|x64.Build.0 = Release|x64
		{33C23D7C-20E9-4A56-A407-23AC85E36BFD}.Release|x86.ActiveCfg = Release|Win32
		{33C23D7C-20E9-4A56-A407-23AC85E36BFD}.Release|x86.Build.0 = Release|Win32
		{3892F7B3-A5FB-483F-98B4-6279A74A27CF}.Debug|x64.ActiveCfg = Debug|x64
		{3892F7B3-A5FB-483F-98B4-6279A74A27CF}.Debug|x64.Build.0 = Debug|x64
		{3892F7B3-A5FB-483F-98B4-6279A74A27CF}.Debug|x86.ActiveCfg = Debug|Win32
		{3892F7B3-A5FB-483F-98B4-6279A74A27CF}.Debug|x86.Build.0 = Debug|Win32
		{3892F7B3-A5FB-483F-98B4-6279A74A27CF}.Release|x64.ActiveCfg = Release|x64
		{3892F7B3-A5FB-483F-98B4-6279A74A27CF}.Release|x64.Build.0 = Release|x64
		{3892F7B3-A5FB-483F-98B4-6279A74A27CF}.Release|x86.ActiveCfg = Release|Win32
		{3892F7B3-A5FB-483F-98B4-6279A74A27CF}.Release|x86.Build.0 = Release|Win32
		{B2C88B96-E4B8-439F-95E9-B70E1DF10A23}.Debug|x64.ActiveCfg = Debug|x64
		{B2C88B96-E4B8-439F-95E9-B70E1DF10A23}.Debug|x64.Build.0 = Debug|x64
		{B2C88B96-E4B8-439F-95E9-B70E1DF10A23}.Debug|x86.ActiveCfg = Debug|Win32
		{B2C88B96-E4B8-439F-95E9-B70E1DF10A23}.Debug|x86.Build.0 = Debug|Win32
		{B2C88B96-E4B8-439F-95E9-B70E1DF10A23}.Release|x64.ActiveCfg = Release|x64
		{B2C88B96-E4B8-439F-95E9-B70E1DF10A23}.Release|x64.Build.0 = Release|x64
		{B2C88B96-E4B8-439F-95E9-B70E1DF10A23}.Release|x86.ActiveCfg = Release|Win32
		{B2C88B96-E4B8-439F-95E9-B70E1DF10A23}.Release|x86.Build.0 = Release|Win32
		{22078368-D5CE-42A8-AD63-D824A111E13C}.Debug|x64.ActiveCfg = Debug|x64
		{22078368-D5CE-42A8-AD63-D824A111E13C}.Debug|x64.Build.0 = Debug|x64
		{22078368-D5CE-42A8-AD63-D824A111E13C}.Debug|x86.ActiveCfg = Debug|Win32
		{22078368-D5CE-42A8-AD63-D824A111E13C}.Debug|x86.Build.0 = Debug|Win32
		{22078368-D5CE-42A8-AD63-D824A111E13C}.Release|x64.ActiveCfg = Release|x64
		{22078368-D5CE-42A8-AD63-D824A111E13C}.Release|x64.Build.0 = Release|x64
		{22078368-D5CE-42A8-AD63-D824A111E13C}.Release|x86.ActiveCfg = Release|Win32
		{22078368-D5CE-42A8-AD63-D824A111E13C}.Release|x86.Build.0 = Release|Win32
		{8F25964C-8E67-4C10-A92B-5873EC687A1B}.Debug|x64.ActiveCfg = Debug|x64
		{8F25964C-8E67-4C10-A92B-5873EC687A1B}.Debug|x64.Build.0 = Debug|x64
		{8F25964C-8E67-4C10-A92B-5873EC687A1B}.Debug|x86.ActiveCfg = Debug|Win32
		{8F25964C-8E67-4C10-A92B-5873EC687A1B}.Debug|x86.Build.0 = Debug|Win32
		{8F25964C-8E67-4C10-A92B-5873EC687A1B}.Release|x64.ActiveCfg = Release|x64
		{8F25964C-8E67-4C10-A92B-5873EC687A1B}.Release|x64.Build.0 = Release|x64
		{8F25964C-8E67-4C10-A92B-5873EC687A1B}.Release|x86.ActiveCfg = Release|Win32
		{8F25964C-8E67-4C10-A92B-5873EC687A1B}.Release|x86.Build.0 = Release|Win32
	EndGlobalSection
	GlobalSection(SolutionProperties) = preSolution
		HideSolutionNode = FALSE
	EndGlobalSection
	GlobalSection(ExtensibilityGlobals) = postSolution
		SolutionGuid = {D2D1C223-D7E2-485B-9172-7EC619428206}
	EndGlobalSection
EndGlobal
