
Microsoft Visual Studio Solution File, Format Version 12.00
# Visual Studio Version 17
VisualStudioVersion = 17.5.33516.290
MinimumVisualStudioVersion = 10.0.40219.1
Project("{8BC9CEB8-8B4A-11D0-8D11-00A0C91BC942}") = "Bai001", "Bai001\Bai001.vcxproj", "{AE891D3A-5FB8-4F75-AF20-97812D7C208A}"
EndProject
Project("{8BC9CEB8-8B4A-11D0-8D11-00A0C91BC942}") = "Bai002", "Bai002\Bai002.vcxproj", "{62D999D1-12AD-451A-9A9D-5B65CC25B809}"
EndProject
Project("{8BC9CEB8-8B4A-11D0-8D11-00A0C91BC942}") = "Bai003", "Bai003\Bai003.vcxproj", "{E727A96D-045C-46E0-B99B-16FE1D0CBD81}"
EndProject
Project("{8BC9CEB8-8B4A-11D0-8D11-00A0C91BC942}") = "Bai004", "Bai004\Bai004.vcxproj", "{E17843D0-5DF0-405B-AD8B-9B9DE1E7A159}"
EndProject
Project("{8BC9CEB8-8B4A-11D0-8D11-00A0C91BC942}") = "Bai005-Tien", "Bai005-Tien\Bai005-Tien.vcxproj", "{F2B16DF3-D448-4C5B-969C-95CA4F2C9AA8}"
EndProject
Project("{8BC9CEB8-8B4A-11D0-8D11-00A0C91BC942}") = "Bai011-Tien", "Bai011-Tien\Bai011-Tien.vcxproj", "{F8D6D6B5-3206-490F-88FC-2A672BE1A016}"
EndProject
Project("{8BC9CEB8-8B4A-11D0-8D11-00A0C91BC942}") = "Bai017-Tien", "Bai017-Tien\Bai017-Tien.vcxproj", "{0E94CA12-619A-4511-A413-A8C94886BA00}"
EndProject
Project("{8BC9CEB8-8B4A-11D0-8D11-00A0C91BC942}") = "Bai023-Tien", "Bai023-Tien\Bai023-Tien.vcxproj", "{074D3B0A-4328-41D2-987D-03626A9081BE}"
EndProject
Project("{8BC9CEB8-8B4A-11D0-8D11-00A0C91BC942}") = "Bai029-Tien", "Bai029-Tien\Bai029-Tien.vcxproj", "{12CFCE32-599D-4CB9-8DE9-03CCB6B5543A}"
EndProject
Project("{8BC9CEB8-8B4A-11D0-8D11-00A0C91BC942}") = "Bai035-Tien", "Bai035-Tien\Bai035-Tien.vcxproj", "{AA271FD2-1FFB-4665-8D0B-48DFA5880D20}"
EndProject
Project("{8BC9CEB8-8B4A-11D0-8D11-00A0C91BC942}") = "Bai041-Tien", "Bai041-Tien\Bai041-Tien.vcxproj", "{AA77CEE0-FF07-46CA-AEFB-003DFAA4B85D}"
EndProject
Project("{8BC9CEB8-8B4A-11D0-8D11-00A0C91BC942}") = "Bai050-Tien", "Bai050-Tien\Bai050-Tien.vcxproj", "{B91B1A87-4617-4FC1-9AD8-3B7B9236B9C4}"
EndProject
Project("{8BC9CEB8-8B4A-11D0-8D11-00A0C91BC942}") = "Bai056-Tien", "Bai056-Tien\Bai056-Tien.vcxproj", "{E4DB4D07-57A0-4E9A-AB61-6ECD75F82097}"
EndProject
Project("{8BC9CEB8-8B4A-11D0-8D11-00A0C91BC942}") = "Bai062-Tien", "Bai062-Tien\Bai062-Tien.vcxproj", "{AD74A58B-6008-4625-B005-6651CE703F41}"
EndProject
Project("{8BC9CEB8-8B4A-11D0-8D11-00A0C91BC942}") = "Bai004-Bao", "Bai004-Bao\Bai004-Bao.vcxproj", "{07D16AEE-C667-4422-B7F2-0709838711A3}"
EndProject
Project("{8BC9CEB8-8B4A-11D0-8D11-00A0C91BC942}") = "Bai010-Bao", "Bai010-Bao\Bai010-Bao.vcxproj", "{0E26C12C-BD09-4D10-BBFF-F3BDE26BDB7A}"
EndProject
Project("{8BC9CEB8-8B4A-11D0-8D11-00A0C91BC942}") = "Bai016-Bao", "Bai016-Bao\Bai016-Bao.vcxproj", "{63450675-F382-4A54-AC10-4ECB23730379}"
EndProject
ndProject
Project("{8BC9CEB8-8B4A-11D0-8D11-00A0C91BC942}") = "Bai016-Bao", "Bai016-Bao\Bai016-Bao.vcxproj", "{63450675-F382-4A54-AC10-4ECB23730379}"
EndProject
Project("{8BC9CEB8-8B4A-11D0-8D11-00A0C91BC942}") = "Bai009-Quang", "Bai009-Quang\Bai009-Quang.vcxproj", "{BACE9D13-EFAA-4132-BD59-1C3EE61FC83B}"
Project("{8BC9CEB8-8B4A-11D0-8D11-00A0C91BC942}") = "Bai002-Ngoc", "Bai002-Ngoc\Bai002-Ngoc.vcxproj", "{AC801FAB-158E-4B6B-8BCE-1BFCDF5C200D}"
EndProject
Project("{8BC9CEB8-8B4A-11D0-8D11-00A0C91BC942}") = "Bai015-Quang", "Bai015-Quang\Bai015-Quang.vcxproj", "{712A6C52-0CAB-4A66-B2A7-90584158AEA1}"
Project("{8BC9CEB8-8B4A-11D0-8D11-00A0C91BC942}") = "Bai008-Ngoc", "Bai008-Ngoc\Bai008-Ngoc.vcxproj", "{A7589A7E-E62B-4388-A48F-15B44ACC448C}"
EndProject
Project("{8BC9CEB8-8B4A-11D0-8D11-00A0C91BC942}") = "Bai021-Quang", "Bai021-Quang\Bai021-Quang.vcxproj", "{1FAC25BE-35EB-43AC-863B-2D003486D810}"
Project("{8BC9CEB8-8B4A-11D0-8D11-00A0C91BC942}") = "Bai014-Ngoc", "Bai014-Ngoc\Bai014-Ngoc.vcxproj", "{71772D07-E428-47D0-BA95-987B159CB55D}"
EndProject
Project("{8BC9CEB8-8B4A-11D0-8D11-00A0C91BC942}") = "Bai027-Quang", "Bai027-Quang\Bai027-Quang.vcxproj", "{FDC54CBD-646D-4F0E-A879-844D83D4313F}"
Project("{8BC9CEB8-8B4A-11D0-8D11-00A0C91BC942}") = "Bai020-Ngoc", "Bai020-Ngoc\Bai020-Ngoc.vcxproj", "{59C2D5D6-41B2-4E27-B090-7B3F6ECF533F}"
EndProject
Project("{8BC9CEB8-8B4A-11D0-8D11-00A0C91BC942}") = "Bai033-Quang", "Bai033-Quang\Bai033-Quang.vcxproj", "{64281ABC-6C9C-45CE-A394-EFC44D1157FB}"
Project("{8BC9CEB8-8B4A-11D0-8D11-00A0C91BC942}") = "Bai026-Ngoc", "Bai026-Ngoc\Bai026-Ngoc.vcxproj", "{9B7F1B55-34EC-448E-981F-1DF5BAD615E7}"
EndProject
Project("{8BC9CEB8-8B4A-11D0-8D11-00A0C91BC942}") = "Bai039-Quang", "Bai039-Quang\Bai039-Quang.vcxproj", "{82539906-BA6C-43C5-A494-F3611866D20A}"
Project("{8BC9CEB8-8B4A-11D0-8D11-00A0C91BC942}") = "Bai032-Ngoc", "Bai032-Ngoc\Bai032-Ngoc.vcxproj", "{EA0AA2E7-7EE4-49D7-A279-3ECD1389F380}"
EndProject
Project("{8BC9CEB8-8B4A-11D0-8D11-00A0C91BC942}") = "Bai048-Quang", "Bai048-Quang\Bai048-Quang.vcxproj", "{1443DE03-8F00-4AEB-B01B-1DA87DC0D137}"
Project("{8BC9CEB8-8B4A-11D0-8D11-00A0C91BC942}") = "Bai038-Ngoc", "Bai038-Ngoc\Bai038-Ngoc.vcxproj", "{7D9CF459-5CAE-4C25-A3E1-F82BE7E6818D}"
EndProject
Project("{8BC9CEB8-8B4A-11D0-8D11-00A0C91BC942}") = "Bai054-Quang", "Bai054-Quang\Bai054-Quang.vcxproj", "{5299BB3A-C456-400D-8800-24DEE88FAEF5}"
Project("{8BC9CEB8-8B4A-11D0-8D11-00A0C91BC942}") = "Bai044-Ngoc", "Bai044-Ngoc\Bai044-Ngoc.vcxproj", "{606BFECB-F088-41A3-B669-1C74C310DDB0}"
EndProject
Project("{8BC9CEB8-8B4A-11D0-8D11-00A0C91BC942}") = "Bai060-Quang", "Bai060-Quang\Bai060-Quang.vcxproj", "{97419163-2174-452C-AB33-507BE07C6A5E}"
Project("{8BC9CEB8-8B4A-11D0-8D11-00A0C91BC942}") = "Bai053-Ngoc", "Bai053-Ngoc\Bai053-Ngoc.vcxproj", "{1A3BAAF2-86EC-4BEE-A4C2-993ECFA49DAF}"
EndProject
Project("{8BC9CEB8-8B4A-11D0-8D11-00A0C91BC942}") = "Bai028-Bao", "Bai028-Bao\Bai028-Bao.vcxproj", "{6043577C-E039-4E21-AD8F-7BF48C8DB194}"
Project("{8BC9CEB8-8B4A-11D0-8D11-00A0C91BC942}") = "Bai059-Ngoc", "Bai059-Ngoc\Bai059-Ngoc.vcxproj", "{977AEA45-2A88-4815-AF9D-A6ED6F447487}"
EndProject
Project("{8BC9CEB8-8B4A-11D0-8D11-00A0C91BC942}") = "Bai034-Bao", "Bai034-Bao\Bai034-Bao.vcxproj", "{0B311395-C4A5-4C28-9EED-AD1CA9452F6E}"
Project("{8BC9CEB8-8B4A-11D0-8D11-00A0C91BC942}") = "Bai046-Ngoc", "Bai046-Ngoc\Bai046-Ngoc.vcxproj", "{679273AF-EA8C-429C-BEF6-5BE48B86804C}"
EndProject
Project("{8BC9CEB8-8B4A-11D0-8D11-00A0C91BC942}") = "Bai040-Bao", "Bai040-Bao\Bai040-Bao.vcxproj", "{6D853A1E-95C0-43AF-9680-B71A1D8F2A6F}"
Project("{8BC9CEB8-8B4A-11D0-8D11-00A0C91BC942}") = "Bai068-Ngoc", "Bai068-Ngoc\Bai068-Ngoc.vcxproj", "{05ABAFA2-F4E5-4145-AE5E-EBBB74184B58}"
EndProject
Project("{8BC9CEB8-8B4A-11D0-8D11-00A0C91BC942}") = "Bai049-Bao", "Bai049-Bao\Bai049-Bao.vcxproj", "{26811726-A38B-4CD3-91CB-AECDA4E9760B}"
Project("{8BC9CEB8-8B4A-11D0-8D11-00A0C91BC942}") = "Bai074-Ngoc", "Bai074-Ngoc\Bai074-Ngoc.vcxproj", "{30E72470-611A-421B-A1A6-EA8FB1E1FBC1}"
EndProject
Project("{8BC9CEB8-8B4A-11D0-8D11-00A0C91BC942}") = "Bai055-Bao", "Bai055-Bao\Bai055-Bao.vcxproj", "{955A045F-A195-43C0-BD1F-EDD98313B596}"
Project("{8BC9CEB8-8B4A-11D0-8D11-00A0C91BC942}") = "Bai080-Ngoc", "Bai080-Ngoc\Bai080-Ngoc.vcxproj", "{5BBAA338-544E-4D98-8626-11DC5313CF06}"
EndProject
Project("{8BC9CEB8-8B4A-11D0-8D11-00A0C91BC942}") = "Bai061-Bao", "Bai061-Bao\Bai061-Bao.vcxproj", "{85DBE437-C618-41C7-AA9F-1D04E2609BDF}"
Project("{8BC9CEB8-8B4A-11D0-8D11-00A0C91BC942}") = "Bai086-Ngoc", "Bai086-Ngoc\Bai086-Ngoc.vcxproj", "{7FA54B94-EABC-4E32-8F23-B3776A33D4C1}"
EndProject
Project("{8BC9CEB8-8B4A-11D0-8D11-00A0C91BC942}") = "Bai003-Quang", "Bai003-Quang\Bai003-Quang.vcxproj", "{E17BCE97-08BE-4E1A-8E31-BCE7D71E6DA8}"
Project("{8BC9CEB8-8B4A-11D0-8D11-00A0C91BC942}") = "Bai092-Ngoc", "Bai092-Ngoc\Bai092-Ngoc.vcxproj", "{BAB45ABB-2037-4338-891D-703CB55E36FB}"
EndProject
Project("{8BC9CEB8-8B4A-11D0-8D11-00A0C91BC942}") = "Bai022-Bao", "Bai022-Bao\Bai022-Bao.vcxproj", "{ED71A521-D37F-47E7-8124-D3B7294D1233}"
EndProject
Project("{8BC9CEB8-8B4A-11D0-8D11-00A0C91BC942}") = "Bai065-Tien", "Bai065-Tien\Bai065-Tien.vcxproj", "{B1267F66-9614-4CCC-9219-D376A06BD33A}"
EndProject
Project("{8BC9CEB8-8B4A-11D0-8D11-00A0C91BC942}") = "Bai071-Tien", "Bai071-Tien\Bai071-Tien.vcxproj", "{A311A057-A464-4D26-AE1D-E2795C0551FB}"
EndProject
Project("{8BC9CEB8-8B4A-11D0-8D11-00A0C91BC942}") = "Bai024-Nguyen", "Bai024-Nguyen\Bai024-Nguyen.vcxproj", "{AC7C8894-E8F2-45FE-AC44-03387E689667}"
EndProject
Project("{8BC9CEB8-8B4A-11D0-8D11-00A0C91BC942}") = "Bai030-Nguyen", "Bai030-Nguyen\Bai030-Nguyen.vcxproj", "{387E31BD-F511-4C41-867F-8D613008DEE6}"
EndProject
Project("{8BC9CEB8-8B4A-11D0-8D11-00A0C91BC942}") = "Bai036-Nguyen", "Bai036-Nguyen\Bai036-Nguyen.vcxproj", "{DD3EB42D-D742-4608-9111-003ADFD1D5A7}"
EndProject
Project("{8BC9CEB8-8B4A-11D0-8D11-00A0C91BC942}") = "Bai042-Nguyen", "Bai042-Nguyen\Bai042-Nguyen.vcxproj", "{F392A109-C67C-4788-97B7-774E6B0E6D40}"
EndProject
Project("{8BC9CEB8-8B4A-11D0-8D11-00A0C91BC942}") = "Bai051-Nguyen", "Bai051-Nguyen\Bai051-Nguyen.vcxproj", "{14565ECA-0B33-40D7-B046-62B84D446DB2}"
EndProject
Project("{8BC9CEB8-8B4A-11D0-8D11-00A0C91BC942}") = "Bai057-Nguyen", "Bai057-Nguyen\Bai057-Nguyen.vcxproj", "{9C6080D7-2086-4D99-8C69-74C147F483DF}"
EndProject
Project("{8BC9CEB8-8B4A-11D0-8D11-00A0C91BC942}") = "Bai063-Nguyen", "Bai063-Nguyen\Bai063-Nguyen.vcxproj", "{BE3FABAE-79CE-408A-A80F-29CE208C05A8}"
EndProject
Project("{8BC9CEB8-8B4A-11D0-8D11-00A0C91BC942}") = "Bai072-Nguyen", "Bai072-Nguyen\Bai072-Nguyen.vcxproj", "{5208EABB-9AED-4B50-B94E-94781D115EEC}"
EndProject
Project("{8BC9CEB8-8B4A-11D0-8D11-00A0C91BC942}") = "Bai078-Nguyen", "Bai078-Nguyen\Bai078-Nguyen.vcxproj", "{CCD22A3A-84CE-4CC3-A908-9384A42FDA77}"
EndProject
Project("{8BC9CEB8-8B4A-11D0-8D11-00A0C91BC942}") = "Bai090-Nguyen", "Bai090-Nguyen\Bai090-Nguyen.vcxproj", "{3E24264C-3B4E-431C-AA2E-B9D30F69B1DD}"
EndProject
Project("{8BC9CEB8-8B4A-11D0-8D11-00A0C91BC942}") = "Bai096-Nguyen", "Bai096-Nguyen\Bai096-Nguyen.vcxproj", "{4CE3DD0A-E67E-45D2-9E2F-5056DF1767E7}"
EndProject
Project("{8BC9CEB8-8B4A-11D0-8D11-00A0C91BC942}") = "Bai102-Nguyen", "Bai102-Nguyen\Bai102-Nguyen.vcxproj", "{F727D6B4-F9CD-4369-B0BA-251BB0327FBF}"
EndProject
Project("{8BC9CEB8-8B4A-11D0-8D11-00A0C91BC942}") = "Bai108-Nguyen", "Bai108-Nguyen\Bai108-Nguyen.vcxproj", "{8470E34B-E492-4BCF-B609-5F3BAE59AC8D}"
EndProject
Project("{8BC9CEB8-8B4A-11D0-8D11-00A0C91BC942}") = "Bai114-Nguyen", "Bai114-Nguyen\Bai114-Nguyen.vcxproj", "{7B8EEB48-98EC-49F2-9959-C7F82BFA0A2F}"
EndProject
Project("{8BC9CEB8-8B4A-11D0-8D11-00A0C91BC942}") = "Bai006-Nguyen", "Bai006-Nguyen\Bai006-Nguyen.vcxproj", "{EBB0FD16-F61F-4179-9437-7E1637C54DA1}"
EndProject
Project("{8BC9CEB8-8B4A-11D0-8D11-00A0C91BC942}") = "Bai012-Nguyen", "Bai012-Nguyen\Bai012-Nguyen.vcxproj", "{55C514B5-3EE7-4523-8780-C73542233CBE}"
EndProject
Project("{8BC9CEB8-8B4A-11D0-8D11-00A0C91BC942}") = "Bai018-Nguyen", "Bai018-Nguyen\Bai018-Nguyen.vcxproj", "{1A4481B3-B0A8-42CA-BDF6-3708400FC956}"
EndProject
Project("{8BC9CEB8-8B4A-11D0-8D11-00A0C91BC942}") = "Bai084-Nguyen", "Bai084-Nguyen\Bai084-Nguyen.vcxproj", "{8EB37E55-7570-405A-BA2D-1CFF272B0943}"
EndProject
Project("{8BC9CEB8-8B4A-11D0-8D11-00A0C91BC942}") = "Bai120-Nguyen", "Bai120-Nguyen\Bai120-Nguyen.vcxproj", "{20E04FC9-2780-463D-B612-1AC41DC175FE}"
EndProject
Project("{8BC9CEB8-8B4A-11D0-8D11-00A0C91BC942}") = "Bai126-Nguyen", "Bai126-Nguyen\Bai126-Nguyen.vcxproj", "{1DF39080-856F-4BF9-95EA-EE74888A49C8}"
EndProject
Project("{8BC9CEB8-8B4A-11D0-8D11-00A0C91BC942}") = "Bai132-Nguyen", "Bai132-Nguyen\Bai132-Nguyen.vcxproj", "{1607CDEE-47DB-45CB-98C0-45364AD6A013}"
EndProject
Project("{8BC9CEB8-8B4A-11D0-8D11-00A0C91BC942}") = "Bai138-Nguyen", "Bai138-Nguyen\Bai138-Nguyen.vcxproj", "{86E8DC96-4CDB-4914-9FD7-419421734208}"
EndProject
Project("{8BC9CEB8-8B4A-11D0-8D11-00A0C91BC942}") = "Bai077-Tien", "Bai077-Tien\Bai077-Tien.vcxproj", "{0A792856-8206-49A5-9381-816CD60002EE}"
EndProject
Project("{8BC9CEB8-8B4A-11D0-8D11-00A0C91BC942}") = "Bai083-Tien", "Bai083-Tien\Bai083-Tien.vcxproj", "{771C117C-F31E-4EE1-BDF9-07956A41250E}"
EndProject
Project("{8BC9CEB8-8B4A-11D0-8D11-00A0C91BC942}") = "Bai089-Tien", "Bai089-Tien\Bai089-Tien.vcxproj", "{4EE3B8C1-6301-47AF-9711-A9FF40C02ECA}"
EndProject
Project("{8BC9CEB8-8B4A-11D0-8D11-00A0C91BC942}") = "Bai095-Tien", "Bai095-Tien\Bai095-Tien.vcxproj", "{F91CDF49-6713-4E30-B27E-7E4B6D9D3F48}"
EndProject
Project("{8BC9CEB8-8B4A-11D0-8D11-00A0C91BC942}") = "Bai101-Tien", "Bai101-Tien\Bai101-Tien.vcxproj", "{0476617B-2755-4FE2-8B6A-A3143A0A052C}"
EndProject
Project("{8BC9CEB8-8B4A-11D0-8D11-00A0C91BC942}") = "Bai107-Tien", "Bai107-Tien\Bai107-Tien.vcxproj", "{6876CB06-F878-43A4-BC6F-7F561FF980F1}"
EndProject
Project("{8BC9CEB8-8B4A-11D0-8D11-00A0C91BC942}") = "Bai113-Tien", "Bai113-Tien\Bai113-Tien.vcxproj", "{AE46BC0A-96F8-4D54-9B2A-9A4C65AF3E32}"
EndProject
Project("{8BC9CEB8-8B4A-11D0-8D11-00A0C91BC942}") = "Bai119-Tien", "Bai119-Tien\Bai119-Tien.vcxproj", "{5B7C78D0-E26C-4736-8C80-BEE5FC0E07B3}"
EndProject
Project("{8BC9CEB8-8B4A-11D0-8D11-00A0C91BC942}") = "Bai125-Tien", "Bai125-Tien\Bai125-Tien.vcxproj", "{EAEB5C44-F296-456C-BA97-EE047967C9C0}"
EndProject
Project("{8BC9CEB8-8B4A-11D0-8D11-00A0C91BC942}") = "Bai131-Tien", "Bai131-Tien\Bai131-Tien.vcxproj", "{924E31EC-1A39-4909-A516-8479C03C099A}"
EndProject
Project("{8BC9CEB8-8B4A-11D0-8D11-00A0C91BC942}") = "Bai137-Tien", "Bai137-Tien\Bai137-Tien.vcxproj", "{5E8070A9-E01D-4A3B-A518-F7AF86D20C60}"
EndProject
Project("{8BC9CEB8-8B4A-11D0-8D11-00A0C91BC942}") = "Bai143-Tien", "Bai143-Tien\Bai143-Tien.vcxproj", "{FEF243A3-C483-4695-98C1-326AC832396A}"
EndProject
Project("{8BC9CEB8-8B4A-11D0-8D11-00A0C91BC942}") = "Bai149-Tien", "Bai149-Tien\Bai149-Tien.vcxproj", "{CEA6AE91-3C8D-4541-B6A9-8E0523D2FBB7}"
EndProject
Project("{8BC9CEB8-8B4A-11D0-8D11-00A0C91BC942}") = "Bai155-Tien", "Bai155-Tien\Bai155-Tien.vcxproj", "{FD7F3F96-AB9D-43CA-A00A-FF05B6B3E8DB}"
EndProject
Project("{8BC9CEB8-8B4A-11D0-8D11-00A0C91BC942}") = "Bai161-Tien", "Bai161-Tien\Bai161-Tien.vcxproj", "{20EA6490-4CA0-4D48-8C34-57487C9CF131}"
EndProject
Project("{8BC9CEB8-8B4A-11D0-8D11-00A0C91BC942}") = "Bai167-Tien", "Bai167-Tien\Bai167-Tien.vcxproj", "{3A4F09E2-38B0-4B59-AC53-E25E914A43A6}"
EndProject
Project("{8BC9CEB8-8B4A-11D0-8D11-00A0C91BC942}") = "Bai173-Tien", "Bai173-Tien\Bai173-Tien.vcxproj", "{8C9E7E76-949D-475A-9172-4A29849F8C62}"
EndProject
Project("{8BC9CEB8-8B4A-11D0-8D11-00A0C91BC942}") = "Bai179-Tien", "Bai179-Tien\Bai179-Tien.vcxproj", "{396AC6E3-A595-4DED-B5CA-74095C825C1A}"
EndProject
Project("{8BC9CEB8-8B4A-11D0-8D11-00A0C91BC942}") = "Bai185-Tien", "Bai185-Tien\Bai185-Tien.vcxproj", "{B7945534-F4AC-4813-A067-B096817C5DFA}"
EndProject
Project("{8BC9CEB8-8B4A-11D0-8D11-00A0C91BC942}") = "Bai191-Tien", "Bai191-Tien\Bai191-Tien.vcxproj", "{8410F1F5-95D6-44AF-9E23-E030C975FB77}"
Project("{8BC9CEB8-8B4A-11D0-8D11-00A0C91BC942}") = "Bai098-Ngoc", "Bai098-Ngoc\Bai098-Ngoc.vcxproj", "{1A3A61FA-B3A8-4C76-976A-FB9881E50D3E}"
EndProject
Global
	GlobalSection(SolutionConfigurationPlatforms) = preSolution
@ -303,494 +215,142 @@ Global
		{63450675-F382-4A54-AC10-4ECB23730379}.Release|x64.Build.0 = Release|x64
		{63450675-F382-4A54-AC10-4ECB23730379}.Release|x86.ActiveCfg = Release|Win32
		{63450675-F382-4A54-AC10-4ECB23730379}.Release|x86.Build.0 = Release|Win32
		{BACE9D13-EFAA-4132-BD59-1C3EE61FC83B}.Debug|x64.ActiveCfg = Debug|x64
		{BACE9D13-EFAA-4132-BD59-1C3EE61FC83B}.Debug|x64.Build.0 = Debug|x64
		{BACE9D13-EFAA-4132-BD59-1C3EE61FC83B}.Debug|x86.ActiveCfg = Debug|Win32
		{BACE9D13-EFAA-4132-BD59-1C3EE61FC83B}.Debug|x86.Build.0 = Debug|Win32
		{BACE9D13-EFAA-4132-BD59-1C3EE61FC83B}.Release|x64.ActiveCfg = Release|x64
		{BACE9D13-EFAA-4132-BD59-1C3EE61FC83B}.Release|x64.Build.0 = Release|x64
		{BACE9D13-EFAA-4132-BD59-1C3EE61FC83B}.Release|x86.ActiveCfg = Release|Win32
		{BACE9D13-EFAA-4132-BD59-1C3EE61FC83B}.Release|x86.Build.0 = Release|Win32
		{712A6C52-0CAB-4A66-B2A7-90584158AEA1}.Debug|x64.ActiveCfg = Debug|x64
		{712A6C52-0CAB-4A66-B2A7-90584158AEA1}.Debug|x64.Build.0 = Debug|x64
		{712A6C52-0CAB-4A66-B2A7-90584158AEA1}.Debug|x86.ActiveCfg = Debug|Win32
		{712A6C52-0CAB-4A66-B2A7-90584158AEA1}.Debug|x86.Build.0 = Debug|Win32
		{712A6C52-0CAB-4A66-B2A7-90584158AEA1}.Release|x64.ActiveCfg = Release|x64
		{712A6C52-0CAB-4A66-B2A7-90584158AEA1}.Release|x64.Build.0 = Release|x64
		{712A6C52-0CAB-4A66-B2A7-90584158AEA1}.Release|x86.ActiveCfg = Release|Win32
		{712A6C52-0CAB-4A66-B2A7-90584158AEA1}.Release|x86.Build.0 = Release|Win32
		{1FAC25BE-35EB-43AC-863B-2D003486D810}.Debug|x64.ActiveCfg = Debug|x64
		{1FAC25BE-35EB-43AC-863B-2D003486D810}.Debug|x64.Build.0 = Debug|x64
		{1FAC25BE-35EB-43AC-863B-2D003486D810}.Debug|x86.ActiveCfg = Debug|Win32
		{1FAC25BE-35EB-43AC-863B-2D003486D810}.Debug|x86.Build.0 = Debug|Win32
		{1FAC25BE-35EB-43AC-863B-2D003486D810}.Release|x64.ActiveCfg = Release|x64
		{1FAC25BE-35EB-43AC-863B-2D003486D810}.Release|x64.Build.0 = Release|x64
		{1FAC25BE-35EB-43AC-863B-2D003486D810}.Release|x86.ActiveCfg = Release|Win32
		{1FAC25BE-35EB-43AC-863B-2D003486D810}.Release|x86.Build.0 = Release|Win32
		{FDC54CBD-646D-4F0E-A879-844D83D4313F}.Debug|x64.ActiveCfg = Debug|x64
		{FDC54CBD-646D-4F0E-A879-844D83D4313F}.Debug|x64.Build.0 = Debug|x64
		{FDC54CBD-646D-4F0E-A879-844D83D4313F}.Debug|x86.ActiveCfg = Debug|Win32
		{FDC54CBD-646D-4F0E-A879-844D83D4313F}.Debug|x86.Build.0 = Debug|Win32
		{FDC54CBD-646D-4F0E-A879-844D83D4313F}.Release|x64.ActiveCfg = Release|x64
		{FDC54CBD-646D-4F0E-A879-844D83D4313F}.Release|x64.Build.0 = Release|x64
		{FDC54CBD-646D-4F0E-A879-844D83D4313F}.Release|x86.ActiveCfg = Release|Win32
		{FDC54CBD-646D-4F0E-A879-844D83D4313F}.Release|x86.Build.0 = Release|Win32
		{64281ABC-6C9C-45CE-A394-EFC44D1157FB}.Debug|x64.ActiveCfg = Debug|x64
		{64281ABC-6C9C-45CE-A394-EFC44D1157FB}.Debug|x64.Build.0 = Debug|x64
		{64281ABC-6C9C-45CE-A394-EFC44D1157FB}.Debug|x86.ActiveCfg = Debug|Win32
		{64281ABC-6C9C-45CE-A394-EFC44D1157FB}.Debug|x86.Build.0 = Debug|Win32
		{64281ABC-6C9C-45CE-A394-EFC44D1157FB}.Release|x64.ActiveCfg = Release|x64
		{64281ABC-6C9C-45CE-A394-EFC44D1157FB}.Release|x64.Build.0 = Release|x64
		{64281ABC-6C9C-45CE-A394-EFC44D1157FB}.Release|x86.ActiveCfg = Release|Win32
		{64281ABC-6C9C-45CE-A394-EFC44D1157FB}.Release|x86.Build.0 = Release|Win32
		{82539906-BA6C-43C5-A494-F3611866D20A}.Debug|x64.ActiveCfg = Debug|x64
		{82539906-BA6C-43C5-A494-F3611866D20A}.Debug|x64.Build.0 = Debug|x64
		{82539906-BA6C-43C5-A494-F3611866D20A}.Debug|x86.ActiveCfg = Debug|Win32
		{82539906-BA6C-43C5-A494-F3611866D20A}.Debug|x86.Build.0 = Debug|Win32
		{82539906-BA6C-43C5-A494-F3611866D20A}.Release|x64.ActiveCfg = Release|x64
		{82539906-BA6C-43C5-A494-F3611866D20A}.Release|x64.Build.0 = Release|x64
		{82539906-BA6C-43C5-A494-F3611866D20A}.Release|x86.ActiveCfg = Release|Win32
		{82539906-BA6C-43C5-A494-F3611866D20A}.Release|x86.Build.0 = Release|Win32
		{1443DE03-8F00-4AEB-B01B-1DA87DC0D137}.Debug|x64.ActiveCfg = Debug|x64
		{1443DE03-8F00-4AEB-B01B-1DA87DC0D137}.Debug|x64.Build.0 = Debug|x64
		{1443DE03-8F00-4AEB-B01B-1DA87DC0D137}.Debug|x86.ActiveCfg = Debug|Win32
		{1443DE03-8F00-4AEB-B01B-1DA87DC0D137}.Debug|x86.Build.0 = Debug|Win32
		{1443DE03-8F00-4AEB-B01B-1DA87DC0D137}.Release|x64.ActiveCfg = Release|x64
		{1443DE03-8F00-4AEB-B01B-1DA87DC0D137}.Release|x64.Build.0 = Release|x64
		{1443DE03-8F00-4AEB-B01B-1DA87DC0D137}.Release|x86.ActiveCfg = Release|Win32
		{1443DE03-8F00-4AEB-B01B-1DA87DC0D137}.Release|x86.Build.0 = Release|Win32
		{5299BB3A-C456-400D-8800-24DEE88FAEF5}.Debug|x64.ActiveCfg = Debug|x64
		{5299BB3A-C456-400D-8800-24DEE88FAEF5}.Debug|x64.Build.0 = Debug|x64
		{5299BB3A-C456-400D-8800-24DEE88FAEF5}.Debug|x86.ActiveCfg = Debug|Win32
		{5299BB3A-C456-400D-8800-24DEE88FAEF5}.Debug|x86.Build.0 = Debug|Win32
		{5299BB3A-C456-400D-8800-24DEE88FAEF5}.Release|x64.ActiveCfg = Release|x64
		{5299BB3A-C456-400D-8800-24DEE88FAEF5}.Release|x64.Build.0 = Release|x64
		{5299BB3A-C456-400D-8800-24DEE88FAEF5}.Release|x86.ActiveCfg = Release|Win32
		{5299BB3A-C456-400D-8800-24DEE88FAEF5}.Release|x86.Build.0 = Release|Win32
		{97419163-2174-452C-AB33-507BE07C6A5E}.Debug|x64.ActiveCfg = Debug|x64
		{97419163-2174-452C-AB33-507BE07C6A5E}.Debug|x64.Build.0 = Debug|x64
		{97419163-2174-452C-AB33-507BE07C6A5E}.Debug|x86.ActiveCfg = Debug|Win32
		{97419163-2174-452C-AB33-507BE07C6A5E}.Debug|x86.Build.0 = Debug|Win32
		{97419163-2174-452C-AB33-507BE07C6A5E}.Release|x64.ActiveCfg = Release|x64
		{97419163-2174-452C-AB33-507BE07C6A5E}.Release|x64.Build.0 = Release|x64
		{97419163-2174-452C-AB33-507BE07C6A5E}.Release|x86.ActiveCfg = Release|Win32
		{97419163-2174-452C-AB33-507BE07C6A5E}.Release|x86.Build.0 = Release|Win32
		{6043577C-E039-4E21-AD8F-7BF48C8DB194}.Debug|x64.ActiveCfg = Debug|x64
		{6043577C-E039-4E21-AD8F-7BF48C8DB194}.Debug|x64.Build.0 = Debug|x64
		{6043577C-E039-4E21-AD8F-7BF48C8DB194}.Debug|x86.ActiveCfg = Debug|Win32
		{6043577C-E039-4E21-AD8F-7BF48C8DB194}.Debug|x86.Build.0 = Debug|Win32
		{6043577C-E039-4E21-AD8F-7BF48C8DB194}.Release|x64.ActiveCfg = Release|x64
		{6043577C-E039-4E21-AD8F-7BF48C8DB194}.Release|x64.Build.0 = Release|x64
		{6043577C-E039-4E21-AD8F-7BF48C8DB194}.Release|x86.ActiveCfg = Release|Win32
		{6043577C-E039-4E21-AD8F-7BF48C8DB194}.Release|x86.Build.0 = Release|Win32
		{0B311395-C4A5-4C28-9EED-AD1CA9452F6E}.Debug|x64.ActiveCfg = Debug|x64
		{0B311395-C4A5-4C28-9EED-AD1CA9452F6E}.Debug|x64.Build.0 = Debug|x64
		{0B311395-C4A5-4C28-9EED-AD1CA9452F6E}.Debug|x86.ActiveCfg = Debug|Win32
		{0B311395-C4A5-4C28-9EED-AD1CA9452F6E}.Debug|x86.Build.0 = Debug|Win32
		{0B311395-C4A5-4C28-9EED-AD1CA9452F6E}.Release|x64.ActiveCfg = Release|x64
		{0B311395-C4A5-4C28-9EED-AD1CA9452F6E}.Release|x64.Build.0 = Release|x64
		{0B311395-C4A5-4C28-9EED-AD1CA9452F6E}.Release|x86.ActiveCfg = Release|Win32
		{0B311395-C4A5-4C28-9EED-AD1CA9452F6E}.Release|x86.Build.0 = Release|Win32
		{6D853A1E-95C0-43AF-9680-B71A1D8F2A6F}.Debug|x64.ActiveCfg = Debug|x64
		{6D853A1E-95C0-43AF-9680-B71A1D8F2A6F}.Debug|x64.Build.0 = Debug|x64
		{6D853A1E-95C0-43AF-9680-B71A1D8F2A6F}.Debug|x86.ActiveCfg = Debug|Win32
		{6D853A1E-95C0-43AF-9680-B71A1D8F2A6F}.Debug|x86.Build.0 = Debug|Win32
		{6D853A1E-95C0-43AF-9680-B71A1D8F2A6F}.Release|x64.ActiveCfg = Release|x64
		{6D853A1E-95C0-43AF-9680-B71A1D8F2A6F}.Release|x64.Build.0 = Release|x64
		{6D853A1E-95C0-43AF-9680-B71A1D8F2A6F}.Release|x86.ActiveCfg = Release|Win32
		{6D853A1E-95C0-43AF-9680-B71A1D8F2A6F}.Release|x86.Build.0 = Release|Win32
		{26811726-A38B-4CD3-91CB-AECDA4E9760B}.Debug|x64.ActiveCfg = Debug|x64
		{26811726-A38B-4CD3-91CB-AECDA4E9760B}.Debug|x64.Build.0 = Debug|x64
		{26811726-A38B-4CD3-91CB-AECDA4E9760B}.Debug|x86.ActiveCfg = Debug|Win32
		{26811726-A38B-4CD3-91CB-AECDA4E9760B}.Debug|x86.Build.0 = Debug|Win32
		{26811726-A38B-4CD3-91CB-AECDA4E9760B}.Release|x64.ActiveCfg = Release|x64
		{26811726-A38B-4CD3-91CB-AECDA4E9760B}.Release|x64.Build.0 = Release|x64
		{26811726-A38B-4CD3-91CB-AECDA4E9760B}.Release|x86.ActiveCfg = Release|Win32
		{26811726-A38B-4CD3-91CB-AECDA4E9760B}.Release|x86.Build.0 = Release|Win32
		{955A045F-A195-43C0-BD1F-EDD98313B596}.Debug|x64.ActiveCfg = Debug|x64
		{955A045F-A195-43C0-BD1F-EDD98313B596}.Debug|x64.Build.0 = Debug|x64
		{955A045F-A195-43C0-BD1F-EDD98313B596}.Debug|x86.ActiveCfg = Debug|Win32
		{955A045F-A195-43C0-BD1F-EDD98313B596}.Debug|x86.Build.0 = Debug|Win32
		{955A045F-A195-43C0-BD1F-EDD98313B596}.Release|x64.ActiveCfg = Release|x64
		{955A045F-A195-43C0-BD1F-EDD98313B596}.Release|x64.Build.0 = Release|x64
		{955A045F-A195-43C0-BD1F-EDD98313B596}.Release|x86.ActiveCfg = Release|Win32
		{955A045F-A195-43C0-BD1F-EDD98313B596}.Release|x86.Build.0 = Release|Win32
		{85DBE437-C618-41C7-AA9F-1D04E2609BDF}.Debug|x64.ActiveCfg = Debug|x64
		{85DBE437-C618-41C7-AA9F-1D04E2609BDF}.Debug|x64.Build.0 = Debug|x64
		{85DBE437-C618-41C7-AA9F-1D04E2609BDF}.Debug|x86.ActiveCfg = Debug|Win32
		{85DBE437-C618-41C7-AA9F-1D04E2609BDF}.Debug|x86.Build.0 = Debug|Win32
		{85DBE437-C618-41C7-AA9F-1D04E2609BDF}.Release|x64.ActiveCfg = Release|x64
		{85DBE437-C618-41C7-AA9F-1D04E2609BDF}.Release|x64.Build.0 = Release|x64
		{85DBE437-C618-41C7-AA9F-1D04E2609BDF}.Release|x86.ActiveCfg = Release|Win32
		{85DBE437-C618-41C7-AA9F-1D04E2609BDF}.Release|x86.Build.0 = Release|Win32
		{E17BCE97-08BE-4E1A-8E31-BCE7D71E6DA8}.Debug|x64.ActiveCfg = Debug|x64
		{E17BCE97-08BE-4E1A-8E31-BCE7D71E6DA8}.Debug|x64.Build.0 = Debug|x64
		{E17BCE97-08BE-4E1A-8E31-BCE7D71E6DA8}.Debug|x86.ActiveCfg = Debug|Win32
		{E17BCE97-08BE-4E1A-8E31-BCE7D71E6DA8}.Debug|x86.Build.0 = Debug|Win32
		{E17BCE97-08BE-4E1A-8E31-BCE7D71E6DA8}.Release|x64.ActiveCfg = Release|x64
		{E17BCE97-08BE-4E1A-8E31-BCE7D71E6DA8}.Release|x64.Build.0 = Release|x64
		{E17BCE97-08BE-4E1A-8E31-BCE7D71E6DA8}.Release|x86.ActiveCfg = Release|Win32
		{E17BCE97-08BE-4E1A-8E31-BCE7D71E6DA8}.Release|x86.Build.0 = Release|Win32
		{ED71A521-D37F-47E7-8124-D3B7294D1233}.Debug|x64.ActiveCfg = Debug|x64
		{ED71A521-D37F-47E7-8124-D3B7294D1233}.Debug|x64.Build.0 = Debug|x64
		{ED71A521-D37F-47E7-8124-D3B7294D1233}.Debug|x86.ActiveCfg = Debug|Win32
		{ED71A521-D37F-47E7-8124-D3B7294D1233}.Debug|x86.Build.0 = Debug|Win32
		{ED71A521-D37F-47E7-8124-D3B7294D1233}.Release|x64.ActiveCfg = Release|x64
		{ED71A521-D37F-47E7-8124-D3B7294D1233}.Release|x64.Build.0 = Release|x64
		{ED71A521-D37F-47E7-8124-D3B7294D1233}.Release|x86.ActiveCfg = Release|Win32
		{ED71A521-D37F-47E7-8124-D3B7294D1233}.Release|x86.Build.0 = Release|Win32
		{B1267F66-9614-4CCC-9219-D376A06BD33A}.Debug|x64.ActiveCfg = Debug|x64
		{B1267F66-9614-4CCC-9219-D376A06BD33A}.Debug|x64.Build.0 = Debug|x64
		{B1267F66-9614-4CCC-9219-D376A06BD33A}.Debug|x86.ActiveCfg = Debug|Win32
		{B1267F66-9614-4CCC-9219-D376A06BD33A}.Debug|x86.Build.0 = Debug|Win32
		{B1267F66-9614-4CCC-9219-D376A06BD33A}.Release|x64.ActiveCfg = Release|x64
		{B1267F66-9614-4CCC-9219-D376A06BD33A}.Release|x64.Build.0 = Release|x64
		{B1267F66-9614-4CCC-9219-D376A06BD33A}.Release|x86.ActiveCfg = Release|Win32
		{B1267F66-9614-4CCC-9219-D376A06BD33A}.Release|x86.Build.0 = Release|Win32
		{A311A057-A464-4D26-AE1D-E2795C0551FB}.Debug|x64.ActiveCfg = Debug|x64
		{A311A057-A464-4D26-AE1D-E2795C0551FB}.Debug|x64.Build.0 = Debug|x64
		{A311A057-A464-4D26-AE1D-E2795C0551FB}.Debug|x86.ActiveCfg = Debug|Win32
		{A311A057-A464-4D26-AE1D-E2795C0551FB}.Debug|x86.Build.0 = Debug|Win32
		{A311A057-A464-4D26-AE1D-E2795C0551FB}.Release|x64.ActiveCfg = Release|x64
		{A311A057-A464-4D26-AE1D-E2795C0551FB}.Release|x64.Build.0 = Release|x64
		{A311A057-A464-4D26-AE1D-E2795C0551FB}.Release|x86.ActiveCfg = Release|Win32
		{A311A057-A464-4D26-AE1D-E2795C0551FB}.Release|x86.Build.0 = Release|Win32
		{AC7C8894-E8F2-45FE-AC44-03387E689667}.Debug|x64.ActiveCfg = Debug|x64
		{AC7C8894-E8F2-45FE-AC44-03387E689667}.Debug|x64.Build.0 = Debug|x64
		{AC7C8894-E8F2-45FE-AC44-03387E689667}.Debug|x86.ActiveCfg = Debug|Win32
		{AC7C8894-E8F2-45FE-AC44-03387E689667}.Debug|x86.Build.0 = Debug|Win32
		{AC7C8894-E8F2-45FE-AC44-03387E689667}.Release|x64.ActiveCfg = Release|x64
		{AC7C8894-E8F2-45FE-AC44-03387E689667}.Release|x64.Build.0 = Release|x64
		{AC7C8894-E8F2-45FE-AC44-03387E689667}.Release|x86.ActiveCfg = Release|Win32
		{AC7C8894-E8F2-45FE-AC44-03387E689667}.Release|x86.Build.0 = Release|Win32
		{387E31BD-F511-4C41-867F-8D613008DEE6}.Debug|x64.ActiveCfg = Debug|x64
		{387E31BD-F511-4C41-867F-8D613008DEE6}.Debug|x64.Build.0 = Debug|x64
		{387E31BD-F511-4C41-867F-8D613008DEE6}.Debug|x86.ActiveCfg = Debug|Win32
		{387E31BD-F511-4C41-867F-8D613008DEE6}.Debug|x86.Build.0 = Debug|Win32
		{387E31BD-F511-4C41-867F-8D613008DEE6}.Release|x64.ActiveCfg = Release|x64
		{387E31BD-F511-4C41-867F-8D613008DEE6}.Release|x64.Build.0 = Release|x64
		{387E31BD-F511-4C41-867F-8D613008DEE6}.Release|x86.ActiveCfg = Release|Win32
		{387E31BD-F511-4C41-867F-8D613008DEE6}.Release|x86.Build.0 = Release|Win32
		{DD3EB42D-D742-4608-9111-003ADFD1D5A7}.Debug|x64.ActiveCfg = Debug|x64
		{DD3EB42D-D742-4608-9111-003ADFD1D5A7}.Debug|x64.Build.0 = Debug|x64
		{DD3EB42D-D742-4608-9111-003ADFD1D5A7}.Debug|x86.ActiveCfg = Debug|Win32
		{DD3EB42D-D742-4608-9111-003ADFD1D5A7}.Debug|x86.Build.0 = Debug|Win32
		{DD3EB42D-D742-4608-9111-003ADFD1D5A7}.Release|x64.ActiveCfg = Release|x64
		{DD3EB42D-D742-4608-9111-003ADFD1D5A7}.Release|x64.Build.0 = Release|x64
		{DD3EB42D-D742-4608-9111-003ADFD1D5A7}.Release|x86.ActiveCfg = Release|Win32
		{DD3EB42D-D742-4608-9111-003ADFD1D5A7}.Release|x86.Build.0 = Release|Win32
		{F392A109-C67C-4788-97B7-774E6B0E6D40}.Debug|x64.ActiveCfg = Debug|x64
		{F392A109-C67C-4788-97B7-774E6B0E6D40}.Debug|x64.Build.0 = Debug|x64
		{F392A109-C67C-4788-97B7-774E6B0E6D40}.Debug|x86.ActiveCfg = Debug|Win32
		{F392A109-C67C-4788-97B7-774E6B0E6D40}.Debug|x86.Build.0 = Debug|Win32
		{F392A109-C67C-4788-97B7-774E6B0E6D40}.Release|x64.ActiveCfg = Release|x64
		{F392A109-C67C-4788-97B7-774E6B0E6D40}.Release|x64.Build.0 = Release|x64
		{F392A109-C67C-4788-97B7-774E6B0E6D40}.Release|x86.ActiveCfg = Release|Win32
		{F392A109-C67C-4788-97B7-774E6B0E6D40}.Release|x86.Build.0 = Release|Win32
		{14565ECA-0B33-40D7-B046-62B84D446DB2}.Debug|x64.ActiveCfg = Debug|x64
		{14565ECA-0B33-40D7-B046-62B84D446DB2}.Debug|x64.Build.0 = Debug|x64
		{14565ECA-0B33-40D7-B046-62B84D446DB2}.Debug|x86.ActiveCfg = Debug|Win32
		{14565ECA-0B33-40D7-B046-62B84D446DB2}.Debug|x86.Build.0 = Debug|Win32
		{14565ECA-0B33-40D7-B046-62B84D446DB2}.Release|x64.ActiveCfg = Release|x64
		{14565ECA-0B33-40D7-B046-62B84D446DB2}.Release|x64.Build.0 = Release|x64
		{14565ECA-0B33-40D7-B046-62B84D446DB2}.Release|x86.ActiveCfg = Release|Win32
		{14565ECA-0B33-40D7-B046-62B84D446DB2}.Release|x86.Build.0 = Release|Win32
		{9C6080D7-2086-4D99-8C69-74C147F483DF}.Debug|x64.ActiveCfg = Debug|x64
		{9C6080D7-2086-4D99-8C69-74C147F483DF}.Debug|x64.Build.0 = Debug|x64
		{9C6080D7-2086-4D99-8C69-74C147F483DF}.Debug|x86.ActiveCfg = Debug|Win32
		{9C6080D7-2086-4D99-8C69-74C147F483DF}.Debug|x86.Build.0 = Debug|Win32
		{9C6080D7-2086-4D99-8C69-74C147F483DF}.Release|x64.ActiveCfg = Release|x64
		{9C6080D7-2086-4D99-8C69-74C147F483DF}.Release|x64.Build.0 = Release|x64
		{9C6080D7-2086-4D99-8C69-74C147F483DF}.Release|x86.ActiveCfg = Release|Win32
		{9C6080D7-2086-4D99-8C69-74C147F483DF}.Release|x86.Build.0 = Release|Win32
		{BE3FABAE-79CE-408A-A80F-29CE208C05A8}.Debug|x64.ActiveCfg = Debug|x64
		{BE3FABAE-79CE-408A-A80F-29CE208C05A8}.Debug|x64.Build.0 = Debug|x64
		{BE3FABAE-79CE-408A-A80F-29CE208C05A8}.Debug|x86.ActiveCfg = Debug|Win32
		{BE3FABAE-79CE-408A-A80F-29CE208C05A8}.Debug|x86.Build.0 = Debug|Win32
		{BE3FABAE-79CE-408A-A80F-29CE208C05A8}.Release|x64.ActiveCfg = Release|x64
		{BE3FABAE-79CE-408A-A80F-29CE208C05A8}.Release|x64.Build.0 = Release|x64
		{BE3FABAE-79CE-408A-A80F-29CE208C05A8}.Release|x86.ActiveCfg = Release|Win32
		{BE3FABAE-79CE-408A-A80F-29CE208C05A8}.Release|x86.Build.0 = Release|Win32
		{5208EABB-9AED-4B50-B94E-94781D115EEC}.Debug|x64.ActiveCfg = Debug|x64
		{5208EABB-9AED-4B50-B94E-94781D115EEC}.Debug|x64.Build.0 = Debug|x64
		{5208EABB-9AED-4B50-B94E-94781D115EEC}.Debug|x86.ActiveCfg = Debug|Win32
		{5208EABB-9AED-4B50-B94E-94781D115EEC}.Debug|x86.Build.0 = Debug|Win32
		{5208EABB-9AED-4B50-B94E-94781D115EEC}.Release|x64.ActiveCfg = Release|x64
		{5208EABB-9AED-4B50-B94E-94781D115EEC}.Release|x64.Build.0 = Release|x64
		{5208EABB-9AED-4B50-B94E-94781D115EEC}.Release|x86.ActiveCfg = Release|Win32
		{5208EABB-9AED-4B50-B94E-94781D115EEC}.Release|x86.Build.0 = Release|Win32
		{CCD22A3A-84CE-4CC3-A908-9384A42FDA77}.Debug|x64.ActiveCfg = Debug|x64
		{CCD22A3A-84CE-4CC3-A908-9384A42FDA77}.Debug|x64.Build.0 = Debug|x64
		{CCD22A3A-84CE-4CC3-A908-9384A42FDA77}.Debug|x86.ActiveCfg = Debug|Win32
		{CCD22A3A-84CE-4CC3-A908-9384A42FDA77}.Debug|x86.Build.0 = Debug|Win32
		{CCD22A3A-84CE-4CC3-A908-9384A42FDA77}.Release|x64.ActiveCfg = Release|x64
		{CCD22A3A-84CE-4CC3-A908-9384A42FDA77}.Release|x64.Build.0 = Release|x64
		{CCD22A3A-84CE-4CC3-A908-9384A42FDA77}.Release|x86.ActiveCfg = Release|Win32
		{CCD22A3A-84CE-4CC3-A908-9384A42FDA77}.Release|x86.Build.0 = Release|Win32
		{3E24264C-3B4E-431C-AA2E-B9D30F69B1DD}.Debug|x64.ActiveCfg = Debug|x64
		{3E24264C-3B4E-431C-AA2E-B9D30F69B1DD}.Debug|x64.Build.0 = Debug|x64
		{3E24264C-3B4E-431C-AA2E-B9D30F69B1DD}.Debug|x86.ActiveCfg = Debug|Win32
		{3E24264C-3B4E-431C-AA2E-B9D30F69B1DD}.Debug|x86.Build.0 = Debug|Win32
		{3E24264C-3B4E-431C-AA2E-B9D30F69B1DD}.Release|x64.ActiveCfg = Release|x64
		{3E24264C-3B4E-431C-AA2E-B9D30F69B1DD}.Release|x64.Build.0 = Release|x64
		{3E24264C-3B4E-431C-AA2E-B9D30F69B1DD}.Release|x86.ActiveCfg = Release|Win32
		{3E24264C-3B4E-431C-AA2E-B9D30F69B1DD}.Release|x86.Build.0 = Release|Win32
		{4CE3DD0A-E67E-45D2-9E2F-5056DF1767E7}.Debug|x64.ActiveCfg = Debug|x64
		{4CE3DD0A-E67E-45D2-9E2F-5056DF1767E7}.Debug|x64.Build.0 = Debug|x64
		{4CE3DD0A-E67E-45D2-9E2F-5056DF1767E7}.Debug|x86.ActiveCfg = Debug|Win32
		{4CE3DD0A-E67E-45D2-9E2F-5056DF1767E7}.Debug|x86.Build.0 = Debug|Win32
		{4CE3DD0A-E67E-45D2-9E2F-5056DF1767E7}.Release|x64.ActiveCfg = Release|x64
		{4CE3DD0A-E67E-45D2-9E2F-5056DF1767E7}.Release|x64.Build.0 = Release|x64
		{4CE3DD0A-E67E-45D2-9E2F-5056DF1767E7}.Release|x86.ActiveCfg = Release|Win32
		{4CE3DD0A-E67E-45D2-9E2F-5056DF1767E7}.Release|x86.Build.0 = Release|Win32
		{F727D6B4-F9CD-4369-B0BA-251BB0327FBF}.Debug|x64.ActiveCfg = Debug|x64
		{F727D6B4-F9CD-4369-B0BA-251BB0327FBF}.Debug|x64.Build.0 = Debug|x64
		{F727D6B4-F9CD-4369-B0BA-251BB0327FBF}.Debug|x86.ActiveCfg = Debug|Win32
		{F727D6B4-F9CD-4369-B0BA-251BB0327FBF}.Debug|x86.Build.0 = Debug|Win32
		{F727D6B4-F9CD-4369-B0BA-251BB0327FBF}.Release|x64.ActiveCfg = Release|x64
		{F727D6B4-F9CD-4369-B0BA-251BB0327FBF}.Release|x64.Build.0 = Release|x64
		{F727D6B4-F9CD-4369-B0BA-251BB0327FBF}.Release|x86.ActiveCfg = Release|Win32
		{F727D6B4-F9CD-4369-B0BA-251BB0327FBF}.Release|x86.Build.0 = Release|Win32
		{8470E34B-E492-4BCF-B609-5F3BAE59AC8D}.Debug|x64.ActiveCfg = Debug|x64
		{8470E34B-E492-4BCF-B609-5F3BAE59AC8D}.Debug|x64.Build.0 = Debug|x64
		{8470E34B-E492-4BCF-B609-5F3BAE59AC8D}.Debug|x86.ActiveCfg = Debug|Win32
		{8470E34B-E492-4BCF-B609-5F3BAE59AC8D}.Debug|x86.Build.0 = Debug|Win32
		{8470E34B-E492-4BCF-B609-5F3BAE59AC8D}.Release|x64.ActiveCfg = Release|x64
		{8470E34B-E492-4BCF-B609-5F3BAE59AC8D}.Release|x64.Build.0 = Release|x64
		{8470E34B-E492-4BCF-B609-5F3BAE59AC8D}.Release|x86.ActiveCfg = Release|Win32
		{8470E34B-E492-4BCF-B609-5F3BAE59AC8D}.Release|x86.Build.0 = Release|Win32
		{7B8EEB48-98EC-49F2-9959-C7F82BFA0A2F}.Debug|x64.ActiveCfg = Debug|x64
		{7B8EEB48-98EC-49F2-9959-C7F82BFA0A2F}.Debug|x64.Build.0 = Debug|x64
		{7B8EEB48-98EC-49F2-9959-C7F82BFA0A2F}.Debug|x86.ActiveCfg = Debug|Win32
		{7B8EEB48-98EC-49F2-9959-C7F82BFA0A2F}.Debug|x86.Build.0 = Debug|Win32
		{7B8EEB48-98EC-49F2-9959-C7F82BFA0A2F}.Release|x64.ActiveCfg = Release|x64
		{7B8EEB48-98EC-49F2-9959-C7F82BFA0A2F}.Release|x64.Build.0 = Release|x64
		{7B8EEB48-98EC-49F2-9959-C7F82BFA0A2F}.Release|x86.ActiveCfg = Release|Win32
		{7B8EEB48-98EC-49F2-9959-C7F82BFA0A2F}.Release|x86.Build.0 = Release|Win32
		{EBB0FD16-F61F-4179-9437-7E1637C54DA1}.Debug|x64.ActiveCfg = Debug|x64
		{EBB0FD16-F61F-4179-9437-7E1637C54DA1}.Debug|x64.Build.0 = Debug|x64
		{EBB0FD16-F61F-4179-9437-7E1637C54DA1}.Debug|x86.ActiveCfg = Debug|Win32
		{EBB0FD16-F61F-4179-9437-7E1637C54DA1}.Debug|x86.Build.0 = Debug|Win32
		{EBB0FD16-F61F-4179-9437-7E1637C54DA1}.Release|x64.ActiveCfg = Release|x64
		{EBB0FD16-F61F-4179-9437-7E1637C54DA1}.Release|x64.Build.0 = Release|x64
		{EBB0FD16-F61F-4179-9437-7E1637C54DA1}.Release|x86.ActiveCfg = Release|Win32
		{EBB0FD16-F61F-4179-9437-7E1637C54DA1}.Release|x86.Build.0 = Release|Win32
		{55C514B5-3EE7-4523-8780-C73542233CBE}.Debug|x64.ActiveCfg = Debug|x64
		{55C514B5-3EE7-4523-8780-C73542233CBE}.Debug|x64.Build.0 = Debug|x64
		{55C514B5-3EE7-4523-8780-C73542233CBE}.Debug|x86.ActiveCfg = Debug|Win32
		{55C514B5-3EE7-4523-8780-C73542233CBE}.Debug|x86.Build.0 = Debug|Win32
		{55C514B5-3EE7-4523-8780-C73542233CBE}.Release|x64.ActiveCfg = Release|x64
		{55C514B5-3EE7-4523-8780-C73542233CBE}.Release|x64.Build.0 = Release|x64
		{55C514B5-3EE7-4523-8780-C73542233CBE}.Release|x86.ActiveCfg = Release|Win32
		{55C514B5-3EE7-4523-8780-C73542233CBE}.Release|x86.Build.0 = Release|Win32
		{1A4481B3-B0A8-42CA-BDF6-3708400FC956}.Debug|x64.ActiveCfg = Debug|x64
		{1A4481B3-B0A8-42CA-BDF6-3708400FC956}.Debug|x64.Build.0 = Debug|x64
		{1A4481B3-B0A8-42CA-BDF6-3708400FC956}.Debug|x86.ActiveCfg = Debug|Win32
		{1A4481B3-B0A8-42CA-BDF6-3708400FC956}.Debug|x86.Build.0 = Debug|Win32
		{1A4481B3-B0A8-42CA-BDF6-3708400FC956}.Release|x64.ActiveCfg = Release|x64
		{1A4481B3-B0A8-42CA-BDF6-3708400FC956}.Release|x64.Build.0 = Release|x64
		{1A4481B3-B0A8-42CA-BDF6-3708400FC956}.Release|x86.ActiveCfg = Release|Win32
		{1A4481B3-B0A8-42CA-BDF6-3708400FC956}.Release|x86.Build.0 = Release|Win32
		{8EB37E55-7570-405A-BA2D-1CFF272B0943}.Debug|x64.ActiveCfg = Debug|x64
		{8EB37E55-7570-405A-BA2D-1CFF272B0943}.Debug|x64.Build.0 = Debug|x64
		{8EB37E55-7570-405A-BA2D-1CFF272B0943}.Debug|x86.ActiveCfg = Debug|Win32
		{8EB37E55-7570-405A-BA2D-1CFF272B0943}.Debug|x86.Build.0 = Debug|Win32
		{8EB37E55-7570-405A-BA2D-1CFF272B0943}.Release|x64.ActiveCfg = Release|x64
		{8EB37E55-7570-405A-BA2D-1CFF272B0943}.Release|x64.Build.0 = Release|x64
		{8EB37E55-7570-405A-BA2D-1CFF272B0943}.Release|x86.ActiveCfg = Release|Win32
		{8EB37E55-7570-405A-BA2D-1CFF272B0943}.Release|x86.Build.0 = Release|Win32
		{20E04FC9-2780-463D-B612-1AC41DC175FE}.Debug|x64.ActiveCfg = Debug|x64
		{20E04FC9-2780-463D-B612-1AC41DC175FE}.Debug|x64.Build.0 = Debug|x64
		{20E04FC9-2780-463D-B612-1AC41DC175FE}.Debug|x86.ActiveCfg = Debug|Win32
		{20E04FC9-2780-463D-B612-1AC41DC175FE}.Debug|x86.Build.0 = Debug|Win32
		{20E04FC9-2780-463D-B612-1AC41DC175FE}.Release|x64.ActiveCfg = Release|x64
		{20E04FC9-2780-463D-B612-1AC41DC175FE}.Release|x64.Build.0 = Release|x64
		{20E04FC9-2780-463D-B612-1AC41DC175FE}.Release|x86.ActiveCfg = Release|Win32
		{20E04FC9-2780-463D-B612-1AC41DC175FE}.Release|x86.Build.0 = Release|Win32
		{1DF39080-856F-4BF9-95EA-EE74888A49C8}.Debug|x64.ActiveCfg = Debug|x64
		{1DF39080-856F-4BF9-95EA-EE74888A49C8}.Debug|x64.Build.0 = Debug|x64
		{1DF39080-856F-4BF9-95EA-EE74888A49C8}.Debug|x86.ActiveCfg = Debug|Win32
		{1DF39080-856F-4BF9-95EA-EE74888A49C8}.Debug|x86.Build.0 = Debug|Win32
		{1DF39080-856F-4BF9-95EA-EE74888A49C8}.Release|x64.ActiveCfg = Release|x64
		{1DF39080-856F-4BF9-95EA-EE74888A49C8}.Release|x64.Build.0 = Release|x64
		{1DF39080-856F-4BF9-95EA-EE74888A49C8}.Release|x86.ActiveCfg = Release|Win32
		{1DF39080-856F-4BF9-95EA-EE74888A49C8}.Release|x86.Build.0 = Release|Win32
		{1607CDEE-47DB-45CB-98C0-45364AD6A013}.Debug|x64.ActiveCfg = Debug|x64
		{1607CDEE-47DB-45CB-98C0-45364AD6A013}.Debug|x64.Build.0 = Debug|x64
		{1607CDEE-47DB-45CB-98C0-45364AD6A013}.Debug|x86.ActiveCfg = Debug|Win32
		{1607CDEE-47DB-45CB-98C0-45364AD6A013}.Debug|x86.Build.0 = Debug|Win32
		{1607CDEE-47DB-45CB-98C0-45364AD6A013}.Release|x64.ActiveCfg = Release|x64
		{1607CDEE-47DB-45CB-98C0-45364AD6A013}.Release|x64.Build.0 = Release|x64
		{1607CDEE-47DB-45CB-98C0-45364AD6A013}.Release|x86.ActiveCfg = Release|Win32
		{1607CDEE-47DB-45CB-98C0-45364AD6A013}.Release|x86.Build.0 = Release|Win32
		{86E8DC96-4CDB-4914-9FD7-419421734208}.Debug|x64.ActiveCfg = Debug|x64
		{86E8DC96-4CDB-4914-9FD7-419421734208}.Debug|x64.Build.0 = Debug|x64
		{86E8DC96-4CDB-4914-9FD7-419421734208}.Debug|x86.ActiveCfg = Debug|Win32
		{86E8DC96-4CDB-4914-9FD7-419421734208}.Debug|x86.Build.0 = Debug|Win32
		{86E8DC96-4CDB-4914-9FD7-419421734208}.Release|x64.ActiveCfg = Release|x64
		{86E8DC96-4CDB-4914-9FD7-419421734208}.Release|x64.Build.0 = Release|x64
		{86E8DC96-4CDB-4914-9FD7-419421734208}.Release|x86.ActiveCfg = Release|Win32
		{86E8DC96-4CDB-4914-9FD7-419421734208}.Release|x86.Build.0 = Release|Win32
		{0A792856-8206-49A5-9381-816CD60002EE}.Debug|x64.ActiveCfg = Debug|x64
		{0A792856-8206-49A5-9381-816CD60002EE}.Debug|x64.Build.0 = Debug|x64
		{0A792856-8206-49A5-9381-816CD60002EE}.Debug|x86.ActiveCfg = Debug|Win32
		{0A792856-8206-49A5-9381-816CD60002EE}.Debug|x86.Build.0 = Debug|Win32
		{0A792856-8206-49A5-9381-816CD60002EE}.Release|x64.ActiveCfg = Release|x64
		{0A792856-8206-49A5-9381-816CD60002EE}.Release|x64.Build.0 = Release|x64
		{0A792856-8206-49A5-9381-816CD60002EE}.Release|x86.ActiveCfg = Release|Win32
		{0A792856-8206-49A5-9381-816CD60002EE}.Release|x86.Build.0 = Release|Win32
		{771C117C-F31E-4EE1-BDF9-07956A41250E}.Debug|x64.ActiveCfg = Debug|x64
		{771C117C-F31E-4EE1-BDF9-07956A41250E}.Debug|x64.Build.0 = Debug|x64
		{771C117C-F31E-4EE1-BDF9-07956A41250E}.Debug|x86.ActiveCfg = Debug|Win32
		{771C117C-F31E-4EE1-BDF9-07956A41250E}.Debug|x86.Build.0 = Debug|Win32
		{771C117C-F31E-4EE1-BDF9-07956A41250E}.Release|x64.ActiveCfg = Release|x64
		{771C117C-F31E-4EE1-BDF9-07956A41250E}.Release|x64.Build.0 = Release|x64
		{771C117C-F31E-4EE1-BDF9-07956A41250E}.Release|x86.ActiveCfg = Release|Win32
		{771C117C-F31E-4EE1-BDF9-07956A41250E}.Release|x86.Build.0 = Release|Win32
		{4EE3B8C1-6301-47AF-9711-A9FF40C02ECA}.Debug|x64.ActiveCfg = Debug|x64
		{4EE3B8C1-6301-47AF-9711-A9FF40C02ECA}.Debug|x64.Build.0 = Debug|x64
		{4EE3B8C1-6301-47AF-9711-A9FF40C02ECA}.Debug|x86.ActiveCfg = Debug|Win32
		{4EE3B8C1-6301-47AF-9711-A9FF40C02ECA}.Debug|x86.Build.0 = Debug|Win32
		{4EE3B8C1-6301-47AF-9711-A9FF40C02ECA}.Release|x64.ActiveCfg = Release|x64
		{4EE3B8C1-6301-47AF-9711-A9FF40C02ECA}.Release|x64.Build.0 = Release|x64
		{4EE3B8C1-6301-47AF-9711-A9FF40C02ECA}.Release|x86.ActiveCfg = Release|Win32
		{4EE3B8C1-6301-47AF-9711-A9FF40C02ECA}.Release|x86.Build.0 = Release|Win32
		{F91CDF49-6713-4E30-B27E-7E4B6D9D3F48}.Debug|x64.ActiveCfg = Debug|x64
		{F91CDF49-6713-4E30-B27E-7E4B6D9D3F48}.Debug|x64.Build.0 = Debug|x64
		{F91CDF49-6713-4E30-B27E-7E4B6D9D3F48}.Debug|x86.ActiveCfg = Debug|Win32
		{F91CDF49-6713-4E30-B27E-7E4B6D9D3F48}.Debug|x86.Build.0 = Debug|Win32
		{F91CDF49-6713-4E30-B27E-7E4B6D9D3F48}.Release|x64.ActiveCfg = Release|x64
		{F91CDF49-6713-4E30-B27E-7E4B6D9D3F48}.Release|x64.Build.0 = Release|x64
		{F91CDF49-6713-4E30-B27E-7E4B6D9D3F48}.Release|x86.ActiveCfg = Release|Win32
		{F91CDF49-6713-4E30-B27E-7E4B6D9D3F48}.Release|x86.Build.0 = Release|Win32
		{0476617B-2755-4FE2-8B6A-A3143A0A052C}.Debug|x64.ActiveCfg = Debug|x64
		{0476617B-2755-4FE2-8B6A-A3143A0A052C}.Debug|x64.Build.0 = Debug|x64
		{0476617B-2755-4FE2-8B6A-A3143A0A052C}.Debug|x86.ActiveCfg = Debug|Win32
		{0476617B-2755-4FE2-8B6A-A3143A0A052C}.Debug|x86.Build.0 = Debug|Win32
		{0476617B-2755-4FE2-8B6A-A3143A0A052C}.Release|x64.ActiveCfg = Release|x64
		{0476617B-2755-4FE2-8B6A-A3143A0A052C}.Release|x64.Build.0 = Release|x64
		{0476617B-2755-4FE2-8B6A-A3143A0A052C}.Release|x86.ActiveCfg = Release|Win32
		{0476617B-2755-4FE2-8B6A-A3143A0A052C}.Release|x86.Build.0 = Release|Win32
		{6876CB06-F878-43A4-BC6F-7F561FF980F1}.Debug|x64.ActiveCfg = Debug|x64
		{6876CB06-F878-43A4-BC6F-7F561FF980F1}.Debug|x64.Build.0 = Debug|x64
		{6876CB06-F878-43A4-BC6F-7F561FF980F1}.Debug|x86.ActiveCfg = Debug|Win32
		{6876CB06-F878-43A4-BC6F-7F561FF980F1}.Debug|x86.Build.0 = Debug|Win32
		{6876CB06-F878-43A4-BC6F-7F561FF980F1}.Release|x64.ActiveCfg = Release|x64
		{6876CB06-F878-43A4-BC6F-7F561FF980F1}.Release|x64.Build.0 = Release|x64
		{6876CB06-F878-43A4-BC6F-7F561FF980F1}.Release|x86.ActiveCfg = Release|Win32
		{6876CB06-F878-43A4-BC6F-7F561FF980F1}.Release|x86.Build.0 = Release|Win32
		{AE46BC0A-96F8-4D54-9B2A-9A4C65AF3E32}.Debug|x64.ActiveCfg = Debug|x64
		{AE46BC0A-96F8-4D54-9B2A-9A4C65AF3E32}.Debug|x64.Build.0 = Debug|x64
		{AE46BC0A-96F8-4D54-9B2A-9A4C65AF3E32}.Debug|x86.ActiveCfg = Debug|Win32
		{AE46BC0A-96F8-4D54-9B2A-9A4C65AF3E32}.Debug|x86.Build.0 = Debug|Win32
		{AE46BC0A-96F8-4D54-9B2A-9A4C65AF3E32}.Release|x64.ActiveCfg = Release|x64
		{AE46BC0A-96F8-4D54-9B2A-9A4C65AF3E32}.Release|x64.Build.0 = Release|x64
		{AE46BC0A-96F8-4D54-9B2A-9A4C65AF3E32}.Release|x86.ActiveCfg = Release|Win32
		{AE46BC0A-96F8-4D54-9B2A-9A4C65AF3E32}.Release|x86.Build.0 = Release|Win32
		{5B7C78D0-E26C-4736-8C80-BEE5FC0E07B3}.Debug|x64.ActiveCfg = Debug|x64
		{5B7C78D0-E26C-4736-8C80-BEE5FC0E07B3}.Debug|x64.Build.0 = Debug|x64
		{5B7C78D0-E26C-4736-8C80-BEE5FC0E07B3}.Debug|x86.ActiveCfg = Debug|Win32
		{5B7C78D0-E26C-4736-8C80-BEE5FC0E07B3}.Debug|x86.Build.0 = Debug|Win32
		{5B7C78D0-E26C-4736-8C80-BEE5FC0E07B3}.Release|x64.ActiveCfg = Release|x64
		{5B7C78D0-E26C-4736-8C80-BEE5FC0E07B3}.Release|x64.Build.0 = Release|x64
		{5B7C78D0-E26C-4736-8C80-BEE5FC0E07B3}.Release|x86.ActiveCfg = Release|Win32
		{5B7C78D0-E26C-4736-8C80-BEE5FC0E07B3}.Release|x86.Build.0 = Release|Win32
		{EAEB5C44-F296-456C-BA97-EE047967C9C0}.Debug|x64.ActiveCfg = Debug|x64
		{EAEB5C44-F296-456C-BA97-EE047967C9C0}.Debug|x64.Build.0 = Debug|x64
		{EAEB5C44-F296-456C-BA97-EE047967C9C0}.Debug|x86.ActiveCfg = Debug|Win32
		{EAEB5C44-F296-456C-BA97-EE047967C9C0}.Debug|x86.Build.0 = Debug|Win32
		{EAEB5C44-F296-456C-BA97-EE047967C9C0}.Release|x64.ActiveCfg = Release|x64
		{EAEB5C44-F296-456C-BA97-EE047967C9C0}.Release|x64.Build.0 = Release|x64
		{EAEB5C44-F296-456C-BA97-EE047967C9C0}.Release|x86.ActiveCfg = Release|Win32
		{EAEB5C44-F296-456C-BA97-EE047967C9C0}.Release|x86.Build.0 = Release|Win32
		{924E31EC-1A39-4909-A516-8479C03C099A}.Debug|x64.ActiveCfg = Debug|x64
		{924E31EC-1A39-4909-A516-8479C03C099A}.Debug|x64.Build.0 = Debug|x64
		{924E31EC-1A39-4909-A516-8479C03C099A}.Debug|x86.ActiveCfg = Debug|Win32
		{924E31EC-1A39-4909-A516-8479C03C099A}.Debug|x86.Build.0 = Debug|Win32
		{924E31EC-1A39-4909-A516-8479C03C099A}.Release|x64.ActiveCfg = Release|x64
		{924E31EC-1A39-4909-A516-8479C03C099A}.Release|x64.Build.0 = Release|x64
		{924E31EC-1A39-4909-A516-8479C03C099A}.Release|x86.ActiveCfg = Release|Win32
		{924E31EC-1A39-4909-A516-8479C03C099A}.Release|x86.Build.0 = Release|Win32
		{5E8070A9-E01D-4A3B-A518-F7AF86D20C60}.Debug|x64.ActiveCfg = Debug|x64
		{5E8070A9-E01D-4A3B-A518-F7AF86D20C60}.Debug|x64.Build.0 = Debug|x64
		{5E8070A9-E01D-4A3B-A518-F7AF86D20C60}.Debug|x86.ActiveCfg = Debug|Win32
		{5E8070A9-E01D-4A3B-A518-F7AF86D20C60}.Debug|x86.Build.0 = Debug|Win32
		{5E8070A9-E01D-4A3B-A518-F7AF86D20C60}.Release|x64.ActiveCfg = Release|x64
		{5E8070A9-E01D-4A3B-A518-F7AF86D20C60}.Release|x64.Build.0 = Release|x64
		{5E8070A9-E01D-4A3B-A518-F7AF86D20C60}.Release|x86.ActiveCfg = Release|Win32
		{5E8070A9-E01D-4A3B-A518-F7AF86D20C60}.Release|x86.Build.0 = Release|Win32
		{FEF243A3-C483-4695-98C1-326AC832396A}.Debug|x64.ActiveCfg = Debug|x64
		{FEF243A3-C483-4695-98C1-326AC832396A}.Debug|x64.Build.0 = Debug|x64
		{FEF243A3-C483-4695-98C1-326AC832396A}.Debug|x86.ActiveCfg = Debug|Win32
		{FEF243A3-C483-4695-98C1-326AC832396A}.Debug|x86.Build.0 = Debug|Win32
		{FEF243A3-C483-4695-98C1-326AC832396A}.Release|x64.ActiveCfg = Release|x64
		{FEF243A3-C483-4695-98C1-326AC832396A}.Release|x64.Build.0 = Release|x64
		{FEF243A3-C483-4695-98C1-326AC832396A}.Release|x86.ActiveCfg = Release|Win32
		{FEF243A3-C483-4695-98C1-326AC832396A}.Release|x86.Build.0 = Release|Win32
		{CEA6AE91-3C8D-4541-B6A9-8E0523D2FBB7}.Debug|x64.ActiveCfg = Debug|x64
		{CEA6AE91-3C8D-4541-B6A9-8E0523D2FBB7}.Debug|x64.Build.0 = Debug|x64
		{CEA6AE91-3C8D-4541-B6A9-8E0523D2FBB7}.Debug|x86.ActiveCfg = Debug|Win32
		{CEA6AE91-3C8D-4541-B6A9-8E0523D2FBB7}.Debug|x86.Build.0 = Debug|Win32
		{CEA6AE91-3C8D-4541-B6A9-8E0523D2FBB7}.Release|x64.ActiveCfg = Release|x64
		{CEA6AE91-3C8D-4541-B6A9-8E0523D2FBB7}.Release|x64.Build.0 = Release|x64
		{CEA6AE91-3C8D-4541-B6A9-8E0523D2FBB7}.Release|x86.ActiveCfg = Release|Win32
		{CEA6AE91-3C8D-4541-B6A9-8E0523D2FBB7}.Release|x86.Build.0 = Release|Win32
		{FD7F3F96-AB9D-43CA-A00A-FF05B6B3E8DB}.Debug|x64.ActiveCfg = Debug|x64
		{FD7F3F96-AB9D-43CA-A00A-FF05B6B3E8DB}.Debug|x64.Build.0 = Debug|x64
		{FD7F3F96-AB9D-43CA-A00A-FF05B6B3E8DB}.Debug|x86.ActiveCfg = Debug|Win32
		{FD7F3F96-AB9D-43CA-A00A-FF05B6B3E8DB}.Debug|x86.Build.0 = Debug|Win32
		{FD7F3F96-AB9D-43CA-A00A-FF05B6B3E8DB}.Release|x64.ActiveCfg = Release|x64
		{FD7F3F96-AB9D-43CA-A00A-FF05B6B3E8DB}.Release|x64.Build.0 = Release|x64
		{FD7F3F96-AB9D-43CA-A00A-FF05B6B3E8DB}.Release|x86.ActiveCfg = Release|Win32
		{FD7F3F96-AB9D-43CA-A00A-FF05B6B3E8DB}.Release|x86.Build.0 = Release|Win32
		{20EA6490-4CA0-4D48-8C34-57487C9CF131}.Debug|x64.ActiveCfg = Debug|x64
		{20EA6490-4CA0-4D48-8C34-57487C9CF131}.Debug|x64.Build.0 = Debug|x64
		{20EA6490-4CA0-4D48-8C34-57487C9CF131}.Debug|x86.ActiveCfg = Debug|Win32
		{20EA6490-4CA0-4D48-8C34-57487C9CF131}.Debug|x86.Build.0 = Debug|Win32
		{20EA6490-4CA0-4D48-8C34-57487C9CF131}.Release|x64.ActiveCfg = Release|x64
		{20EA6490-4CA0-4D48-8C34-57487C9CF131}.Release|x64.Build.0 = Release|x64
		{20EA6490-4CA0-4D48-8C34-57487C9CF131}.Release|x86.ActiveCfg = Release|Win32
		{20EA6490-4CA0-4D48-8C34-57487C9CF131}.Release|x86.Build.0 = Release|Win32
		{3A4F09E2-38B0-4B59-AC53-E25E914A43A6}.Debug|x64.ActiveCfg = Debug|x64
		{3A4F09E2-38B0-4B59-AC53-E25E914A43A6}.Debug|x64.Build.0 = Debug|x64
		{3A4F09E2-38B0-4B59-AC53-E25E914A43A6}.Debug|x86.ActiveCfg = Debug|Win32
		{3A4F09E2-38B0-4B59-AC53-E25E914A43A6}.Debug|x86.Build.0 = Debug|Win32
		{3A4F09E2-38B0-4B59-AC53-E25E914A43A6}.Release|x64.ActiveCfg = Release|x64
		{3A4F09E2-38B0-4B59-AC53-E25E914A43A6}.Release|x64.Build.0 = Release|x64
		{3A4F09E2-38B0-4B59-AC53-E25E914A43A6}.Release|x86.ActiveCfg = Release|Win32
		{3A4F09E2-38B0-4B59-AC53-E25E914A43A6}.Release|x86.Build.0 = Release|Win32
		{8C9E7E76-949D-475A-9172-4A29849F8C62}.Debug|x64.ActiveCfg = Debug|x64
		{8C9E7E76-949D-475A-9172-4A29849F8C62}.Debug|x64.Build.0 = Debug|x64
		{8C9E7E76-949D-475A-9172-4A29849F8C62}.Debug|x86.ActiveCfg = Debug|Win32
		{8C9E7E76-949D-475A-9172-4A29849F8C62}.Debug|x86.Build.0 = Debug|Win32
		{8C9E7E76-949D-475A-9172-4A29849F8C62}.Release|x64.ActiveCfg = Release|x64
		{8C9E7E76-949D-475A-9172-4A29849F8C62}.Release|x64.Build.0 = Release|x64
		{8C9E7E76-949D-475A-9172-4A29849F8C62}.Release|x86.ActiveCfg = Release|Win32
		{8C9E7E76-949D-475A-9172-4A29849F8C62}.Release|x86.Build.0 = Release|Win32
		{396AC6E3-A595-4DED-B5CA-74095C825C1A}.Debug|x64.ActiveCfg = Debug|x64
		{396AC6E3-A595-4DED-B5CA-74095C825C1A}.Debug|x64.Build.0 = Debug|x64
		{396AC6E3-A595-4DED-B5CA-74095C825C1A}.Debug|x86.ActiveCfg = Debug|Win32
		{396AC6E3-A595-4DED-B5CA-74095C825C1A}.Debug|x86.Build.0 = Debug|Win32
		{396AC6E3-A595-4DED-B5CA-74095C825C1A}.Release|x64.ActiveCfg = Release|x64
		{396AC6E3-A595-4DED-B5CA-74095C825C1A}.Release|x64.Build.0 = Release|x64
		{396AC6E3-A595-4DED-B5CA-74095C825C1A}.Release|x86.ActiveCfg = Release|Win32
		{396AC6E3-A595-4DED-B5CA-74095C825C1A}.Release|x86.Build.0 = Release|Win32
		{B7945534-F4AC-4813-A067-B096817C5DFA}.Debug|x64.ActiveCfg = Debug|x64
		{B7945534-F4AC-4813-A067-B096817C5DFA}.Debug|x64.Build.0 = Debug|x64
		{B7945534-F4AC-4813-A067-B096817C5DFA}.Debug|x86.ActiveCfg = Debug|Win32
		{B7945534-F4AC-4813-A067-B096817C5DFA}.Debug|x86.Build.0 = Debug|Win32
		{B7945534-F4AC-4813-A067-B096817C5DFA}.Release|x64.ActiveCfg = Release|x64
		{B7945534-F4AC-4813-A067-B096817C5DFA}.Release|x64.Build.0 = Release|x64
		{B7945534-F4AC-4813-A067-B096817C5DFA}.Release|x86.ActiveCfg = Release|Win32
		{B7945534-F4AC-4813-A067-B096817C5DFA}.Release|x86.Build.0 = Release|Win32
		{8410F1F5-95D6-44AF-9E23-E030C975FB77}.Debug|x64.ActiveCfg = Debug|x64
		{8410F1F5-95D6-44AF-9E23-E030C975FB77}.Debug|x64.Build.0 = Debug|x64
		{8410F1F5-95D6-44AF-9E23-E030C975FB77}.Debug|x86.ActiveCfg = Debug|Win32
		{8410F1F5-95D6-44AF-9E23-E030C975FB77}.Debug|x86.Build.0 = Debug|Win32
		{8410F1F5-95D6-44AF-9E23-E030C975FB77}.Release|x64.ActiveCfg = Release|x64
		{8410F1F5-95D6-44AF-9E23-E030C975FB77}.Release|x64.Build.0 = Release|x64
		{8410F1F5-95D6-44AF-9E23-E030C975FB77}.Release|x86.ActiveCfg = Release|Win32
		{8410F1F5-95D6-44AF-9E23-E030C975FB77}.Release|x86.Build.0 = Release|Win32
		{AC801FAB-158E-4B6B-8BCE-1BFCDF5C200D}.Debug|x64.ActiveCfg = Debug|x64
		{AC801FAB-158E-4B6B-8BCE-1BFCDF5C200D}.Debug|x64.Build.0 = Debug|x64
		{AC801FAB-158E-4B6B-8BCE-1BFCDF5C200D}.Debug|x86.ActiveCfg = Debug|Win32
		{AC801FAB-158E-4B6B-8BCE-1BFCDF5C200D}.Debug|x86.Build.0 = Debug|Win32
		{AC801FAB-158E-4B6B-8BCE-1BFCDF5C200D}.Release|x64.ActiveCfg = Release|x64
		{AC801FAB-158E-4B6B-8BCE-1BFCDF5C200D}.Release|x64.Build.0 = Release|x64
		{AC801FAB-158E-4B6B-8BCE-1BFCDF5C200D}.Release|x86.ActiveCfg = Release|Win32
		{AC801FAB-158E-4B6B-8BCE-1BFCDF5C200D}.Release|x86.Build.0 = Release|Win32
		{A7589A7E-E62B-4388-A48F-15B44ACC448C}.Debug|x64.ActiveCfg = Debug|x64
		{A7589A7E-E62B-4388-A48F-15B44ACC448C}.Debug|x64.Build.0 = Debug|x64
		{A7589A7E-E62B-4388-A48F-15B44ACC448C}.Debug|x86.ActiveCfg = Debug|Win32
		{A7589A7E-E62B-4388-A48F-15B44ACC448C}.Debug|x86.Build.0 = Debug|Win32
		{A7589A7E-E62B-4388-A48F-15B44ACC448C}.Release|x64.ActiveCfg = Release|x64
		{A7589A7E-E62B-4388-A48F-15B44ACC448C}.Release|x64.Build.0 = Release|x64
		{A7589A7E-E62B-4388-A48F-15B44ACC448C}.Release|x86.ActiveCfg = Release|Win32
		{A7589A7E-E62B-4388-A48F-15B44ACC448C}.Release|x86.Build.0 = Release|Win32
		{71772D07-E428-47D0-BA95-987B159CB55D}.Debug|x64.ActiveCfg = Debug|x64
		{71772D07-E428-47D0-BA95-987B159CB55D}.Debug|x64.Build.0 = Debug|x64
		{71772D07-E428-47D0-BA95-987B159CB55D}.Debug|x86.ActiveCfg = Debug|Win32
		{71772D07-E428-47D0-BA95-987B159CB55D}.Debug|x86.Build.0 = Debug|Win32
		{71772D07-E428-47D0-BA95-987B159CB55D}.Release|x64.ActiveCfg = Release|x64
		{71772D07-E428-47D0-BA95-987B159CB55D}.Release|x64.Build.0 = Release|x64
		{71772D07-E428-47D0-BA95-987B159CB55D}.Release|x86.ActiveCfg = Release|Win32
		{71772D07-E428-47D0-BA95-987B159CB55D}.Release|x86.Build.0 = Release|Win32
		{59C2D5D6-41B2-4E27-B090-7B3F6ECF533F}.Debug|x64.ActiveCfg = Debug|x64
		{59C2D5D6-41B2-4E27-B090-7B3F6ECF533F}.Debug|x64.Build.0 = Debug|x64
		{59C2D5D6-41B2-4E27-B090-7B3F6ECF533F}.Debug|x86.ActiveCfg = Debug|Win32
		{59C2D5D6-41B2-4E27-B090-7B3F6ECF533F}.Debug|x86.Build.0 = Debug|Win32
		{59C2D5D6-41B2-4E27-B090-7B3F6ECF533F}.Release|x64.ActiveCfg = Release|x64
		{59C2D5D6-41B2-4E27-B090-7B3F6ECF533F}.Release|x64.Build.0 = Release|x64
		{59C2D5D6-41B2-4E27-B090-7B3F6ECF533F}.Release|x86.ActiveCfg = Release|Win32
		{59C2D5D6-41B2-4E27-B090-7B3F6ECF533F}.Release|x86.Build.0 = Release|Win32
		{9B7F1B55-34EC-448E-981F-1DF5BAD615E7}.Debug|x64.ActiveCfg = Debug|x64
		{9B7F1B55-34EC-448E-981F-1DF5BAD615E7}.Debug|x64.Build.0 = Debug|x64
		{9B7F1B55-34EC-448E-981F-1DF5BAD615E7}.Debug|x86.ActiveCfg = Debug|Win32
		{9B7F1B55-34EC-448E-981F-1DF5BAD615E7}.Debug|x86.Build.0 = Debug|Win32
		{9B7F1B55-34EC-448E-981F-1DF5BAD615E7}.Release|x64.ActiveCfg = Release|x64
		{9B7F1B55-34EC-448E-981F-1DF5BAD615E7}.Release|x64.Build.0 = Release|x64
		{9B7F1B55-34EC-448E-981F-1DF5BAD615E7}.Release|x86.ActiveCfg = Release|Win32
		{9B7F1B55-34EC-448E-981F-1DF5BAD615E7}.Release|x86.Build.0 = Release|Win32
		{EA0AA2E7-7EE4-49D7-A279-3ECD1389F380}.Debug|x64.ActiveCfg = Debug|x64
		{EA0AA2E7-7EE4-49D7-A279-3ECD1389F380}.Debug|x64.Build.0 = Debug|x64
		{EA0AA2E7-7EE4-49D7-A279-3ECD1389F380}.Debug|x86.ActiveCfg = Debug|Win32
		{EA0AA2E7-7EE4-49D7-A279-3ECD1389F380}.Debug|x86.Build.0 = Debug|Win32
		{EA0AA2E7-7EE4-49D7-A279-3ECD1389F380}.Release|x64.ActiveCfg = Release|x64
		{EA0AA2E7-7EE4-49D7-A279-3ECD1389F380}.Release|x64.Build.0 = Release|x64
		{EA0AA2E7-7EE4-49D7-A279-3ECD1389F380}.Release|x86.ActiveCfg = Release|Win32
		{EA0AA2E7-7EE4-49D7-A279-3ECD1389F380}.Release|x86.Build.0 = Release|Win32
		{7D9CF459-5CAE-4C25-A3E1-F82BE7E6818D}.Debug|x64.ActiveCfg = Debug|x64
		{7D9CF459-5CAE-4C25-A3E1-F82BE7E6818D}.Debug|x64.Build.0 = Debug|x64
		{7D9CF459-5CAE-4C25-A3E1-F82BE7E6818D}.Debug|x86.ActiveCfg = Debug|Win32
		{7D9CF459-5CAE-4C25-A3E1-F82BE7E6818D}.Debug|x86.Build.0 = Debug|Win32
		{7D9CF459-5CAE-4C25-A3E1-F82BE7E6818D}.Release|x64.ActiveCfg = Release|x64
		{7D9CF459-5CAE-4C25-A3E1-F82BE7E6818D}.Release|x64.Build.0 = Release|x64
		{7D9CF459-5CAE-4C25-A3E1-F82BE7E6818D}.Release|x86.ActiveCfg = Release|Win32
		{7D9CF459-5CAE-4C25-A3E1-F82BE7E6818D}.Release|x86.Build.0 = Release|Win32
		{606BFECB-F088-41A3-B669-1C74C310DDB0}.Debug|x64.ActiveCfg = Debug|x64
		{606BFECB-F088-41A3-B669-1C74C310DDB0}.Debug|x64.Build.0 = Debug|x64
		{606BFECB-F088-41A3-B669-1C74C310DDB0}.Debug|x86.ActiveCfg = Debug|Win32
		{606BFECB-F088-41A3-B669-1C74C310DDB0}.Debug|x86.Build.0 = Debug|Win32
		{606BFECB-F088-41A3-B669-1C74C310DDB0}.Release|x64.ActiveCfg = Release|x64
		{606BFECB-F088-41A3-B669-1C74C310DDB0}.Release|x64.Build.0 = Release|x64
		{606BFECB-F088-41A3-B669-1C74C310DDB0}.Release|x86.ActiveCfg = Release|Win32
		{606BFECB-F088-41A3-B669-1C74C310DDB0}.Release|x86.Build.0 = Release|Win32
		{1A3BAAF2-86EC-4BEE-A4C2-993ECFA49DAF}.Debug|x64.ActiveCfg = Debug|x64
		{1A3BAAF2-86EC-4BEE-A4C2-993ECFA49DAF}.Debug|x64.Build.0 = Debug|x64
		{1A3BAAF2-86EC-4BEE-A4C2-993ECFA49DAF}.Debug|x86.ActiveCfg = Debug|Win32
		{1A3BAAF2-86EC-4BEE-A4C2-993ECFA49DAF}.Debug|x86.Build.0 = Debug|Win32
		{1A3BAAF2-86EC-4BEE-A4C2-993ECFA49DAF}.Release|x64.ActiveCfg = Release|x64
		{1A3BAAF2-86EC-4BEE-A4C2-993ECFA49DAF}.Release|x64.Build.0 = Release|x64
		{1A3BAAF2-86EC-4BEE-A4C2-993ECFA49DAF}.Release|x86.ActiveCfg = Release|Win32
		{1A3BAAF2-86EC-4BEE-A4C2-993ECFA49DAF}.Release|x86.Build.0 = Release|Win32
		{977AEA45-2A88-4815-AF9D-A6ED6F447487}.Debug|x64.ActiveCfg = Debug|x64
		{977AEA45-2A88-4815-AF9D-A6ED6F447487}.Debug|x64.Build.0 = Debug|x64
		{977AEA45-2A88-4815-AF9D-A6ED6F447487}.Debug|x86.ActiveCfg = Debug|Win32
		{977AEA45-2A88-4815-AF9D-A6ED6F447487}.Debug|x86.Build.0 = Debug|Win32
		{977AEA45-2A88-4815-AF9D-A6ED6F447487}.Release|x64.ActiveCfg = Release|x64
		{977AEA45-2A88-4815-AF9D-A6ED6F447487}.Release|x64.Build.0 = Release|x64
		{977AEA45-2A88-4815-AF9D-A6ED6F447487}.Release|x86.ActiveCfg = Release|Win32
		{977AEA45-2A88-4815-AF9D-A6ED6F447487}.Release|x86.Build.0 = Release|Win32
		{679273AF-EA8C-429C-BEF6-5BE48B86804C}.Debug|x64.ActiveCfg = Debug|x64
		{679273AF-EA8C-429C-BEF6-5BE48B86804C}.Debug|x64.Build.0 = Debug|x64
		{679273AF-EA8C-429C-BEF6-5BE48B86804C}.Debug|x86.ActiveCfg = Debug|Win32
		{679273AF-EA8C-429C-BEF6-5BE48B86804C}.Debug|x86.Build.0 = Debug|Win32
		{679273AF-EA8C-429C-BEF6-5BE48B86804C}.Release|x64.ActiveCfg = Release|x64
		{679273AF-EA8C-429C-BEF6-5BE48B86804C}.Release|x64.Build.0 = Release|x64
		{679273AF-EA8C-429C-BEF6-5BE48B86804C}.Release|x86.ActiveCfg = Release|Win32
		{679273AF-EA8C-429C-BEF6-5BE48B86804C}.Release|x86.Build.0 = Release|Win32
		{05ABAFA2-F4E5-4145-AE5E-EBBB74184B58}.Debug|x64.ActiveCfg = Debug|x64
		{05ABAFA2-F4E5-4145-AE5E-EBBB74184B58}.Debug|x64.Build.0 = Debug|x64
		{05ABAFA2-F4E5-4145-AE5E-EBBB74184B58}.Debug|x86.ActiveCfg = Debug|Win32
		{05ABAFA2-F4E5-4145-AE5E-EBBB74184B58}.Debug|x86.Build.0 = Debug|Win32
		{05ABAFA2-F4E5-4145-AE5E-EBBB74184B58}.Release|x64.ActiveCfg = Release|x64
		{05ABAFA2-F4E5-4145-AE5E-EBBB74184B58}.Release|x64.Build.0 = Release|x64
		{05ABAFA2-F4E5-4145-AE5E-EBBB74184B58}.Release|x86.ActiveCfg = Release|Win32
		{05ABAFA2-F4E5-4145-AE5E-EBBB74184B58}.Release|x86.Build.0 = Release|Win32
		{30E72470-611A-421B-A1A6-EA8FB1E1FBC1}.Debug|x64.ActiveCfg = Debug|x64
		{30E72470-611A-421B-A1A6-EA8FB1E1FBC1}.Debug|x64.Build.0 = Debug|x64
		{30E72470-611A-421B-A1A6-EA8FB1E1FBC1}.Debug|x86.ActiveCfg = Debug|Win32
		{30E72470-611A-421B-A1A6-EA8FB1E1FBC1}.Debug|x86.Build.0 = Debug|Win32
		{30E72470-611A-421B-A1A6-EA8FB1E1FBC1}.Release|x64.ActiveCfg = Release|x64
		{30E72470-611A-421B-A1A6-EA8FB1E1FBC1}.Release|x64.Build.0 = Release|x64
		{30E72470-611A-421B-A1A6-EA8FB1E1FBC1}.Release|x86.ActiveCfg = Release|Win32
		{30E72470-611A-421B-A1A6-EA8FB1E1FBC1}.Release|x86.Build.0 = Release|Win32
		{5BBAA338-544E-4D98-8626-11DC5313CF06}.Debug|x64.ActiveCfg = Debug|x64
		{5BBAA338-544E-4D98-8626-11DC5313CF06}.Debug|x64.Build.0 = Debug|x64
		{5BBAA338-544E-4D98-8626-11DC5313CF06}.Debug|x86.ActiveCfg = Debug|Win32
		{5BBAA338-544E-4D98-8626-11DC5313CF06}.Debug|x86.Build.0 = Debug|Win32
		{5BBAA338-544E-4D98-8626-11DC5313CF06}.Release|x64.ActiveCfg = Release|x64
		{5BBAA338-544E-4D98-8626-11DC5313CF06}.Release|x64.Build.0 = Release|x64
		{5BBAA338-544E-4D98-8626-11DC5313CF06}.Release|x86.ActiveCfg = Release|Win32
		{5BBAA338-544E-4D98-8626-11DC5313CF06}.Release|x86.Build.0 = Release|Win32
		{7FA54B94-EABC-4E32-8F23-B3776A33D4C1}.Debug|x64.ActiveCfg = Debug|x64
		{7FA54B94-EABC-4E32-8F23-B3776A33D4C1}.Debug|x64.Build.0 = Debug|x64
		{7FA54B94-EABC-4E32-8F23-B3776A33D4C1}.Debug|x86.ActiveCfg = Debug|Win32
		{7FA54B94-EABC-4E32-8F23-B3776A33D4C1}.Debug|x86.Build.0 = Debug|Win32
		{7FA54B94-EABC-4E32-8F23-B3776A33D4C1}.Release|x64.ActiveCfg = Release|x64
		{7FA54B94-EABC-4E32-8F23-B3776A33D4C1}.Release|x64.Build.0 = Release|x64
		{7FA54B94-EABC-4E32-8F23-B3776A33D4C1}.Release|x86.ActiveCfg = Release|Win32
		{7FA54B94-EABC-4E32-8F23-B3776A33D4C1}.Release|x86.Build.0 = Release|Win32
		{BAB45ABB-2037-4338-891D-703CB55E36FB}.Debug|x64.ActiveCfg = Debug|x64
		{BAB45ABB-2037-4338-891D-703CB55E36FB}.Debug|x64.Build.0 = Debug|x64
		{BAB45ABB-2037-4338-891D-703CB55E36FB}.Debug|x86.ActiveCfg = Debug|Win32
		{BAB45ABB-2037-4338-891D-703CB55E36FB}.Debug|x86.Build.0 = Debug|Win32
		{BAB45ABB-2037-4338-891D-703CB55E36FB}.Release|x64.ActiveCfg = Release|x64
		{BAB45ABB-2037-4338-891D-703CB55E36FB}.Release|x64.Build.0 = Release|x64
		{BAB45ABB-2037-4338-891D-703CB55E36FB}.Release|x86.ActiveCfg = Release|Win32
		{BAB45ABB-2037-4338-891D-703CB55E36FB}.Release|x86.Build.0 = Release|Win32
		{1A3A61FA-B3A8-4C76-976A-FB9881E50D3E}.Debug|x64.ActiveCfg = Debug|x64
		{1A3A61FA-B3A8-4C76-976A-FB9881E50D3E}.Debug|x64.Build.0 = Debug|x64
		{1A3A61FA-B3A8-4C76-976A-FB9881E50D3E}.Debug|x86.ActiveCfg = Debug|Win32
		{1A3A61FA-B3A8-4C76-976A-FB9881E50D3E}.Debug|x86.Build.0 = Debug|Win32
		{1A3A61FA-B3A8-4C76-976A-FB9881E50D3E}.Release|x64.ActiveCfg = Release|x64
		{1A3A61FA-B3A8-4C76-976A-FB9881E50D3E}.Release|x64.Build.0 = Release|x64
		{1A3A61FA-B3A8-4C76-976A-FB9881E50D3E}.Release|x86.ActiveCfg = Release|Win32
		{1A3A61FA-B3A8-4C76-976A-FB9881E50D3E}.Release|x86.Build.0 = Release|Win32
	EndGlobalSection
	GlobalSection(SolutionProperties) = preSolution
		HideSolutionNode = FALSE
	EndGlobalSection
	GlobalSection(ExtensibilityGlobals) = postSolution
		SolutionGuid = {D2D1C223-D7E2-485B-9172-7EC619428206}
	EndGlobalSection
EndGlobal
